
Microsoft Visual Studio Solution File, Format Version 12.00
# Visual Studio 15
VisualStudioVersion = 15.0.28307.329
MinimumVisualStudioVersion = 10.0.40219.1
Project("{FAE04EC0-301F-11D3-BF4B-00C04F79EFBC}") = "LoanPayoff.Android", "LoanPayoff\LoanPayoff.Android\LoanPayoff.Android.csproj", "{E8412A59-0DCA-4741-8482-E8EFACA340A7}"
EndProject
Project("{FAE04EC0-301F-11D3-BF4B-00C04F79EFBC}") = "LoanPayoff.iOS", "LoanPayoff\LoanPayoff.iOS\LoanPayoff.iOS.csproj", "{D181F964-5F0A-4F9E-B4DA-ED0945C19885}"
EndProject
Project("{FAE04EC0-301F-11D3-BF4B-00C04F79EFBC}") = "LoanPayoff.UWP", "LoanPayoff\LoanPayoff.UWP\LoanPayoff.UWP.csproj", "{18F058CD-C04A-4CBF-B7B0-664E3328B10F}"
EndProject
Project("{FAE04EC0-301F-11D3-BF4B-00C04F79EFBC}") = "LoanPayoff", "LoanPayoff\LoanPayoff\LoanPayoff.csproj", "{FB608632-9F6C-4831-A845-31B817E618E3}"
EndProject
Global
	GlobalSection(SolutionConfigurationPlatforms) = preSolution
		Ad-Hoc|Any CPU = Ad-Hoc|Any CPU
		Ad-Hoc|ARM = Ad-Hoc|ARM
		Ad-Hoc|iPhone = Ad-Hoc|iPhone
		Ad-Hoc|iPhoneSimulator = Ad-Hoc|iPhoneSimulator
		Ad-Hoc|x64 = Ad-Hoc|x64
		Ad-Hoc|x86 = Ad-Hoc|x86
		AppStore|Any CPU = AppStore|Any CPU
		AppStore|ARM = AppStore|ARM
		AppStore|iPhone = AppStore|iPhone
		AppStore|iPhoneSimulator = AppStore|iPhoneSimulator
		AppStore|x64 = AppStore|x64
		AppStore|x86 = AppStore|x86
		Debug|Any CPU = Debug|Any CPU
		Debug|ARM = Debug|ARM
		Debug|iPhone = Debug|iPhone
		Debug|iPhoneSimulator = Debug|iPhoneSimulator
		Debug|x64 = Debug|x64
		Debug|x86 = Debug|x86
		Release|Any CPU = Release|Any CPU
		Release|ARM = Release|ARM
		Release|iPhone = Release|iPhone
		Release|iPhoneSimulator = Release|iPhoneSimulator
		Release|x64 = Release|x64
		Release|x86 = Release|x86
	EndGlobalSection
	GlobalSection(ProjectConfigurationPlatforms) = postSolution
		{E8412A59-0DCA-4741-8482-E8EFACA340A7}.Ad-Hoc|Any CPU.ActiveCfg = Release|Any CPU
		{E8412A59-0DCA-4741-8482-E8EFACA340A7}.Ad-Hoc|Any CPU.Build.0 = Release|Any CPU
		{E8412A59-0DCA-4741-8482-E8EFACA340A7}.Ad-Hoc|Any CPU.Deploy.0 = Release|Any CPU
		{E8412A59-0DCA-4741-8482-E8EFACA340A7}.Ad-Hoc|ARM.ActiveCfg = Release|Any CPU
		{E8412A59-0DCA-4741-8482-E8EFACA340A7}.Ad-Hoc|ARM.Build.0 = Release|Any CPU
		{E8412A59-0DCA-4741-8482-E8EFACA340A7}.Ad-Hoc|ARM.Deploy.0 = Release|Any CPU
		{E8412A59-0DCA-4741-8482-E8EFACA340A7}.Ad-Hoc|iPhone.ActiveCfg = Release|Any CPU
		{E8412A59-0DCA-4741-8482-E8EFACA340A7}.Ad-Hoc|iPhone.Build.0 = Release|Any CPU
		{E8412A59-0DCA-4741-8482-E8EFACA340A7}.Ad-Hoc|iPhone.Deploy.0 = Release|Any CPU
		{E8412A59-0DCA-4741-8482-E8EFACA340A7}.Ad-Hoc|iPhoneSimulator.ActiveCfg = Release|Any CPU
		{E8412A59-0DCA-4741-8482-E8EFACA340A7}.Ad-Hoc|iPhoneSimulator.Build.0 = Release|Any CPU
		{E8412A59-0DCA-4741-8482-E8EFACA340A7}.Ad-Hoc|iPhoneSimulator.Deploy.0 = Release|Any CPU
		{E8412A59-0DCA-4741-8482-E8EFACA340A7}.Ad-Hoc|x64.ActiveCfg = Release|Any CPU
		{E8412A59-0DCA-4741-8482-E8EFACA340A7}.Ad-Hoc|x64.Build.0 = Release|Any CPU
		{E8412A59-0DCA-4741-8482-E8EFACA340A7}.Ad-Hoc|x64.Deploy.0 = Release|Any CPU
		{E8412A59-0DCA-4741-8482-E8EFACA340A7}.Ad-Hoc|x86.ActiveCfg = Release|Any CPU
		{E8412A59-0DCA-4741-8482-E8EFACA340A7}.Ad-Hoc|x86.Build.0 = Release|Any CPU
		{E8412A59-0DCA-4741-8482-E8EFACA340A7}.Ad-Hoc|x86.Deploy.0 = Release|Any CPU
		{E8412A59-0DCA-4741-8482-E8EFACA340A7}.AppStore|Any CPU.ActiveCfg = Release|Any CPU
		{E8412A59-0DCA-4741-8482-E8EFACA340A7}.AppStore|Any CPU.Build.0 = Release|Any CPU
		{E8412A59-0DCA-4741-8482-E8EFACA340A7}.AppStore|Any CPU.Deploy.0 = Release|Any CPU
		{E8412A59-0DCA-4741-8482-E8EFACA340A7}.AppStore|ARM.ActiveCfg = Release|Any CPU
		{E8412A59-0DCA-4741-8482-E8EFACA340A7}.AppStore|ARM.Build.0 = Release|Any CPU
		{E8412A59-0DCA-4741-8482-E8EFACA340A7}.AppStore|ARM.Deploy.0 = Release|Any CPU
		{E8412A59-0DCA-4741-8482-E8EFACA340A7}.AppStore|iPhone.ActiveCfg = Release|Any CPU
		{E8412A59-0DCA-4741-8482-E8EFACA340A7}.AppStore|iPhone.Build.0 = Release|Any CPU
		{E8412A59-0DCA-4741-8482-E8EFACA340A7}.AppStore|iPhone.Deploy.0 = Release|Any CPU
		{E8412A59-0DCA-4741-8482-E8EFACA340A7}.AppStore|iPhoneSimulator.ActiveCfg = Release|Any CPU
		{E8412A59-0DCA-4741-8482-E8EFACA340A7}.AppStore|iPhoneSimulator.Build.0 = Release|Any CPU
		{E8412A59-0DCA-4741-8482-E8EFACA340A7}.AppStore|iPhoneSimulator.Deploy.0 = Release|Any CPU
		{E8412A59-0DCA-4741-8482-E8EFACA340A7}.AppStore|x64.ActiveCfg = Release|Any CPU
		{E8412A59-0DCA-4741-8482-E8EFACA340A7}.AppStore|x64.Build.0 = Release|Any CPU
		{E8412A59-0DCA-4741-8482-E8EFACA340A7}.AppStore|x64.Deploy.0 = Release|Any CPU
		{E8412A59-0DCA-4741-8482-E8EFACA340A7}.AppStore|x86.ActiveCfg = Release|Any CPU
		{E8412A59-0DCA-4741-8482-E8EFACA340A7}.AppStore|x86.Build.0 = Release|Any CPU
		{E8412A59-0DCA-4741-8482-E8EFACA340A7}.AppStore|x86.Deploy.0 = Release|Any CPU
		{E8412A59-0DCA-4741-8482-E8EFACA340A7}.Debug|Any CPU.ActiveCfg = Debug|Any CPU
		{E8412A59-0DCA-4741-8482-E8EFACA340A7}.Debug|Any CPU.Build.0 = Debug|Any CPU
		{E8412A59-0DCA-4741-8482-E8EFACA340A7}.Debug|Any CPU.Deploy.0 = Debug|Any CPU
		{E8412A59-0DCA-4741-8482-E8EFACA340A7}.Debug|ARM.ActiveCfg = Debug|Any CPU
		{E8412A59-0DCA-4741-8482-E8EFACA340A7}.Debug|ARM.Build.0 = Debug|Any CPU
		{E8412A59-0DCA-4741-8482-E8EFACA340A7}.Debug|ARM.Deploy.0 = Debug|Any CPU
		{E8412A59-0DCA-4741-8482-E8EFACA340A7}.Debug|iPhone.ActiveCfg = Debug|Any CPU
		{E8412A59-0DCA-4741-8482-E8EFACA340A7}.Debug|iPhone.Build.0 = Debug|Any CPU
		{E8412A59-0DCA-4741-8482-E8EFACA340A7}.Debug|iPhone.Deploy.0 = Debug|Any CPU
		{E8412A59-0DCA-4741-8482-E8EFACA340A7}.Debug|iPhoneSimulator.ActiveCfg = Debug|Any CPU
		{E8412A59-0DCA-4741-8482-E8EFACA340A7}.Debug|iPhoneSimulator.Build.0 = Debug|Any CPU
		{E8412A59-0DCA-4741-8482-E8EFACA340A7}.Debug|iPhoneSimulator.Deploy.0 = Debug|Any CPU
		{E8412A59-0DCA-4741-8482-E8EFACA340A7}.Debug|x64.ActiveCfg = Debug|Any CPU
		{E8412A59-0DCA-4741-8482-E8EFACA340A7}.Debug|x64.Build.0 = Debug|Any CPU
		{E8412A59-0DCA-4741-8482-E8EFACA340A7}.Debug|x64.Deploy.0 = Debug|Any CPU
		{E8412A59-0DCA-4741-8482-E8EFACA340A7}.Debug|x86.ActiveCfg = Debug|Any CPU
		{E8412A59-0DCA-4741-8482-E8EFACA340A7}.Debug|x86.Build.0 = Debug|Any CPU
		{E8412A59-0DCA-4741-8482-E8EFACA340A7}.Debug|x86.Deploy.0 = Debug|Any CPU
		{E8412A59-0DCA-4741-8482-E8EFACA340A7}.Release|Any CPU.ActiveCfg = Release|Any CPU
		{E8412A59-0DCA-4741-8482-E8EFACA340A7}.Release|Any CPU.Build.0 = Release|Any CPU
		{E8412A59-0DCA-4741-8482-E8EFACA340A7}.Release|Any CPU.Deploy.0 = Release|Any CPU
		{E8412A59-0DCA-4741-8482-E8EFACA340A7}.Release|ARM.ActiveCfg = Release|Any CPU
		{E8412A59-0DCA-4741-8482-E8EFACA340A7}.Release|ARM.Build.0 = Release|Any CPU
		{E8412A59-0DCA-4741-8482-E8EFACA340A7}.Release|ARM.Deploy.0 = Release|Any CPU
		{E8412A59-0DCA-4741-8482-E8EFACA340A7}.Release|iPhone.ActiveCfg = Release|Any CPU
		{E8412A59-0DCA-4741-8482-E8EFACA340A7}.Release|iPhone.Build.0 = Release|Any CPU
		{E8412A59-0DCA-4741-8482-E8EFACA340A7}.Release|iPhone.Deploy.0 = Release|Any CPU
		{E8412A59-0DCA-4741-8482-E8EFACA340A7}.Release|iPhoneSimulator.ActiveCfg = Release|Any CPU
		{E8412A59-0DCA-4741-8482-E8EFACA340A7}.Release|iPhoneSimulator.Build.0 = Release|Any CPU
		{E8412A59-0DCA-4741-8482-E8EFACA340A7}.Release|iPhoneSimulator.Deploy.0 = Release|Any CPU
		{E8412A59-0DCA-4741-8482-E8EFACA340A7}.Release|x64.ActiveCfg = Release|Any CPU
		{E8412A59-0DCA-4741-8482-E8EFACA340A7}.Release|x64.Build.0 = Release|Any CPU
		{E8412A59-0DCA-4741-8482-E8EFACA340A7}.Release|x64.Deploy.0 = Release|Any CPU
		{E8412A59-0DCA-4741-8482-E8EFACA340A7}.Release|x86.ActiveCfg = Release|Any CPU
		{E8412A59-0DCA-4741-8482-E8EFACA340A7}.Release|x86.Build.0 = Release|Any CPU
		{E8412A59-0DCA-4741-8482-E8EFACA340A7}.Release|x86.Deploy.0 = Release|Any CPU
		{D181F964-5F0A-4F9E-B4DA-ED0945C19885}.Ad-Hoc|Any CPU.ActiveCfg = Ad-Hoc|iPhone
		{D181F964-5F0A-4F9E-B4DA-ED0945C19885}.Ad-Hoc|Any CPU.Build.0 = Ad-Hoc|iPhone
		{D181F964-5F0A-4F9E-B4DA-ED0945C19885}.Ad-Hoc|Any CPU.Deploy.0 = Ad-Hoc|iPhone
		{D181F964-5F0A-4F9E-B4DA-ED0945C19885}.Ad-Hoc|ARM.ActiveCfg = Ad-Hoc|iPhone
		{D181F964-5F0A-4F9E-B4DA-ED0945C19885}.Ad-Hoc|ARM.Build.0 = Ad-Hoc|iPhone
		{D181F964-5F0A-4F9E-B4DA-ED0945C19885}.Ad-Hoc|ARM.Deploy.0 = Ad-Hoc|iPhone
		{D181F964-5F0A-4F9E-B4DA-ED0945C19885}.Ad-Hoc|iPhone.ActiveCfg = Ad-Hoc|iPhone
		{D181F964-5F0A-4F9E-B4DA-ED0945C19885}.Ad-Hoc|iPhone.Build.0 = Ad-Hoc|iPhone
		{D181F964-5F0A-4F9E-B4DA-ED0945C19885}.Ad-Hoc|iPhone.Deploy.0 = Ad-Hoc|iPhone
		{D181F964-5F0A-4F9E-B4DA-ED0945C19885}.Ad-Hoc|iPhoneSimulator.ActiveCfg = Ad-Hoc|iPhoneSimulator
		{D181F964-5F0A-4F9E-B4DA-ED0945C19885}.Ad-Hoc|iPhoneSimulator.Build.0 = Ad-Hoc|iPhoneSimulator
		{D181F964-5F0A-4F9E-B4DA-ED0945C19885}.Ad-Hoc|iPhoneSimulator.Deploy.0 = Ad-Hoc|iPhoneSimulator
		{D181F964-5F0A-4F9E-B4DA-ED0945C19885}.Ad-Hoc|x64.ActiveCfg = Ad-Hoc|iPhone
		{D181F964-5F0A-4F9E-B4DA-ED0945C19885}.Ad-Hoc|x64.Build.0 = Ad-Hoc|iPhone
		{D181F964-5F0A-4F9E-B4DA-ED0945C19885}.Ad-Hoc|x64.Deploy.0 = Ad-Hoc|iPhone
		{D181F964-5F0A-4F9E-B4DA-ED0945C19885}.Ad-Hoc|x86.ActiveCfg = Ad-Hoc|iPhone
		{D181F964-5F0A-4F9E-B4DA-ED0945C19885}.Ad-Hoc|x86.Build.0 = Ad-Hoc|iPhone
		{D181F964-5F0A-4F9E-B4DA-ED0945C19885}.Ad-Hoc|x86.Deploy.0 = Ad-Hoc|iPhone
		{D181F964-5F0A-4F9E-B4DA-ED0945C19885}.AppStore|Any CPU.ActiveCfg = AppStore|iPhone
		{D181F964-5F0A-4F9E-B4DA-ED0945C19885}.AppStore|Any CPU.Build.0 = AppStore|iPhone
		{D181F964-5F0A-4F9E-B4DA-ED0945C19885}.AppStore|Any CPU.Deploy.0 = AppStore|iPhone
		{D181F964-5F0A-4F9E-B4DA-ED0945C19885}.AppStore|ARM.ActiveCfg = AppStore|iPhone
		{D181F964-5F0A-4F9E-B4DA-ED0945C19885}.AppStore|ARM.Build.0 = AppStore|iPhone
		{D181F964-5F0A-4F9E-B4DA-ED0945C19885}.AppStore|ARM.Deploy.0 = AppStore|iPhone
		{D181F964-5F0A-4F9E-B4DA-ED0945C19885}.AppStore|iPhone.ActiveCfg = AppStore|iPhone
		{D181F964-5F0A-4F9E-B4DA-ED0945C19885}.AppStore|iPhone.Build.0 = AppStore|iPhone
		{D181F964-5F0A-4F9E-B4DA-ED0945C19885}.AppStore|iPhone.Deploy.0 = AppStore|iPhone
		{D181F964-5F0A-4F9E-B4DA-ED0945C19885}.AppStore|iPhoneSimulator.ActiveCfg = AppStore|iPhoneSimulator
		{D181F964-5F0A-4F9E-B4DA-ED0945C19885}.AppStore|iPhoneSimulator.Build.0 = AppStore|iPhoneSimulator
		{D181F964-5F0A-4F9E-B4DA-ED0945C19885}.AppStore|iPhoneSimulator.Deploy.0 = AppStore|iPhoneSimulator
		{D181F964-5F0A-4F9E-B4DA-ED0945C19885}.AppStore|x64.ActiveCfg = AppStore|iPhone
		{D181F964-5F0A-4F9E-B4DA-ED0945C19885}.AppStore|x64.Build.0 = AppStore|iPhone
		{D181F964-5F0A-4F9E-B4DA-ED0945C19885}.AppStore|x64.Deploy.0 = AppStore|iPhone
		{D181F964-5F0A-4F9E-B4DA-ED0945C19885}.AppStore|x86.ActiveCfg = AppStore|iPhone
		{D181F964-5F0A-4F9E-B4DA-ED0945C19885}.AppStore|x86.Build.0 = AppStore|iPhone
		{D181F964-5F0A-4F9E-B4DA-ED0945C19885}.AppStore|x86.Deploy.0 = AppStore|iPhone
		{D181F964-5F0A-4F9E-B4DA-ED0945C19885}.Debug|Any CPU.ActiveCfg = Debug|iPhoneSimulator
		{D181F964-5F0A-4F9E-B4DA-ED0945C19885}.Debug|Any CPU.Build.0 = Debug|iPhoneSimulator
		{D181F964-5F0A-4F9E-B4DA-ED0945C19885}.Debug|Any CPU.Deploy.0 = Debug|iPhoneSimulator
		{D181F964-5F0A-4F9E-B4DA-ED0945C19885}.Debug|ARM.ActiveCfg = Debug|iPhone
		{D181F964-5F0A-4F9E-B4DA-ED0945C19885}.Debug|ARM.Build.0 = Debug|iPhone
		{D181F964-5F0A-4F9E-B4DA-ED0945C19885}.Debug|ARM.Deploy.0 = Debug|iPhone
		{D181F964-5F0A-4F9E-B4DA-ED0945C19885}.Debug|iPhone.ActiveCfg = Debug|iPhone
		{D181F964-5F0A-4F9E-B4DA-ED0945C19885}.Debug|iPhone.Build.0 = Debug|iPhone
		{D181F964-5F0A-4F9E-B4DA-ED0945C19885}.Debug|iPhone.Deploy.0 = Debug|iPhone
		{D181F964-5F0A-4F9E-B4DA-ED0945C19885}.Debug|iPhoneSimulator.ActiveCfg = Debug|iPhoneSimulator
		{D181F964-5F0A-4F9E-B4DA-ED0945C19885}.Debug|iPhoneSimulator.Build.0 = Debug|iPhoneSimulator
		{D181F964-5F0A-4F9E-B4DA-ED0945C19885}.Debug|iPhoneSimulator.Deploy.0 = Debug|iPhoneSimulator
		{D181F964-5F0A-4F9E-B4DA-ED0945C19885}.Debug|x64.ActiveCfg = Debug|iPhone
		{D181F964-5F0A-4F9E-B4DA-ED0945C19885}.Debug|x64.Build.0 = Debug|iPhone
		{D181F964-5F0A-4F9E-B4DA-ED0945C19885}.Debug|x64.Deploy.0 = Debug|iPhone
		{D181F964-5F0A-4F9E-B4DA-ED0945C19885}.Debug|x86.ActiveCfg = Debug|iPhone
		{D181F964-5F0A-4F9E-B4DA-ED0945C19885}.Debug|x86.Build.0 = Debug|iPhone
		{D181F964-5F0A-4F9E-B4DA-ED0945C19885}.Debug|x86.Deploy.0 = Debug|iPhone
		{D181F964-5F0A-4F9E-B4DA-ED0945C19885}.Release|Any CPU.ActiveCfg = Release|iPhone
		{D181F964-5F0A-4F9E-B4DA-ED0945C19885}.Release|Any CPU.Build.0 = Release|iPhone
		{D181F964-5F0A-4F9E-B4DA-ED0945C19885}.Release|Any CPU.Deploy.0 = Release|iPhone
		{D181F964-5F0A-4F9E-B4DA-ED0945C19885}.Release|ARM.ActiveCfg = Release|iPhone
		{D181F964-5F0A-4F9E-B4DA-ED0945C19885}.Release|ARM.Build.0 = Release|iPhone
		{D181F964-5F0A-4F9E-B4DA-ED0945C19885}.Release|ARM.Deploy.0 = Release|iPhone
		{D181F964-5F0A-4F9E-B4DA-ED0945C19885}.Release|iPhone.ActiveCfg = Release|iPhone
		{D181F964-5F0A-4F9E-B4DA-ED0945C19885}.Release|iPhone.Build.0 = Release|iPhone
		{D181F964-5F0A-4F9E-B4DA-ED0945C19885}.Release|iPhone.Deploy.0 = Release|iPhone
		{D181F964-5F0A-4F9E-B4DA-ED0945C19885}.Release|iPhoneSimulator.ActiveCfg = Release|iPhoneSimulator
		{D181F964-5F0A-4F9E-B4DA-ED0945C19885}.Release|iPhoneSimulator.Build.0 = Release|iPhoneSimulator
		{D181F964-5F0A-4F9E-B4DA-ED0945C19885}.Release|iPhoneSimulator.Deploy.0 = Release|iPhoneSimulator
		{D181F964-5F0A-4F9E-B4DA-ED0945C19885}.Release|x64.ActiveCfg = Release|iPhone
		{D181F964-5F0A-4F9E-B4DA-ED0945C19885}.Release|x64.Build.0 = Release|iPhone
		{D181F964-5F0A-4F9E-B4DA-ED0945C19885}.Release|x64.Deploy.0 = Release|iPhone
		{D181F964-5F0A-4F9E-B4DA-ED0945C19885}.Release|x86.ActiveCfg = Release|iPhone
		{D181F964-5F0A-4F9E-B4DA-ED0945C19885}.Release|x86.Build.0 = Release|iPhone
		{D181F964-5F0A-4F9E-B4DA-ED0945C19885}.Release|x86.Deploy.0 = Release|iPhone
		{18F058CD-C04A-4CBF-B7B0-664E3328B10F}.Ad-Hoc|Any CPU.ActiveCfg = Release|x86
		{18F058CD-C04A-4CBF-B7B0-664E3328B10F}.Ad-Hoc|Any CPU.Build.0 = Release|x86
		{18F058CD-C04A-4CBF-B7B0-664E3328B10F}.Ad-Hoc|Any CPU.Deploy.0 = Release|x86
		{18F058CD-C04A-4CBF-B7B0-664E3328B10F}.Ad-Hoc|ARM.ActiveCfg = Release|ARM
		{18F058CD-C04A-4CBF-B7B0-664E3328B10F}.Ad-Hoc|ARM.Build.0 = Release|ARM
		{18F058CD-C04A-4CBF-B7B0-664E3328B10F}.Ad-Hoc|ARM.Deploy.0 = Release|ARM
		{18F058CD-C04A-4CBF-B7B0-664E3328B10F}.Ad-Hoc|iPhone.ActiveCfg = Release|x86
		{18F058CD-C04A-4CBF-B7B0-664E3328B10F}.Ad-Hoc|iPhone.Build.0 = Release|x86
		{18F058CD-C04A-4CBF-B7B0-664E3328B10F}.Ad-Hoc|iPhone.Deploy.0 = Release|x86
		{18F058CD-C04A-4CBF-B7B0-664E3328B10F}.Ad-Hoc|iPhoneSimulator.ActiveCfg = Release|x86
		{18F058CD-C04A-4CBF-B7B0-664E3328B10F}.Ad-Hoc|iPhoneSimulator.Build.0 = Release|x86
		{18F058CD-C04A-4CBF-B7B0-664E3328B10F}.Ad-Hoc|iPhoneSimulator.Deploy.0 = Release|x86
		{18F058CD-C04A-4CBF-B7B0-664E3328B10F}.Ad-Hoc|x64.ActiveCfg = Release|x64
		{18F058CD-C04A-4CBF-B7B0-664E3328B10F}.Ad-Hoc|x64.Build.0 = Release|x64
		{18F058CD-C04A-4CBF-B7B0-664E3328B10F}.Ad-Hoc|x64.Deploy.0 = Release|x64
		{18F058CD-C04A-4CBF-B7B0-664E3328B10F}.Ad-Hoc|x86.ActiveCfg = Release|x86
		{18F058CD-C04A-4CBF-B7B0-664E3328B10F}.Ad-Hoc|x86.Build.0 = Release|x86
		{18F058CD-C04A-4CBF-B7B0-664E3328B10F}.Ad-Hoc|x86.Deploy.0 = Release|x86
		{18F058CD-C04A-4CBF-B7B0-664E3328B10F}.AppStore|Any CPU.ActiveCfg = Release|x86
		{18F058CD-C04A-4CBF-B7B0-664E3328B10F}.AppStore|Any CPU.Build.0 = Release|x86
		{18F058CD-C04A-4CBF-B7B0-664E3328B10F}.AppStore|Any CPU.Deploy.0 = Release|x86
		{18F058CD-C04A-4CBF-B7B0-664E3328B10F}.AppStore|ARM.ActiveCfg = Release|ARM
		{18F058CD-C04A-4CBF-B7B0-664E3328B10F}.AppStore|ARM.Build.0 = Release|ARM
		{18F058CD-C04A-4CBF-B7B0-664E3328B10F}.AppStore|ARM.Deploy.0 = Release|ARM
		{18F058CD-C04A-4CBF-B7B0-664E3328B10F}.AppStore|iPhone.ActiveCfg = Release|x86
		{18F058CD-C04A-4CBF-B7B0-664E3328B10F}.AppStore|iPhone.Build.0 = Release|x86
		{18F058CD-C04A-4CBF-B7B0-664E3328B10F}.AppStore|iPhone.Deploy.0 = Release|x86
		{18F058CD-C04A-4CBF-B7B0-664E3328B10F}.AppStore|iPhoneSimulator.ActiveCfg = Release|x86
		{18F058CD-C04A-4CBF-B7B0-664E3328B10F}.AppStore|iPhoneSimulator.Build.0 = Release|x86
		{18F058CD-C04A-4CBF-B7B0-664E3328B10F}.AppStore|iPhoneSimulator.Deploy.0 = Release|x86
		{18F058CD-C04A-4CBF-B7B0-664E3328B10F}.AppStore|x64.ActiveCfg = Release|x64
		{18F058CD-C04A-4CBF-B7B0-664E3328B10F}.AppStore|x64.Build.0 = Release|x64
		{18F058CD-C04A-4CBF-B7B0-664E3328B10F}.AppStore|x64.Deploy.0 = Release|x64
		{18F058CD-C04A-4CBF-B7B0-664E3328B10F}.AppStore|x86.ActiveCfg = Release|x86
		{18F058CD-C04A-4CBF-B7B0-664E3328B10F}.AppStore|x86.Build.0 = Release|x86
		{18F058CD-C04A-4CBF-B7B0-664E3328B10F}.AppStore|x86.Deploy.0 = Release|x86
		{18F058CD-C04A-4CBF-B7B0-664E3328B10F}.Debug|Any CPU.ActiveCfg = Debug|x86
		{18F058CD-C04A-4CBF-B7B0-664E3328B10F}.Debug|Any CPU.Build.0 = Debug|x86
		{18F058CD-C04A-4CBF-B7B0-664E3328B10F}.Debug|Any CPU.Deploy.0 = Debug|x86
		{18F058CD-C04A-4CBF-B7B0-664E3328B10F}.Debug|ARM.ActiveCfg = Debug|ARM
		{18F058CD-C04A-4CBF-B7B0-664E3328B10F}.Debug|ARM.Build.0 = Debug|ARM
		{18F058CD-C04A-4CBF-B7B0-664E3328B10F}.Debug|ARM.Deploy.0 = Debug|ARM
		{18F058CD-C04A-4CBF-B7B0-664E3328B10F}.Debug|iPhone.ActiveCfg = Debug|x86
		{18F058CD-C04A-4CBF-B7B0-664E3328B10F}.Debug|iPhone.Build.0 = Debug|x86
		{18F058CD-C04A-4CBF-B7B0-664E3328B10F}.Debug|iPhone.Deploy.0 = Debug|x86
		{18F058CD-C04A-4CBF-B7B0-664E3328B10F}.Debug|iPhoneSimulator.ActiveCfg = Debug|x86
		{18F058CD-C04A-4CBF-B7B0-664E3328B10F}.Debug|iPhoneSimulator.Build.0 = Debug|x86
		{18F058CD-C04A-4CBF-B7B0-664E3328B10F}.Debug|iPhoneSimulator.Deploy.0 = Debug|x86
		{18F058CD-C04A-4CBF-B7B0-664E3328B10F}.Debug|x64.ActiveCfg = Debug|x64
		{18F058CD-C04A-4CBF-B7B0-664E3328B10F}.Debug|x64.Build.0 = Debug|x64
		{18F058CD-C04A-4CBF-B7B0-664E3328B10F}.Debug|x64.Deploy.0 = Debug|x64
		{18F058CD-C04A-4CBF-B7B0-664E3328B10F}.Debug|x86.ActiveCfg = Debug|x86
		{18F058CD-C04A-4CBF-B7B0-664E3328B10F}.Debug|x86.Build.0 = Debug|x86
		{18F058CD-C04A-4CBF-B7B0-664E3328B10F}.Debug|x86.Deploy.0 = Debug|x86
		{18F058CD-C04A-4CBF-B7B0-664E3328B10F}.Release|Any CPU.ActiveCfg = Release|x86
		{18F058CD-C04A-4CBF-B7B0-664E3328B10F}.Release|Any CPU.Build.0 = Release|x86
		{18F058CD-C04A-4CBF-B7B0-664E3328B10F}.Release|Any CPU.Deploy.0 = Release|x86
		{18F058CD-C04A-4CBF-B7B0-664E3328B10F}.Release|ARM.ActiveCfg = Release|ARM
		{18F058CD-C04A-4CBF-B7B0-664E3328B10F}.Release|ARM.Build.0 = Release|ARM
		{18F058CD-C04A-4CBF-B7B0-664E3328B10F}.Release|ARM.Deploy.0 = Release|ARM
		{18F058CD-C04A-4CBF-B7B0-664E3328B10F}.Release|iPhone.ActiveCfg = Release|x86
		{18F058CD-C04A-4CBF-B7B0-664E3328B10F}.Release|iPhone.Build.0 = Release|x86
		{18F058CD-C04A-4CBF-B7B0-664E3328B10F}.Release|iPhone.Deploy.0 = Release|x86
		{18F058CD-C04A-4CBF-B7B0-664E3328B10F}.Release|iPhoneSimulator.ActiveCfg = Release|x86
		{18F058CD-C04A-4CBF-B7B0-664E3328B10F}.Release|iPhoneSimulator.Build.0 = Release|x86
		{18F058CD-C04A-4CBF-B7B0-664E3328B10F}.Release|iPhoneSimulator.Deploy.0 = Release|x86
		{18F058CD-C04A-4CBF-B7B0-664E3328B10F}.Release|x64.ActiveCfg = Release|x64
		{18F058CD-C04A-4CBF-B7B0-664E3328B10F}.Release|x64.Build.0 = Release|x64
		{18F058CD-C04A-4CBF-B7B0-664E3328B10F}.Release|x64.Deploy.0 = Release|x64
		{18F058CD-C04A-4CBF-B7B0-664E3328B10F}.Release|x86.ActiveCfg = Release|x86
		{18F058CD-C04A-4CBF-B7B0-664E3328B10F}.Release|x86.Build.0 = Release|x86
		{18F058CD-C04A-4CBF-B7B0-664E3328B10F}.Release|x86.Deploy.0 = Release|x86
		{FB608632-9F6C-4831-A845-31B817E618E3}.Ad-Hoc|Any CPU.ActiveCfg = Debug|Any CPU
		{FB608632-9F6C-4831-A845-31B817E618E3}.Ad-Hoc|Any CPU.Build.0 = Debug|Any CPU
		{FB608632-9F6C-4831-A845-31B817E618E3}.Ad-Hoc|Any CPU.Deploy.0 = Debug|Any CPU
		{FB608632-9F6C-4831-A845-31B817E618E3}.Ad-Hoc|ARM.ActiveCfg = Debug|Any CPU
		{FB608632-9F6C-4831-A845-31B817E618E3}.Ad-Hoc|ARM.Build.0 = Debug|Any CPU
		{FB608632-9F6C-4831-A845-31B817E618E3}.Ad-Hoc|ARM.Deploy.0 = Debug|Any CPU
		{FB608632-9F6C-4831-A845-31B817E618E3}.Ad-Hoc|iPhone.ActiveCfg = Debug|Any CPU
		{FB608632-9F6C-4831-A845-31B817E618E3}.Ad-Hoc|iPhone.Build.0 = Debug|Any CPU
		{FB608632-9F6C-4831-A845-31B817E618E3}.Ad-Hoc|iPhone.Deploy.0 = Debug|Any CPU
		{FB608632-9F6C-4831-A845-31B817E618E3}.Ad-Hoc|iPhoneSimulator.ActiveCfg = Debug|Any CPU
		{FB608632-9F6C-4831-A845-31B817E618E3}.Ad-Hoc|iPhoneSimulator.Build.0 = Debug|Any CPU
		{FB608632-9F6C-4831-A845-31B817E618E3}.Ad-Hoc|iPhoneSimulator.Deploy.0 = Debug|Any CPU
		{FB608632-9F6C-4831-A845-31B817E618E3}.Ad-Hoc|x64.ActiveCfg = Debug|Any CPU
		{FB608632-9F6C-4831-A845-31B817E618E3}.Ad-Hoc|x64.Build.0 = Debug|Any CPU
		{FB608632-9F6C-4831-A845-31B817E618E3}.Ad-Hoc|x64.Deploy.0 = Debug|Any CPU
		{FB608632-9F6C-4831-A845-31B817E618E3}.Ad-Hoc|x86.ActiveCfg = Debug|Any CPU
		{FB608632-9F6C-4831-A845-31B817E618E3}.Ad-Hoc|x86.Build.0 = Debug|Any CPU
		{FB608632-9F6C-4831-A845-31B817E618E3}.Ad-Hoc|x86.Deploy.0 = Debug|Any CPU
		{FB608632-9F6C-4831-A845-31B817E618E3}.AppStore|Any CPU.ActiveCfg = Debug|Any CPU
		{FB608632-9F6C-4831-A845-31B817E618E3}.AppStore|Any CPU.Build.0 = Debug|Any CPU
		{FB608632-9F6C-4831-A845-31B817E618E3}.AppStore|Any CPU.Deploy.0 = Debug|Any CPU
		{FB608632-9F6C-4831-A845-31B817E618E3}.AppStore|ARM.ActiveCfg = Debug|Any CPU
		{FB608632-9F6C-4831-A845-31B817E618E3}.AppStore|ARM.Build.0 = Debug|Any CPU
		{FB608632-9F6C-4831-A845-31B817E618E3}.AppStore|ARM.Deploy.0 = Debug|Any CPU
		{FB608632-9F6C-4831-A845-31B817E618E3}.AppStore|iPhone.ActiveCfg = Debug|Any CPU
		{FB608632-9F6C-4831-A845-31B817E618E3}.AppStore|iPhone.Build.0 = Debug|Any CPU
		{FB608632-9F6C-4831-A845-31B817E618E3}.AppStore|iPhone.Deploy.0 = Debug|Any CPU
		{FB608632-9F6C-4831-A845-31B817E618E3}.AppStore|iPhoneSimulator.ActiveCfg = Debug|Any CPU
		{FB608632-9F6C-4831-A845-31B817E618E3}.AppStore|iPhoneSimulator.Build.0 = Debug|Any CPU
		{FB608632-9F6C-4831-A845-31B817E618E3}.AppStore|iPhoneSimulator.Deploy.0 = Debug|Any CPU
		{FB608632-9F6C-4831-A845-31B817E618E3}.AppStore|x64.ActiveCfg = Debug|Any CPU
		{FB608632-9F6C-4831-A845-31B817E618E3}.AppStore|x64.Build.0 = Debug|Any CPU
		{FB608632-9F6C-4831-A845-31B817E618E3}.AppStore|x64.Deploy.0 = Debug|Any CPU
		{FB608632-9F6C-4831-A845-31B817E618E3}.AppStore|x86.ActiveCfg = Debug|Any CPU
		{FB608632-9F6C-4831-A845-31B817E618E3}.AppStore|x86.Build.0 = Debug|Any CPU
		{FB608632-9F6C-4831-A845-31B817E618E3}.AppStore|x86.Deploy.0 = Debug|Any CPU
		{FB608632-9F6C-4831-A845-31B817E618E3}.Debug|Any CPU.ActiveCfg = Debug|Any CPU
		{FB608632-9F6C-4831-A845-31B817E618E3}.Debug|Any CPU.Build.0 = Debug|Any CPU
		{FB608632-9F6C-4831-A845-31B817E618E3}.Debug|Any CPU.Deploy.0 = Debug|Any CPU
		{FB608632-9F6C-4831-A845-31B817E618E3}.Debug|ARM.ActiveCfg = Debug|Any CPU
		{FB608632-9F6C-4831-A845-31B817E618E3}.Debug|ARM.Build.0 = Debug|Any CPU
		{FB608632-9F6C-4831-A845-31B817E618E3}.Debug|ARM.Deploy.0 = Debug|Any CPU
		{FB608632-9F6C-4831-A845-31B817E618E3}.Debug|iPhone.ActiveCfg = Debug|Any CPU
		{FB608632-9F6C-4831-A845-31B817E618E3}.Debug|iPhone.Build.0 = Debug|Any CPU
		{FB608632-9F6C-4831-A845-31B817E618E3}.Debug|iPhone.Deploy.0 = Debug|Any CPU
		{FB608632-9F6C-4831-A845-31B817E618E3}.Debug|iPhoneSimulator.ActiveCfg = Debug|Any CPU
		{FB608632-9F6C-4831-A845-31B817E618E3}.Debug|iPhoneSimulator.Build.0 = Debug|Any CPU
		{FB608632-9F6C-4831-A845-31B817E618E3}.Debug|iPhoneSimulator.Deploy.0 = Debug|Any CPU
		{FB608632-9F6C-4831-A845-31B817E618E3}.Debug|x64.ActiveCfg = Debug|Any CPU
		{FB608632-9F6C-4831-A845-31B817E618E3}.Debug|x64.Build.0 = Debug|Any CPU
		{FB608632-9F6C-4831-A845-31B817E618E3}.Debug|x64.Deploy.0 = Debug|Any CPU
		{FB608632-9F6C-4831-A845-31B817E618E3}.Debug|x86.ActiveCfg = Debug|Any CPU
		{FB608632-9F6C-4831-A845-31B817E618E3}.Debug|x86.Build.0 = Debug|Any CPU
		{FB608632-9F6C-4831-A845-31B817E618E3}.Debug|x86.Deploy.0 = Debug|Any CPU
		{FB608632-9F6C-4831-A845-31B817E618E3}.Release|Any CPU.ActiveCfg = Release|Any CPU
		{FB608632-9F6C-4831-A845-31B817E618E3}.Release|Any CPU.Build.0 = Release|Any CPU
		{FB608632-9F6C-4831-A845-31B817E618E3}.Release|Any CPU.Deploy.0 = Release|Any CPU
		{FB608632-9F6C-4831-A845-31B817E618E3}.Release|ARM.ActiveCfg = Release|Any CPU
		{FB608632-9F6C-4831-A845-31B817E618E3}.Release|ARM.Build.0 = Release|Any CPU
		{FB608632-9F6C-4831-A845-31B817E618E3}.Release|ARM.Deploy.0 = Release|Any CPU
		{FB608632-9F6C-4831-A845-31B817E618E3}.Release|iPhone.ActiveCfg = Release|Any CPU
		{FB608632-9F6C-4831-A845-31B817E618E3}.Release|iPhone.Build.0 = Release|Any CPU
		{FB608632-9F6C-4831-A845-31B817E618E3}.Release|iPhone.Deploy.0 = Release|Any CPU
		{FB608632-9F6C-4831-A845-31B817E618E3}.Release|iPhoneSimulator.ActiveCfg = Release|Any CPU
		{FB608632-9F6C-4831-A845-31B817E618E3}.Release|iPhoneSimulator.Build.0 = Release|Any CPU
		{FB608632-9F6C-4831-A845-31B817E618E3}.Release|iPhoneSimulator.Deploy.0 = Release|Any CPU
		{FB608632-9F6C-4831-A845-31B817E618E3}.Release|x64.ActiveCfg = Release|Any CPU
		{FB608632-9F6C-4831-A845-31B817E618E3}.Release|x64.Build.0 = Release|Any CPU
		{FB608632-9F6C-4831-A845-31B817E618E3}.Release|x64.Deploy.0 = Release|Any CPU
		{FB608632-9F6C-4831-A845-31B817E618E3}.Release|x86.ActiveCfg = Release|Any CPU
		{FB608632-9F6C-4831-A845-31B817E618E3}.Release|x86.Build.0 = Release|Any CPU
		{FB608632-9F6C-4831-A845-31B817E618E3}.Release|x86.Deploy.0 = Release|Any CPU
	EndGlobalSection
	GlobalSection(SolutionProperties) = preSolution
		HideSolutionNode = FALSE
	EndGlobalSection
	GlobalSection(ExtensibilityGlobals) = postSolution
		SolutionGuid = {97DA39F9-F512-46AF-9D50-7FFFF8A27B9A}
	EndGlobalSection
EndGlobal
