
Microsoft Visual Studio Solution File, Format Version 12.00
# Visual Studio 15
VisualStudioVersion = 15.0.28307.329
MinimumVisualStudioVersion = 10.0.40219.1
Project("{FAE04EC0-301F-11D3-BF4B-00C04F79EFBC}") = "Chapter3.Android", "Chapter3\Chapter3.Android\Chapter3.Android.csproj", "{B0F8141C-88BF-452D-8027-20C73A34A682}"
EndProject
Project("{FAE04EC0-301F-11D3-BF4B-00C04F79EFBC}") = "Chapter3.iOS", "Chapter3\Chapter3.iOS\Chapter3.iOS.csproj", "{5A5C48CF-2748-4A9B-886F-14B7D3B8E08A}"
EndProject
Project("{FAE04EC0-301F-11D3-BF4B-00C04F79EFBC}") = "Chapter3.UWP", "Chapter3\Chapter3.UWP\Chapter3.UWP.csproj", "{880BB42B-8948-46F4-B60F-3A5E8C4CEA6B}"
EndProject
Project("{FAE04EC0-301F-11D3-BF4B-00C04F79EFBC}") = "Chapter3", "Chapter3\Chapter3\Chapter3.csproj", "{0B113186-FA65-4B43-B523-65122CAAA815}"
EndProject
Global
	GlobalSection(SolutionConfigurationPlatforms) = preSolution
		Ad-Hoc|Any CPU = Ad-Hoc|Any CPU
		Ad-Hoc|ARM = Ad-Hoc|ARM
		Ad-Hoc|iPhone = Ad-Hoc|iPhone
		Ad-Hoc|iPhoneSimulator = Ad-Hoc|iPhoneSimulator
		Ad-Hoc|x64 = Ad-Hoc|x64
		Ad-Hoc|x86 = Ad-Hoc|x86
		AppStore|Any CPU = AppStore|Any CPU
		AppStore|ARM = AppStore|ARM
		AppStore|iPhone = AppStore|iPhone
		AppStore|iPhoneSimulator = AppStore|iPhoneSimulator
		AppStore|x64 = AppStore|x64
		AppStore|x86 = AppStore|x86
		Debug|Any CPU = Debug|Any CPU
		Debug|ARM = Debug|ARM
		Debug|iPhone = Debug|iPhone
		Debug|iPhoneSimulator = Debug|iPhoneSimulator
		Debug|x64 = Debug|x64
		Debug|x86 = Debug|x86
		Release|Any CPU = Release|Any CPU
		Release|ARM = Release|ARM
		Release|iPhone = Release|iPhone
		Release|iPhoneSimulator = Release|iPhoneSimulator
		Release|x64 = Release|x64
		Release|x86 = Release|x86
	EndGlobalSection
	GlobalSection(ProjectConfigurationPlatforms) = postSolution
		{B0F8141C-88BF-452D-8027-20C73A34A682}.Ad-Hoc|Any CPU.ActiveCfg = Release|Any CPU
		{B0F8141C-88BF-452D-8027-20C73A34A682}.Ad-Hoc|Any CPU.Build.0 = Release|Any CPU
		{B0F8141C-88BF-452D-8027-20C73A34A682}.Ad-Hoc|Any CPU.Deploy.0 = Release|Any CPU
		{B0F8141C-88BF-452D-8027-20C73A34A682}.Ad-Hoc|ARM.ActiveCfg = Release|Any CPU
		{B0F8141C-88BF-452D-8027-20C73A34A682}.Ad-Hoc|ARM.Build.0 = Release|Any CPU
		{B0F8141C-88BF-452D-8027-20C73A34A682}.Ad-Hoc|ARM.Deploy.0 = Release|Any CPU
		{B0F8141C-88BF-452D-8027-20C73A34A682}.Ad-Hoc|iPhone.ActiveCfg = Release|Any CPU
		{B0F8141C-88BF-452D-8027-20C73A34A682}.Ad-Hoc|iPhone.Build.0 = Release|Any CPU
		{B0F8141C-88BF-452D-8027-20C73A34A682}.Ad-Hoc|iPhone.Deploy.0 = Release|Any CPU
		{B0F8141C-88BF-452D-8027-20C73A34A682}.Ad-Hoc|iPhoneSimulator.ActiveCfg = Release|Any CPU
		{B0F8141C-88BF-452D-8027-20C73A34A682}.Ad-Hoc|iPhoneSimulator.Build.0 = Release|Any CPU
		{B0F8141C-88BF-452D-8027-20C73A34A682}.Ad-Hoc|iPhoneSimulator.Deploy.0 = Release|Any CPU
		{B0F8141C-88BF-452D-8027-20C73A34A682}.Ad-Hoc|x64.ActiveCfg = Release|Any CPU
		{B0F8141C-88BF-452D-8027-20C73A34A682}.Ad-Hoc|x64.Build.0 = Release|Any CPU
		{B0F8141C-88BF-452D-8027-20C73A34A682}.Ad-Hoc|x64.Deploy.0 = Release|Any CPU
		{B0F8141C-88BF-452D-8027-20C73A34A682}.Ad-Hoc|x86.ActiveCfg = Release|Any CPU
		{B0F8141C-88BF-452D-8027-20C73A34A682}.Ad-Hoc|x86.Build.0 = Release|Any CPU
		{B0F8141C-88BF-452D-8027-20C73A34A682}.Ad-Hoc|x86.Deploy.0 = Release|Any CPU
		{B0F8141C-88BF-452D-8027-20C73A34A682}.AppStore|Any CPU.ActiveCfg = Release|Any CPU
		{B0F8141C-88BF-452D-8027-20C73A34A682}.AppStore|Any CPU.Build.0 = Release|Any CPU
		{B0F8141C-88BF-452D-8027-20C73A34A682}.AppStore|Any CPU.Deploy.0 = Release|Any CPU
		{B0F8141C-88BF-452D-8027-20C73A34A682}.AppStore|ARM.ActiveCfg = Release|Any CPU
		{B0F8141C-88BF-452D-8027-20C73A34A682}.AppStore|ARM.Build.0 = Release|Any CPU
		{B0F8141C-88BF-452D-8027-20C73A34A682}.AppStore|ARM.Deploy.0 = Release|Any CPU
		{B0F8141C-88BF-452D-8027-20C73A34A682}.AppStore|iPhone.ActiveCfg = Release|Any CPU
		{B0F8141C-88BF-452D-8027-20C73A34A682}.AppStore|iPhone.Build.0 = Release|Any CPU
		{B0F8141C-88BF-452D-8027-20C73A34A682}.AppStore|iPhone.Deploy.0 = Release|Any CPU
		{B0F8141C-88BF-452D-8027-20C73A34A682}.AppStore|iPhoneSimulator.ActiveCfg = Release|Any CPU
		{B0F8141C-88BF-452D-8027-20C73A34A682}.AppStore|iPhoneSimulator.Build.0 = Release|Any CPU
		{B0F8141C-88BF-452D-8027-20C73A34A682}.AppStore|iPhoneSimulator.Deploy.0 = Release|Any CPU
		{B0F8141C-88BF-452D-8027-20C73A34A682}.AppStore|x64.ActiveCfg = Release|Any CPU
		{B0F8141C-88BF-452D-8027-20C73A34A682}.AppStore|x64.Build.0 = Release|Any CPU
		{B0F8141C-88BF-452D-8027-20C73A34A682}.AppStore|x64.Deploy.0 = Release|Any CPU
		{B0F8141C-88BF-452D-8027-20C73A34A682}.AppStore|x86.ActiveCfg = Release|Any CPU
		{B0F8141C-88BF-452D-8027-20C73A34A682}.AppStore|x86.Build.0 = Release|Any CPU
		{B0F8141C-88BF-452D-8027-20C73A34A682}.AppStore|x86.Deploy.0 = Release|Any CPU
		{B0F8141C-88BF-452D-8027-20C73A34A682}.Debug|Any CPU.ActiveCfg = Debug|Any CPU
		{B0F8141C-88BF-452D-8027-20C73A34A682}.Debug|Any CPU.Build.0 = Debug|Any CPU
		{B0F8141C-88BF-452D-8027-20C73A34A682}.Debug|Any CPU.Deploy.0 = Debug|Any CPU
		{B0F8141C-88BF-452D-8027-20C73A34A682}.Debug|ARM.ActiveCfg = Debug|Any CPU
		{B0F8141C-88BF-452D-8027-20C73A34A682}.Debug|ARM.Build.0 = Debug|Any CPU
		{B0F8141C-88BF-452D-8027-20C73A34A682}.Debug|ARM.Deploy.0 = Debug|Any CPU
		{B0F8141C-88BF-452D-8027-20C73A34A682}.Debug|iPhone.ActiveCfg = Debug|Any CPU
		{B0F8141C-88BF-452D-8027-20C73A34A682}.Debug|iPhone.Build.0 = Debug|Any CPU
		{B0F8141C-88BF-452D-8027-20C73A34A682}.Debug|iPhone.Deploy.0 = Debug|Any CPU
		{B0F8141C-88BF-452D-8027-20C73A34A682}.Debug|iPhoneSimulator.ActiveCfg = Debug|Any CPU
		{B0F8141C-88BF-452D-8027-20C73A34A682}.Debug|iPhoneSimulator.Build.0 = Debug|Any CPU
		{B0F8141C-88BF-452D-8027-20C73A34A682}.Debug|iPhoneSimulator.Deploy.0 = Debug|Any CPU
		{B0F8141C-88BF-452D-8027-20C73A34A682}.Debug|x64.ActiveCfg = Debug|Any CPU
		{B0F8141C-88BF-452D-8027-20C73A34A682}.Debug|x64.Build.0 = Debug|Any CPU
		{B0F8141C-88BF-452D-8027-20C73A34A682}.Debug|x64.Deploy.0 = Debug|Any CPU
		{B0F8141C-88BF-452D-8027-20C73A34A682}.Debug|x86.ActiveCfg = Debug|Any CPU
		{B0F8141C-88BF-452D-8027-20C73A34A682}.Debug|x86.Build.0 = Debug|Any CPU
		{B0F8141C-88BF-452D-8027-20C73A34A682}.Debug|x86.Deploy.0 = Debug|Any CPU
		{B0F8141C-88BF-452D-8027-20C73A34A682}.Release|Any CPU.ActiveCfg = Release|Any CPU
		{B0F8141C-88BF-452D-8027-20C73A34A682}.Release|Any CPU.Build.0 = Release|Any CPU
		{B0F8141C-88BF-452D-8027-20C73A34A682}.Release|Any CPU.Deploy.0 = Release|Any CPU
		{B0F8141C-88BF-452D-8027-20C73A34A682}.Release|ARM.ActiveCfg = Release|Any CPU
		{B0F8141C-88BF-452D-8027-20C73A34A682}.Release|ARM.Build.0 = Release|Any CPU
		{B0F8141C-88BF-452D-8027-20C73A34A682}.Release|ARM.Deploy.0 = Release|Any CPU
		{B0F8141C-88BF-452D-8027-20C73A34A682}.Release|iPhone.ActiveCfg = Release|Any CPU
		{B0F8141C-88BF-452D-8027-20C73A34A682}.Release|iPhone.Build.0 = Release|Any CPU
		{B0F8141C-88BF-452D-8027-20C73A34A682}.Release|iPhone.Deploy.0 = Release|Any CPU
		{B0F8141C-88BF-452D-8027-20C73A34A682}.Release|iPhoneSimulator.ActiveCfg = Release|Any CPU
		{B0F8141C-88BF-452D-8027-20C73A34A682}.Release|iPhoneSimulator.Build.0 = Release|Any CPU
		{B0F8141C-88BF-452D-8027-20C73A34A682}.Release|iPhoneSimulator.Deploy.0 = Release|Any CPU
		{B0F8141C-88BF-452D-8027-20C73A34A682}.Release|x64.ActiveCfg = Release|Any CPU
		{B0F8141C-88BF-452D-8027-20C73A34A682}.Release|x64.Build.0 = Release|Any CPU
		{B0F8141C-88BF-452D-8027-20C73A34A682}.Release|x64.Deploy.0 = Release|Any CPU
		{B0F8141C-88BF-452D-8027-20C73A34A682}.Release|x86.ActiveCfg = Release|Any CPU
		{B0F8141C-88BF-452D-8027-20C73A34A682}.Release|x86.Build.0 = Release|Any CPU
		{B0F8141C-88BF-452D-8027-20C73A34A682}.Release|x86.Deploy.0 = Release|Any CPU
		{5A5C48CF-2748-4A9B-886F-14B7D3B8E08A}.Ad-Hoc|Any CPU.ActiveCfg = Ad-Hoc|iPhone
		{5A5C48CF-2748-4A9B-886F-14B7D3B8E08A}.Ad-Hoc|Any CPU.Build.0 = Ad-Hoc|iPhone
		{5A5C48CF-2748-4A9B-886F-14B7D3B8E08A}.Ad-Hoc|Any CPU.Deploy.0 = Ad-Hoc|iPhone
		{5A5C48CF-2748-4A9B-886F-14B7D3B8E08A}.Ad-Hoc|ARM.ActiveCfg = Ad-Hoc|iPhone
		{5A5C48CF-2748-4A9B-886F-14B7D3B8E08A}.Ad-Hoc|ARM.Build.0 = Ad-Hoc|iPhone
		{5A5C48CF-2748-4A9B-886F-14B7D3B8E08A}.Ad-Hoc|ARM.Deploy.0 = Ad-Hoc|iPhone
		{5A5C48CF-2748-4A9B-886F-14B7D3B8E08A}.Ad-Hoc|iPhone.ActiveCfg = Ad-Hoc|iPhone
		{5A5C48CF-2748-4A9B-886F-14B7D3B8E08A}.Ad-Hoc|iPhone.Build.0 = Ad-Hoc|iPhone
		{5A5C48CF-2748-4A9B-886F-14B7D3B8E08A}.Ad-Hoc|iPhone.Deploy.0 = Ad-Hoc|iPhone
		{5A5C48CF-2748-4A9B-886F-14B7D3B8E08A}.Ad-Hoc|iPhoneSimulator.ActiveCfg = Ad-Hoc|iPhoneSimulator
		{5A5C48CF-2748-4A9B-886F-14B7D3B8E08A}.Ad-Hoc|iPhoneSimulator.Build.0 = Ad-Hoc|iPhoneSimulator
		{5A5C48CF-2748-4A9B-886F-14B7D3B8E08A}.Ad-Hoc|iPhoneSimulator.Deploy.0 = Ad-Hoc|iPhoneSimulator
		{5A5C48CF-2748-4A9B-886F-14B7D3B8E08A}.Ad-Hoc|x64.ActiveCfg = Ad-Hoc|iPhone
		{5A5C48CF-2748-4A9B-886F-14B7D3B8E08A}.Ad-Hoc|x64.Build.0 = Ad-Hoc|iPhone
		{5A5C48CF-2748-4A9B-886F-14B7D3B8E08A}.Ad-Hoc|x64.Deploy.0 = Ad-Hoc|iPhone
		{5A5C48CF-2748-4A9B-886F-14B7D3B8E08A}.Ad-Hoc|x86.ActiveCfg = Ad-Hoc|iPhone
		{5A5C48CF-2748-4A9B-886F-14B7D3B8E08A}.Ad-Hoc|x86.Build.0 = Ad-Hoc|iPhone
		{5A5C48CF-2748-4A9B-886F-14B7D3B8E08A}.Ad-Hoc|x86.Deploy.0 = Ad-Hoc|iPhone
		{5A5C48CF-2748-4A9B-886F-14B7D3B8E08A}.AppStore|Any CPU.ActiveCfg = AppStore|iPhone
		{5A5C48CF-2748-4A9B-886F-14B7D3B8E08A}.AppStore|Any CPU.Build.0 = AppStore|iPhone
		{5A5C48CF-2748-4A9B-886F-14B7D3B8E08A}.AppStore|Any CPU.Deploy.0 = AppStore|iPhone
		{5A5C48CF-2748-4A9B-886F-14B7D3B8E08A}.AppStore|ARM.ActiveCfg = AppStore|iPhone
		{5A5C48CF-2748-4A9B-886F-14B7D3B8E08A}.AppStore|ARM.Build.0 = AppStore|iPhone
		{5A5C48CF-2748-4A9B-886F-14B7D3B8E08A}.AppStore|ARM.Deploy.0 = AppStore|iPhone
		{5A5C48CF-2748-4A9B-886F-14B7D3B8E08A}.AppStore|iPhone.ActiveCfg = AppStore|iPhone
		{5A5C48CF-2748-4A9B-886F-14B7D3B8E08A}.AppStore|iPhone.Build.0 = AppStore|iPhone
		{5A5C48CF-2748-4A9B-886F-14B7D3B8E08A}.AppStore|iPhone.Deploy.0 = AppStore|iPhone
		{5A5C48CF-2748-4A9B-886F-14B7D3B8E08A}.AppStore|iPhoneSimulator.ActiveCfg = AppStore|iPhoneSimulator
		{5A5C48CF-2748-4A9B-886F-14B7D3B8E08A}.AppStore|iPhoneSimulator.Build.0 = AppStore|iPhoneSimulator
		{5A5C48CF-2748-4A9B-886F-14B7D3B8E08A}.AppStore|iPhoneSimulator.Deploy.0 = AppStore|iPhoneSimulator
		{5A5C48CF-2748-4A9B-886F-14B7D3B8E08A}.AppStore|x64.ActiveCfg = AppStore|iPhone
		{5A5C48CF-2748-4A9B-886F-14B7D3B8E08A}.AppStore|x64.Build.0 = AppStore|iPhone
		{5A5C48CF-2748-4A9B-886F-14B7D3B8E08A}.AppStore|x64.Deploy.0 = AppStore|iPhone
		{5A5C48CF-2748-4A9B-886F-14B7D3B8E08A}.AppStore|x86.ActiveCfg = AppStore|iPhone
		{5A5C48CF-2748-4A9B-886F-14B7D3B8E08A}.AppStore|x86.Build.0 = AppStore|iPhone
		{5A5C48CF-2748-4A9B-886F-14B7D3B8E08A}.AppStore|x86.Deploy.0 = AppStore|iPhone
		{5A5C48CF-2748-4A9B-886F-14B7D3B8E08A}.Debug|Any CPU.ActiveCfg = Debug|iPhoneSimulator
		{5A5C48CF-2748-4A9B-886F-14B7D3B8E08A}.Debug|Any CPU.Build.0 = Debug|iPhoneSimulator
		{5A5C48CF-2748-4A9B-886F-14B7D3B8E08A}.Debug|Any CPU.Deploy.0 = Debug|iPhoneSimulator
		{5A5C48CF-2748-4A9B-886F-14B7D3B8E08A}.Debug|ARM.ActiveCfg = Debug|iPhone
		{5A5C48CF-2748-4A9B-886F-14B7D3B8E08A}.Debug|ARM.Build.0 = Debug|iPhone
		{5A5C48CF-2748-4A9B-886F-14B7D3B8E08A}.Debug|ARM.Deploy.0 = Debug|iPhone
		{5A5C48CF-2748-4A9B-886F-14B7D3B8E08A}.Debug|iPhone.ActiveCfg = Debug|iPhone
		{5A5C48CF-2748-4A9B-886F-14B7D3B8E08A}.Debug|iPhone.Build.0 = Debug|iPhone
		{5A5C48CF-2748-4A9B-886F-14B7D3B8E08A}.Debug|iPhone.Deploy.0 = Debug|iPhone
		{5A5C48CF-2748-4A9B-886F-14B7D3B8E08A}.Debug|iPhoneSimulator.ActiveCfg = Debug|iPhoneSimulator
		{5A5C48CF-2748-4A9B-886F-14B7D3B8E08A}.Debug|iPhoneSimulator.Build.0 = Debug|iPhoneSimulator
		{5A5C48CF-2748-4A9B-886F-14B7D3B8E08A}.Debug|iPhoneSimulator.Deploy.0 = Debug|iPhoneSimulator
		{5A5C48CF-2748-4A9B-886F-14B7D3B8E08A}.Debug|x64.ActiveCfg = Debug|iPhone
		{5A5C48CF-2748-4A9B-886F-14B7D3B8E08A}.Debug|x64.Build.0 = Debug|iPhone
		{5A5C48CF-2748-4A9B-886F-14B7D3B8E08A}.Debug|x64.Deploy.0 = Debug|iPhone
		{5A5C48CF-2748-4A9B-886F-14B7D3B8E08A}.Debug|x86.ActiveCfg = Debug|iPhone
		{5A5C48CF-2748-4A9B-886F-14B7D3B8E08A}.Debug|x86.Build.0 = Debug|iPhone
		{5A5C48CF-2748-4A9B-886F-14B7D3B8E08A}.Debug|x86.Deploy.0 = Debug|iPhone
		{5A5C48CF-2748-4A9B-886F-14B7D3B8E08A}.Release|Any CPU.ActiveCfg = Release|iPhone
		{5A5C48CF-2748-4A9B-886F-14B7D3B8E08A}.Release|Any CPU.Build.0 = Release|iPhone
		{5A5C48CF-2748-4A9B-886F-14B7D3B8E08A}.Release|Any CPU.Deploy.0 = Release|iPhone
		{5A5C48CF-2748-4A9B-886F-14B7D3B8E08A}.Release|ARM.ActiveCfg = Release|iPhone
		{5A5C48CF-2748-4A9B-886F-14B7D3B8E08A}.Release|ARM.Build.0 = Release|iPhone
		{5A5C48CF-2748-4A9B-886F-14B7D3B8E08A}.Release|ARM.Deploy.0 = Release|iPhone
		{5A5C48CF-2748-4A9B-886F-14B7D3B8E08A}.Release|iPhone.ActiveCfg = Release|iPhone
		{5A5C48CF-2748-4A9B-886F-14B7D3B8E08A}.Release|iPhone.Build.0 = Release|iPhone
		{5A5C48CF-2748-4A9B-886F-14B7D3B8E08A}.Release|iPhone.Deploy.0 = Release|iPhone
		{5A5C48CF-2748-4A9B-886F-14B7D3B8E08A}.Release|iPhoneSimulator.ActiveCfg = Release|iPhoneSimulator
		{5A5C48CF-2748-4A9B-886F-14B7D3B8E08A}.Release|iPhoneSimulator.Build.0 = Release|iPhoneSimulator
		{5A5C48CF-2748-4A9B-886F-14B7D3B8E08A}.Release|iPhoneSimulator.Deploy.0 = Release|iPhoneSimulator
		{5A5C48CF-2748-4A9B-886F-14B7D3B8E08A}.Release|x64.ActiveCfg = Release|iPhone
		{5A5C48CF-2748-4A9B-886F-14B7D3B8E08A}.Release|x64.Build.0 = Release|iPhone
		{5A5C48CF-2748-4A9B-886F-14B7D3B8E08A}.Release|x64.Deploy.0 = Release|iPhone
		{5A5C48CF-2748-4A9B-886F-14B7D3B8E08A}.Release|x86.ActiveCfg = Release|iPhone
		{5A5C48CF-2748-4A9B-886F-14B7D3B8E08A}.Release|x86.Build.0 = Release|iPhone
		{5A5C48CF-2748-4A9B-886F-14B7D3B8E08A}.Release|x86.Deploy.0 = Release|iPhone
		{880BB42B-8948-46F4-B60F-3A5E8C4CEA6B}.Ad-Hoc|Any CPU.ActiveCfg = Release|x86
		{880BB42B-8948-46F4-B60F-3A5E8C4CEA6B}.Ad-Hoc|Any CPU.Build.0 = Release|x86
		{880BB42B-8948-46F4-B60F-3A5E8C4CEA6B}.Ad-Hoc|Any CPU.Deploy.0 = Release|x86
		{880BB42B-8948-46F4-B60F-3A5E8C4CEA6B}.Ad-Hoc|ARM.ActiveCfg = Release|ARM
		{880BB42B-8948-46F4-B60F-3A5E8C4CEA6B}.Ad-Hoc|ARM.Build.0 = Release|ARM
		{880BB42B-8948-46F4-B60F-3A5E8C4CEA6B}.Ad-Hoc|ARM.Deploy.0 = Release|ARM
		{880BB42B-8948-46F4-B60F-3A5E8C4CEA6B}.Ad-Hoc|iPhone.ActiveCfg = Release|x86
		{880BB42B-8948-46F4-B60F-3A5E8C4CEA6B}.Ad-Hoc|iPhone.Build.0 = Release|x86
		{880BB42B-8948-46F4-B60F-3A5E8C4CEA6B}.Ad-Hoc|iPhone.Deploy.0 = Release|x86
		{880BB42B-8948-46F4-B60F-3A5E8C4CEA6B}.Ad-Hoc|iPhoneSimulator.ActiveCfg = Release|x86
		{880BB42B-8948-46F4-B60F-3A5E8C4CEA6B}.Ad-Hoc|iPhoneSimulator.Build.0 = Release|x86
		{880BB42B-8948-46F4-B60F-3A5E8C4CEA6B}.Ad-Hoc|iPhoneSimulator.Deploy.0 = Release|x86
		{880BB42B-8948-46F4-B60F-3A5E8C4CEA6B}.Ad-Hoc|x64.ActiveCfg = Release|x64
		{880BB42B-8948-46F4-B60F-3A5E8C4CEA6B}.Ad-Hoc|x64.Build.0 = Release|x64
		{880BB42B-8948-46F4-B60F-3A5E8C4CEA6B}.Ad-Hoc|x64.Deploy.0 = Release|x64
		{880BB42B-8948-46F4-B60F-3A5E8C4CEA6B}.Ad-Hoc|x86.ActiveCfg = Release|x86
		{880BB42B-8948-46F4-B60F-3A5E8C4CEA6B}.Ad-Hoc|x86.Build.0 = Release|x86
		{880BB42B-8948-46F4-B60F-3A5E8C4CEA6B}.Ad-Hoc|x86.Deploy.0 = Release|x86
		{880BB42B-8948-46F4-B60F-3A5E8C4CEA6B}.AppStore|Any CPU.ActiveCfg = Release|x86
		{880BB42B-8948-46F4-B60F-3A5E8C4CEA6B}.AppStore|Any CPU.Build.0 = Release|x86
		{880BB42B-8948-46F4-B60F-3A5E8C4CEA6B}.AppStore|Any CPU.Deploy.0 = Release|x86
		{880BB42B-8948-46F4-B60F-3A5E8C4CEA6B}.AppStore|ARM.ActiveCfg = Release|ARM
		{880BB42B-8948-46F4-B60F-3A5E8C4CEA6B}.AppStore|ARM.Build.0 = Release|ARM
		{880BB42B-8948-46F4-B60F-3A5E8C4CEA6B}.AppStore|ARM.Deploy.0 = Release|ARM
		{880BB42B-8948-46F4-B60F-3A5E8C4CEA6B}.AppStore|iPhone.ActiveCfg = Release|x86
		{880BB42B-8948-46F4-B60F-3A5E8C4CEA6B}.AppStore|iPhone.Build.0 = Release|x86
		{880BB42B-8948-46F4-B60F-3A5E8C4CEA6B}.AppStore|iPhone.Deploy.0 = Release|x86
		{880BB42B-8948-46F4-B60F-3A5E8C4CEA6B}.AppStore|iPhoneSimulator.ActiveCfg = Release|x86
		{880BB42B-8948-46F4-B60F-3A5E8C4CEA6B}.AppStore|iPhoneSimulator.Build.0 = Release|x86
		{880BB42B-8948-46F4-B60F-3A5E8C4CEA6B}.AppStore|iPhoneSimulator.Deploy.0 = Release|x86
		{880BB42B-8948-46F4-B60F-3A5E8C4CEA6B}.AppStore|x64.ActiveCfg = Release|x64
		{880BB42B-8948-46F4-B60F-3A5E8C4CEA6B}.AppStore|x64.Build.0 = Release|x64
		{880BB42B-8948-46F4-B60F-3A5E8C4CEA6B}.AppStore|x64.Deploy.0 = Release|x64
		{880BB42B-8948-46F4-B60F-3A5E8C4CEA6B}.AppStore|x86.ActiveCfg = Release|x86
		{880BB42B-8948-46F4-B60F-3A5E8C4CEA6B}.AppStore|x86.Build.0 = Release|x86
		{880BB42B-8948-46F4-B60F-3A5E8C4CEA6B}.AppStore|x86.Deploy.0 = Release|x86
		{880BB42B-8948-46F4-B60F-3A5E8C4CEA6B}.Debug|Any CPU.ActiveCfg = Debug|x86
		{880BB42B-8948-46F4-B60F-3A5E8C4CEA6B}.Debug|Any CPU.Build.0 = Debug|x86
		{880BB42B-8948-46F4-B60F-3A5E8C4CEA6B}.Debug|Any CPU.Deploy.0 = Debug|x86
		{880BB42B-8948-46F4-B60F-3A5E8C4CEA6B}.Debug|ARM.ActiveCfg = Debug|ARM
		{880BB42B-8948-46F4-B60F-3A5E8C4CEA6B}.Debug|ARM.Build.0 = Debug|ARM
		{880BB42B-8948-46F4-B60F-3A5E8C4CEA6B}.Debug|ARM.Deploy.0 = Debug|ARM
		{880BB42B-8948-46F4-B60F-3A5E8C4CEA6B}.Debug|iPhone.ActiveCfg = Debug|x86
		{880BB42B-8948-46F4-B60F-3A5E8C4CEA6B}.Debug|iPhone.Build.0 = Debug|x86
		{880BB42B-8948-46F4-B60F-3A5E8C4CEA6B}.Debug|iPhone.Deploy.0 = Debug|x86
		{880BB42B-8948-46F4-B60F-3A5E8C4CEA6B}.Debug|iPhoneSimulator.ActiveCfg = Debug|x86
		{880BB42B-8948-46F4-B60F-3A5E8C4CEA6B}.Debug|iPhoneSimulator.Build.0 = Debug|x86
		{880BB42B-8948-46F4-B60F-3A5E8C4CEA6B}.Debug|iPhoneSimulator.Deploy.0 = Debug|x86
		{880BB42B-8948-46F4-B60F-3A5E8C4CEA6B}.Debug|x64.ActiveCfg = Debug|x64
		{880BB42B-8948-46F4-B60F-3A5E8C4CEA6B}.Debug|x64.Build.0 = Debug|x64
		{880BB42B-8948-46F4-B60F-3A5E8C4CEA6B}.Debug|x64.Deploy.0 = Debug|x64
		{880BB42B-8948-46F4-B60F-3A5E8C4CEA6B}.Debug|x86.ActiveCfg = Debug|x86
		{880BB42B-8948-46F4-B60F-3A5E8C4CEA6B}.Debug|x86.Build.0 = Debug|x86
		{880BB42B-8948-46F4-B60F-3A5E8C4CEA6B}.Debug|x86.Deploy.0 = Debug|x86
		{880BB42B-8948-46F4-B60F-3A5E8C4CEA6B}.Release|Any CPU.ActiveCfg = Release|x86
		{880BB42B-8948-46F4-B60F-3A5E8C4CEA6B}.Release|Any CPU.Build.0 = Release|x86
		{880BB42B-8948-46F4-B60F-3A5E8C4CEA6B}.Release|Any CPU.Deploy.0 = Release|x86
		{880BB42B-8948-46F4-B60F-3A5E8C4CEA6B}.Release|ARM.ActiveCfg = Release|ARM
		{880BB42B-8948-46F4-B60F-3A5E8C4CEA6B}.Release|ARM.Build.0 = Release|ARM
		{880BB42B-8948-46F4-B60F-3A5E8C4CEA6B}.Release|ARM.Deploy.0 = Release|ARM
		{880BB42B-8948-46F4-B60F-3A5E8C4CEA6B}.Release|iPhone.ActiveCfg = Release|x86
		{880BB42B-8948-46F4-B60F-3A5E8C4CEA6B}.Release|iPhone.Build.0 = Release|x86
		{880BB42B-8948-46F4-B60F-3A5E8C4CEA6B}.Release|iPhone.Deploy.0 = Release|x86
		{880BB42B-8948-46F4-B60F-3A5E8C4CEA6B}.Release|iPhoneSimulator.ActiveCfg = Release|x86
		{880BB42B-8948-46F4-B60F-3A5E8C4CEA6B}.Release|iPhoneSimulator.Build.0 = Release|x86
		{880BB42B-8948-46F4-B60F-3A5E8C4CEA6B}.Release|iPhoneSimulator.Deploy.0 = Release|x86
		{880BB42B-8948-46F4-B60F-3A5E8C4CEA6B}.Release|x64.ActiveCfg = Release|x64
		{880BB42B-8948-46F4-B60F-3A5E8C4CEA6B}.Release|x64.Build.0 = Release|x64
		{880BB42B-8948-46F4-B60F-3A5E8C4CEA6B}.Release|x64.Deploy.0 = Release|x64
		{880BB42B-8948-46F4-B60F-3A5E8C4CEA6B}.Release|x86.ActiveCfg = Release|x86
		{880BB42B-8948-46F4-B60F-3A5E8C4CEA6B}.Release|x86.Build.0 = Release|x86
		{880BB42B-8948-46F4-B60F-3A5E8C4CEA6B}.Release|x86.Deploy.0 = Release|x86
		{0B113186-FA65-4B43-B523-65122CAAA815}.Ad-Hoc|Any CPU.ActiveCfg = Debug|Any CPU
		{0B113186-FA65-4B43-B523-65122CAAA815}.Ad-Hoc|Any CPU.Build.0 = Debug|Any CPU
		{0B113186-FA65-4B43-B523-65122CAAA815}.Ad-Hoc|Any CPU.Deploy.0 = Debug|Any CPU
		{0B113186-FA65-4B43-B523-65122CAAA815}.Ad-Hoc|ARM.ActiveCfg = Debug|Any CPU
		{0B113186-FA65-4B43-B523-65122CAAA815}.Ad-Hoc|ARM.Build.0 = Debug|Any CPU
		{0B113186-FA65-4B43-B523-65122CAAA815}.Ad-Hoc|ARM.Deploy.0 = Debug|Any CPU
		{0B113186-FA65-4B43-B523-65122CAAA815}.Ad-Hoc|iPhone.ActiveCfg = Debug|Any CPU
		{0B113186-FA65-4B43-B523-65122CAAA815}.Ad-Hoc|iPhone.Build.0 = Debug|Any CPU
		{0B113186-FA65-4B43-B523-65122CAAA815}.Ad-Hoc|iPhone.Deploy.0 = Debug|Any CPU
		{0B113186-FA65-4B43-B523-65122CAAA815}.Ad-Hoc|iPhoneSimulator.ActiveCfg = Debug|Any CPU
		{0B113186-FA65-4B43-B523-65122CAAA815}.Ad-Hoc|iPhoneSimulator.Build.0 = Debug|Any CPU
		{0B113186-FA65-4B43-B523-65122CAAA815}.Ad-Hoc|iPhoneSimulator.Deploy.0 = Debug|Any CPU
		{0B113186-FA65-4B43-B523-65122CAAA815}.Ad-Hoc|x64.ActiveCfg = Debug|Any CPU
		{0B113186-FA65-4B43-B523-65122CAAA815}.Ad-Hoc|x64.Build.0 = Debug|Any CPU
		{0B113186-FA65-4B43-B523-65122CAAA815}.Ad-Hoc|x64.Deploy.0 = Debug|Any CPU
		{0B113186-FA65-4B43-B523-65122CAAA815}.Ad-Hoc|x86.ActiveCfg = Debug|Any CPU
		{0B113186-FA65-4B43-B523-65122CAAA815}.Ad-Hoc|x86.Build.0 = Debug|Any CPU
		{0B113186-FA65-4B43-B523-65122CAAA815}.Ad-Hoc|x86.Deploy.0 = Debug|Any CPU
		{0B113186-FA65-4B43-B523-65122CAAA815}.AppStore|Any CPU.ActiveCfg = Debug|Any CPU
		{0B113186-FA65-4B43-B523-65122CAAA815}.AppStore|Any CPU.Build.0 = Debug|Any CPU
		{0B113186-FA65-4B43-B523-65122CAAA815}.AppStore|Any CPU.Deploy.0 = Debug|Any CPU
		{0B113186-FA65-4B43-B523-65122CAAA815}.AppStore|ARM.ActiveCfg = Debug|Any CPU
		{0B113186-FA65-4B43-B523-65122CAAA815}.AppStore|ARM.Build.0 = Debug|Any CPU
		{0B113186-FA65-4B43-B523-65122CAAA815}.AppStore|ARM.Deploy.0 = Debug|Any CPU
		{0B113186-FA65-4B43-B523-65122CAAA815}.AppStore|iPhone.ActiveCfg = Debug|Any CPU
		{0B113186-FA65-4B43-B523-65122CAAA815}.AppStore|iPhone.Build.0 = Debug|Any CPU
		{0B113186-FA65-4B43-B523-65122CAAA815}.AppStore|iPhone.Deploy.0 = Debug|Any CPU
		{0B113186-FA65-4B43-B523-65122CAAA815}.AppStore|iPhoneSimulator.ActiveCfg = Debug|Any CPU
		{0B113186-FA65-4B43-B523-65122CAAA815}.AppStore|iPhoneSimulator.Build.0 = Debug|Any CPU
		{0B113186-FA65-4B43-B523-65122CAAA815}.AppStore|iPhoneSimulator.Deploy.0 = Debug|Any CPU
		{0B113186-FA65-4B43-B523-65122CAAA815}.AppStore|x64.ActiveCfg = Debug|Any CPU
		{0B113186-FA65-4B43-B523-65122CAAA815}.AppStore|x64.Build.0 = Debug|Any CPU
		{0B113186-FA65-4B43-B523-65122CAAA815}.AppStore|x64.Deploy.0 = Debug|Any CPU
		{0B113186-FA65-4B43-B523-65122CAAA815}.AppStore|x86.ActiveCfg = Debug|Any CPU
		{0B113186-FA65-4B43-B523-65122CAAA815}.AppStore|x86.Build.0 = Debug|Any CPU
		{0B113186-FA65-4B43-B523-65122CAAA815}.AppStore|x86.Deploy.0 = Debug|Any CPU
		{0B113186-FA65-4B43-B523-65122CAAA815}.Debug|Any CPU.ActiveCfg = Debug|Any CPU
		{0B113186-FA65-4B43-B523-65122CAAA815}.Debug|Any CPU.Build.0 = Debug|Any CPU
		{0B113186-FA65-4B43-B523-65122CAAA815}.Debug|Any CPU.Deploy.0 = Debug|Any CPU
		{0B113186-FA65-4B43-B523-65122CAAA815}.Debug|ARM.ActiveCfg = Debug|Any CPU
		{0B113186-FA65-4B43-B523-65122CAAA815}.Debug|ARM.Build.0 = Debug|Any CPU
		{0B113186-FA65-4B43-B523-65122CAAA815}.Debug|ARM.Deploy.0 = Debug|Any CPU
		{0B113186-FA65-4B43-B523-65122CAAA815}.Debug|iPhone.ActiveCfg = Debug|Any CPU
		{0B113186-FA65-4B43-B523-65122CAAA815}.Debug|iPhone.Build.0 = Debug|Any CPU
		{0B113186-FA65-4B43-B523-65122CAAA815}.Debug|iPhone.Deploy.0 = Debug|Any CPU
		{0B113186-FA65-4B43-B523-65122CAAA815}.Debug|iPhoneSimulator.ActiveCfg = Debug|Any CPU
		{0B113186-FA65-4B43-B523-65122CAAA815}.Debug|iPhoneSimulator.Build.0 = Debug|Any CPU
		{0B113186-FA65-4B43-B523-65122CAAA815}.Debug|iPhoneSimulator.Deploy.0 = Debug|Any CPU
		{0B113186-FA65-4B43-B523-65122CAAA815}.Debug|x64.ActiveCfg = Debug|Any CPU
		{0B113186-FA65-4B43-B523-65122CAAA815}.Debug|x64.Build.0 = Debug|Any CPU
		{0B113186-FA65-4B43-B523-65122CAAA815}.Debug|x64.Deploy.0 = Debug|Any CPU
		{0B113186-FA65-4B43-B523-65122CAAA815}.Debug|x86.ActiveCfg = Debug|Any CPU
		{0B113186-FA65-4B43-B523-65122CAAA815}.Debug|x86.Build.0 = Debug|Any CPU
		{0B113186-FA65-4B43-B523-65122CAAA815}.Debug|x86.Deploy.0 = Debug|Any CPU
		{0B113186-FA65-4B43-B523-65122CAAA815}.Release|Any CPU.ActiveCfg = Release|Any CPU
		{0B113186-FA65-4B43-B523-65122CAAA815}.Release|Any CPU.Build.0 = Release|Any CPU
		{0B113186-FA65-4B43-B523-65122CAAA815}.Release|Any CPU.Deploy.0 = Release|Any CPU
		{0B113186-FA65-4B43-B523-65122CAAA815}.Release|ARM.ActiveCfg = Release|Any CPU
		{0B113186-FA65-4B43-B523-65122CAAA815}.Release|ARM.Build.0 = Release|Any CPU
		{0B113186-FA65-4B43-B523-65122CAAA815}.Release|ARM.Deploy.0 = Release|Any CPU
		{0B113186-FA65-4B43-B523-65122CAAA815}.Release|iPhone.ActiveCfg = Release|Any CPU
		{0B113186-FA65-4B43-B523-65122CAAA815}.Release|iPhone.Build.0 = Release|Any CPU
		{0B113186-FA65-4B43-B523-65122CAAA815}.Release|iPhone.Deploy.0 = Release|Any CPU
		{0B113186-FA65-4B43-B523-65122CAAA815}.Release|iPhoneSimulator.ActiveCfg = Release|Any CPU
		{0B113186-FA65-4B43-B523-65122CAAA815}.Release|iPhoneSimulator.Build.0 = Release|Any CPU
		{0B113186-FA65-4B43-B523-65122CAAA815}.Release|iPhoneSimulator.Deploy.0 = Release|Any CPU
		{0B113186-FA65-4B43-B523-65122CAAA815}.Release|x64.ActiveCfg = Release|Any CPU
		{0B113186-FA65-4B43-B523-65122CAAA815}.Release|x64.Build.0 = Release|Any CPU
		{0B113186-FA65-4B43-B523-65122CAAA815}.Release|x64.Deploy.0 = Release|Any CPU
		{0B113186-FA65-4B43-B523-65122CAAA815}.Release|x86.ActiveCfg = Release|Any CPU
		{0B113186-FA65-4B43-B523-65122CAAA815}.Release|x86.Build.0 = Release|Any CPU
		{0B113186-FA65-4B43-B523-65122CAAA815}.Release|x86.Deploy.0 = Release|Any CPU
	EndGlobalSection
	GlobalSection(SolutionProperties) = preSolution
		HideSolutionNode = FALSE
	EndGlobalSection
	GlobalSection(ExtensibilityGlobals) = postSolution
		SolutionGuid = {C1B3FB4D-6D4A-47FD-BAFA-CE4D1A415FCC}
	EndGlobalSection
EndGlobal
