
Microsoft Visual Studio Solution File, Format Version 12.00
# Visual Studio 15
VisualStudioVersion = 15.0.28307.572
MinimumVisualStudioVersion = 10.0.40219.1
Project("{FAE04EC0-301F-11D3-BF4B-00C04F79EFBC}") = "Chapter9.Android", "Chapter9\Chapter9.Android\Chapter9.Android.csproj", "{5CA9A965-0235-451F-BE16-937207F0E1C9}"
EndProject
Project("{FAE04EC0-301F-11D3-BF4B-00C04F79EFBC}") = "Chapter9.iOS", "Chapter9\Chapter9.iOS\Chapter9.iOS.csproj", "{BFB9C77C-75E0-4602-BB85-B045551A1AC5}"
EndProject
Project("{FAE04EC0-301F-11D3-BF4B-00C04F79EFBC}") = "Chapter9.UWP", "Chapter9\Chapter9.UWP\Chapter9.UWP.csproj", "{1B87D15C-22A8-448B-8200-E433EB082A30}"
EndProject
Project("{FAE04EC0-301F-11D3-BF4B-00C04F79EFBC}") = "Chapter9", "Chapter9\Chapter9\Chapter9.csproj", "{103BBE2E-D676-429D-9AE0-4044C5EA238B}"
EndProject
Global
	GlobalSection(SolutionConfigurationPlatforms) = preSolution
		Ad-Hoc|Any CPU = Ad-Hoc|Any CPU
		Ad-Hoc|ARM = Ad-Hoc|ARM
		Ad-Hoc|iPhone = Ad-Hoc|iPhone
		Ad-Hoc|iPhoneSimulator = Ad-Hoc|iPhoneSimulator
		Ad-Hoc|x64 = Ad-Hoc|x64
		Ad-Hoc|x86 = Ad-Hoc|x86
		AppStore|Any CPU = AppStore|Any CPU
		AppStore|ARM = AppStore|ARM
		AppStore|iPhone = AppStore|iPhone
		AppStore|iPhoneSimulator = AppStore|iPhoneSimulator
		AppStore|x64 = AppStore|x64
		AppStore|x86 = AppStore|x86
		Debug|Any CPU = Debug|Any CPU
		Debug|ARM = Debug|ARM
		Debug|iPhone = Debug|iPhone
		Debug|iPhoneSimulator = Debug|iPhoneSimulator
		Debug|x64 = Debug|x64
		Debug|x86 = Debug|x86
		Release|Any CPU = Release|Any CPU
		Release|ARM = Release|ARM
		Release|iPhone = Release|iPhone
		Release|iPhoneSimulator = Release|iPhoneSimulator
		Release|x64 = Release|x64
		Release|x86 = Release|x86
	EndGlobalSection
	GlobalSection(ProjectConfigurationPlatforms) = postSolution
		{5CA9A965-0235-451F-BE16-937207F0E1C9}.Ad-Hoc|Any CPU.ActiveCfg = Release|Any CPU
		{5CA9A965-0235-451F-BE16-937207F0E1C9}.Ad-Hoc|Any CPU.Build.0 = Release|Any CPU
		{5CA9A965-0235-451F-BE16-937207F0E1C9}.Ad-Hoc|Any CPU.Deploy.0 = Release|Any CPU
		{5CA9A965-0235-451F-BE16-937207F0E1C9}.Ad-Hoc|ARM.ActiveCfg = Release|Any CPU
		{5CA9A965-0235-451F-BE16-937207F0E1C9}.Ad-Hoc|ARM.Build.0 = Release|Any CPU
		{5CA9A965-0235-451F-BE16-937207F0E1C9}.Ad-Hoc|ARM.Deploy.0 = Release|Any CPU
		{5CA9A965-0235-451F-BE16-937207F0E1C9}.Ad-Hoc|iPhone.ActiveCfg = Release|Any CPU
		{5CA9A965-0235-451F-BE16-937207F0E1C9}.Ad-Hoc|iPhone.Build.0 = Release|Any CPU
		{5CA9A965-0235-451F-BE16-937207F0E1C9}.Ad-Hoc|iPhone.Deploy.0 = Release|Any CPU
		{5CA9A965-0235-451F-BE16-937207F0E1C9}.Ad-Hoc|iPhoneSimulator.ActiveCfg = Release|Any CPU
		{5CA9A965-0235-451F-BE16-937207F0E1C9}.Ad-Hoc|iPhoneSimulator.Build.0 = Release|Any CPU
		{5CA9A965-0235-451F-BE16-937207F0E1C9}.Ad-Hoc|iPhoneSimulator.Deploy.0 = Release|Any CPU
		{5CA9A965-0235-451F-BE16-937207F0E1C9}.Ad-Hoc|x64.ActiveCfg = Release|Any CPU
		{5CA9A965-0235-451F-BE16-937207F0E1C9}.Ad-Hoc|x64.Build.0 = Release|Any CPU
		{5CA9A965-0235-451F-BE16-937207F0E1C9}.Ad-Hoc|x64.Deploy.0 = Release|Any CPU
		{5CA9A965-0235-451F-BE16-937207F0E1C9}.Ad-Hoc|x86.ActiveCfg = Release|Any CPU
		{5CA9A965-0235-451F-BE16-937207F0E1C9}.Ad-Hoc|x86.Build.0 = Release|Any CPU
		{5CA9A965-0235-451F-BE16-937207F0E1C9}.Ad-Hoc|x86.Deploy.0 = Release|Any CPU
		{5CA9A965-0235-451F-BE16-937207F0E1C9}.AppStore|Any CPU.ActiveCfg = Release|Any CPU
		{5CA9A965-0235-451F-BE16-937207F0E1C9}.AppStore|Any CPU.Build.0 = Release|Any CPU
		{5CA9A965-0235-451F-BE16-937207F0E1C9}.AppStore|Any CPU.Deploy.0 = Release|Any CPU
		{5CA9A965-0235-451F-BE16-937207F0E1C9}.AppStore|ARM.ActiveCfg = Release|Any CPU
		{5CA9A965-0235-451F-BE16-937207F0E1C9}.AppStore|ARM.Build.0 = Release|Any CPU
		{5CA9A965-0235-451F-BE16-937207F0E1C9}.AppStore|ARM.Deploy.0 = Release|Any CPU
		{5CA9A965-0235-451F-BE16-937207F0E1C9}.AppStore|iPhone.ActiveCfg = Release|Any CPU
		{5CA9A965-0235-451F-BE16-937207F0E1C9}.AppStore|iPhone.Build.0 = Release|Any CPU
		{5CA9A965-0235-451F-BE16-937207F0E1C9}.AppStore|iPhone.Deploy.0 = Release|Any CPU
		{5CA9A965-0235-451F-BE16-937207F0E1C9}.AppStore|iPhoneSimulator.ActiveCfg = Release|Any CPU
		{5CA9A965-0235-451F-BE16-937207F0E1C9}.AppStore|iPhoneSimulator.Build.0 = Release|Any CPU
		{5CA9A965-0235-451F-BE16-937207F0E1C9}.AppStore|iPhoneSimulator.Deploy.0 = Release|Any CPU
		{5CA9A965-0235-451F-BE16-937207F0E1C9}.AppStore|x64.ActiveCfg = Release|Any CPU
		{5CA9A965-0235-451F-BE16-937207F0E1C9}.AppStore|x64.Build.0 = Release|Any CPU
		{5CA9A965-0235-451F-BE16-937207F0E1C9}.AppStore|x64.Deploy.0 = Release|Any CPU
		{5CA9A965-0235-451F-BE16-937207F0E1C9}.AppStore|x86.ActiveCfg = Release|Any CPU
		{5CA9A965-0235-451F-BE16-937207F0E1C9}.AppStore|x86.Build.0 = Release|Any CPU
		{5CA9A965-0235-451F-BE16-937207F0E1C9}.AppStore|x86.Deploy.0 = Release|Any CPU
		{5CA9A965-0235-451F-BE16-937207F0E1C9}.Debug|Any CPU.ActiveCfg = Debug|Any CPU
		{5CA9A965-0235-451F-BE16-937207F0E1C9}.Debug|Any CPU.Build.0 = Debug|Any CPU
		{5CA9A965-0235-451F-BE16-937207F0E1C9}.Debug|Any CPU.Deploy.0 = Debug|Any CPU
		{5CA9A965-0235-451F-BE16-937207F0E1C9}.Debug|ARM.ActiveCfg = Debug|Any CPU
		{5CA9A965-0235-451F-BE16-937207F0E1C9}.Debug|ARM.Build.0 = Debug|Any CPU
		{5CA9A965-0235-451F-BE16-937207F0E1C9}.Debug|ARM.Deploy.0 = Debug|Any CPU
		{5CA9A965-0235-451F-BE16-937207F0E1C9}.Debug|iPhone.ActiveCfg = Debug|Any CPU
		{5CA9A965-0235-451F-BE16-937207F0E1C9}.Debug|iPhone.Build.0 = Debug|Any CPU
		{5CA9A965-0235-451F-BE16-937207F0E1C9}.Debug|iPhone.Deploy.0 = Debug|Any CPU
		{5CA9A965-0235-451F-BE16-937207F0E1C9}.Debug|iPhoneSimulator.ActiveCfg = Debug|Any CPU
		{5CA9A965-0235-451F-BE16-937207F0E1C9}.Debug|iPhoneSimulator.Build.0 = Debug|Any CPU
		{5CA9A965-0235-451F-BE16-937207F0E1C9}.Debug|iPhoneSimulator.Deploy.0 = Debug|Any CPU
		{5CA9A965-0235-451F-BE16-937207F0E1C9}.Debug|x64.ActiveCfg = Debug|Any CPU
		{5CA9A965-0235-451F-BE16-937207F0E1C9}.Debug|x64.Build.0 = Debug|Any CPU
		{5CA9A965-0235-451F-BE16-937207F0E1C9}.Debug|x64.Deploy.0 = Debug|Any CPU
		{5CA9A965-0235-451F-BE16-937207F0E1C9}.Debug|x86.ActiveCfg = Debug|Any CPU
		{5CA9A965-0235-451F-BE16-937207F0E1C9}.Debug|x86.Build.0 = Debug|Any CPU
		{5CA9A965-0235-451F-BE16-937207F0E1C9}.Debug|x86.Deploy.0 = Debug|Any CPU
		{5CA9A965-0235-451F-BE16-937207F0E1C9}.Release|Any CPU.ActiveCfg = Release|Any CPU
		{5CA9A965-0235-451F-BE16-937207F0E1C9}.Release|Any CPU.Build.0 = Release|Any CPU
		{5CA9A965-0235-451F-BE16-937207F0E1C9}.Release|Any CPU.Deploy.0 = Release|Any CPU
		{5CA9A965-0235-451F-BE16-937207F0E1C9}.Release|ARM.ActiveCfg = Release|Any CPU
		{5CA9A965-0235-451F-BE16-937207F0E1C9}.Release|ARM.Build.0 = Release|Any CPU
		{5CA9A965-0235-451F-BE16-937207F0E1C9}.Release|ARM.Deploy.0 = Release|Any CPU
		{5CA9A965-0235-451F-BE16-937207F0E1C9}.Release|iPhone.ActiveCfg = Release|Any CPU
		{5CA9A965-0235-451F-BE16-937207F0E1C9}.Release|iPhone.Build.0 = Release|Any CPU
		{5CA9A965-0235-451F-BE16-937207F0E1C9}.Release|iPhone.Deploy.0 = Release|Any CPU
		{5CA9A965-0235-451F-BE16-937207F0E1C9}.Release|iPhoneSimulator.ActiveCfg = Release|Any CPU
		{5CA9A965-0235-451F-BE16-937207F0E1C9}.Release|iPhoneSimulator.Build.0 = Release|Any CPU
		{5CA9A965-0235-451F-BE16-937207F0E1C9}.Release|iPhoneSimulator.Deploy.0 = Release|Any CPU
		{5CA9A965-0235-451F-BE16-937207F0E1C9}.Release|x64.ActiveCfg = Release|Any CPU
		{5CA9A965-0235-451F-BE16-937207F0E1C9}.Release|x64.Build.0 = Release|Any CPU
		{5CA9A965-0235-451F-BE16-937207F0E1C9}.Release|x64.Deploy.0 = Release|Any CPU
		{5CA9A965-0235-451F-BE16-937207F0E1C9}.Release|x86.ActiveCfg = Release|Any CPU
		{5CA9A965-0235-451F-BE16-937207F0E1C9}.Release|x86.Build.0 = Release|Any CPU
		{5CA9A965-0235-451F-BE16-937207F0E1C9}.Release|x86.Deploy.0 = Release|Any CPU
		{BFB9C77C-75E0-4602-BB85-B045551A1AC5}.Ad-Hoc|Any CPU.ActiveCfg = Ad-Hoc|iPhone
		{BFB9C77C-75E0-4602-BB85-B045551A1AC5}.Ad-Hoc|Any CPU.Build.0 = Ad-Hoc|iPhone
		{BFB9C77C-75E0-4602-BB85-B045551A1AC5}.Ad-Hoc|Any CPU.Deploy.0 = Ad-Hoc|iPhone
		{BFB9C77C-75E0-4602-BB85-B045551A1AC5}.Ad-Hoc|ARM.ActiveCfg = Ad-Hoc|iPhone
		{BFB9C77C-75E0-4602-BB85-B045551A1AC5}.Ad-Hoc|ARM.Build.0 = Ad-Hoc|iPhone
		{BFB9C77C-75E0-4602-BB85-B045551A1AC5}.Ad-Hoc|ARM.Deploy.0 = Ad-Hoc|iPhone
		{BFB9C77C-75E0-4602-BB85-B045551A1AC5}.Ad-Hoc|iPhone.ActiveCfg = Ad-Hoc|iPhone
		{BFB9C77C-75E0-4602-BB85-B045551A1AC5}.Ad-Hoc|iPhone.Build.0 = Ad-Hoc|iPhone
		{BFB9C77C-75E0-4602-BB85-B045551A1AC5}.Ad-Hoc|iPhone.Deploy.0 = Ad-Hoc|iPhone
		{BFB9C77C-75E0-4602-BB85-B045551A1AC5}.Ad-Hoc|iPhoneSimulator.ActiveCfg = Ad-Hoc|iPhoneSimulator
		{BFB9C77C-75E0-4602-BB85-B045551A1AC5}.Ad-Hoc|iPhoneSimulator.Build.0 = Ad-Hoc|iPhoneSimulator
		{BFB9C77C-75E0-4602-BB85-B045551A1AC5}.Ad-Hoc|iPhoneSimulator.Deploy.0 = Ad-Hoc|iPhoneSimulator
		{BFB9C77C-75E0-4602-BB85-B045551A1AC5}.Ad-Hoc|x64.ActiveCfg = Ad-Hoc|iPhone
		{BFB9C77C-75E0-4602-BB85-B045551A1AC5}.Ad-Hoc|x64.Build.0 = Ad-Hoc|iPhone
		{BFB9C77C-75E0-4602-BB85-B045551A1AC5}.Ad-Hoc|x64.Deploy.0 = Ad-Hoc|iPhone
		{BFB9C77C-75E0-4602-BB85-B045551A1AC5}.Ad-Hoc|x86.ActiveCfg = Ad-Hoc|iPhone
		{BFB9C77C-75E0-4602-BB85-B045551A1AC5}.Ad-Hoc|x86.Build.0 = Ad-Hoc|iPhone
		{BFB9C77C-75E0-4602-BB85-B045551A1AC5}.Ad-Hoc|x86.Deploy.0 = Ad-Hoc|iPhone
		{BFB9C77C-75E0-4602-BB85-B045551A1AC5}.AppStore|Any CPU.ActiveCfg = AppStore|iPhone
		{BFB9C77C-75E0-4602-BB85-B045551A1AC5}.AppStore|Any CPU.Build.0 = AppStore|iPhone
		{BFB9C77C-75E0-4602-BB85-B045551A1AC5}.AppStore|Any CPU.Deploy.0 = AppStore|iPhone
		{BFB9C77C-75E0-4602-BB85-B045551A1AC5}.AppStore|ARM.ActiveCfg = AppStore|iPhone
		{BFB9C77C-75E0-4602-BB85-B045551A1AC5}.AppStore|ARM.Build.0 = AppStore|iPhone
		{BFB9C77C-75E0-4602-BB85-B045551A1AC5}.AppStore|ARM.Deploy.0 = AppStore|iPhone
		{BFB9C77C-75E0-4602-BB85-B045551A1AC5}.AppStore|iPhone.ActiveCfg = AppStore|iPhone
		{BFB9C77C-75E0-4602-BB85-B045551A1AC5}.AppStore|iPhone.Build.0 = AppStore|iPhone
		{BFB9C77C-75E0-4602-BB85-B045551A1AC5}.AppStore|iPhone.Deploy.0 = AppStore|iPhone
		{BFB9C77C-75E0-4602-BB85-B045551A1AC5}.AppStore|iPhoneSimulator.ActiveCfg = AppStore|iPhoneSimulator
		{BFB9C77C-75E0-4602-BB85-B045551A1AC5}.AppStore|iPhoneSimulator.Build.0 = AppStore|iPhoneSimulator
		{BFB9C77C-75E0-4602-BB85-B045551A1AC5}.AppStore|iPhoneSimulator.Deploy.0 = AppStore|iPhoneSimulator
		{BFB9C77C-75E0-4602-BB85-B045551A1AC5}.AppStore|x64.ActiveCfg = AppStore|iPhone
		{BFB9C77C-75E0-4602-BB85-B045551A1AC5}.AppStore|x64.Build.0 = AppStore|iPhone
		{BFB9C77C-75E0-4602-BB85-B045551A1AC5}.AppStore|x64.Deploy.0 = AppStore|iPhone
		{BFB9C77C-75E0-4602-BB85-B045551A1AC5}.AppStore|x86.ActiveCfg = AppStore|iPhone
		{BFB9C77C-75E0-4602-BB85-B045551A1AC5}.AppStore|x86.Build.0 = AppStore|iPhone
		{BFB9C77C-75E0-4602-BB85-B045551A1AC5}.AppStore|x86.Deploy.0 = AppStore|iPhone
		{BFB9C77C-75E0-4602-BB85-B045551A1AC5}.Debug|Any CPU.ActiveCfg = Debug|iPhoneSimulator
		{BFB9C77C-75E0-4602-BB85-B045551A1AC5}.Debug|Any CPU.Build.0 = Debug|iPhoneSimulator
		{BFB9C77C-75E0-4602-BB85-B045551A1AC5}.Debug|Any CPU.Deploy.0 = Debug|iPhoneSimulator
		{BFB9C77C-75E0-4602-BB85-B045551A1AC5}.Debug|ARM.ActiveCfg = Debug|iPhone
		{BFB9C77C-75E0-4602-BB85-B045551A1AC5}.Debug|ARM.Build.0 = Debug|iPhone
		{BFB9C77C-75E0-4602-BB85-B045551A1AC5}.Debug|ARM.Deploy.0 = Debug|iPhone
		{BFB9C77C-75E0-4602-BB85-B045551A1AC5}.Debug|iPhone.ActiveCfg = Debug|iPhone
		{BFB9C77C-75E0-4602-BB85-B045551A1AC5}.Debug|iPhone.Build.0 = Debug|iPhone
		{BFB9C77C-75E0-4602-BB85-B045551A1AC5}.Debug|iPhone.Deploy.0 = Debug|iPhone
		{BFB9C77C-75E0-4602-BB85-B045551A1AC5}.Debug|iPhoneSimulator.ActiveCfg = Debug|iPhoneSimulator
		{BFB9C77C-75E0-4602-BB85-B045551A1AC5}.Debug|iPhoneSimulator.Build.0 = Debug|iPhoneSimulator
		{BFB9C77C-75E0-4602-BB85-B045551A1AC5}.Debug|iPhoneSimulator.Deploy.0 = Debug|iPhoneSimulator
		{BFB9C77C-75E0-4602-BB85-B045551A1AC5}.Debug|x64.ActiveCfg = Debug|iPhone
		{BFB9C77C-75E0-4602-BB85-B045551A1AC5}.Debug|x64.Build.0 = Debug|iPhone
		{BFB9C77C-75E0-4602-BB85-B045551A1AC5}.Debug|x64.Deploy.0 = Debug|iPhone
		{BFB9C77C-75E0-4602-BB85-B045551A1AC5}.Debug|x86.ActiveCfg = Debug|iPhone
		{BFB9C77C-75E0-4602-BB85-B045551A1AC5}.Debug|x86.Build.0 = Debug|iPhone
		{BFB9C77C-75E0-4602-BB85-B045551A1AC5}.Debug|x86.Deploy.0 = Debug|iPhone
		{BFB9C77C-75E0-4602-BB85-B045551A1AC5}.Release|Any CPU.ActiveCfg = Release|iPhone
		{BFB9C77C-75E0-4602-BB85-B045551A1AC5}.Release|Any CPU.Build.0 = Release|iPhone
		{BFB9C77C-75E0-4602-BB85-B045551A1AC5}.Release|Any CPU.Deploy.0 = Release|iPhone
		{BFB9C77C-75E0-4602-BB85-B045551A1AC5}.Release|ARM.ActiveCfg = Release|iPhone
		{BFB9C77C-75E0-4602-BB85-B045551A1AC5}.Release|ARM.Build.0 = Release|iPhone
		{BFB9C77C-75E0-4602-BB85-B045551A1AC5}.Release|ARM.Deploy.0 = Release|iPhone
		{BFB9C77C-75E0-4602-BB85-B045551A1AC5}.Release|iPhone.ActiveCfg = Release|iPhone
		{BFB9C77C-75E0-4602-BB85-B045551A1AC5}.Release|iPhone.Build.0 = Release|iPhone
		{BFB9C77C-75E0-4602-BB85-B045551A1AC5}.Release|iPhone.Deploy.0 = Release|iPhone
		{BFB9C77C-75E0-4602-BB85-B045551A1AC5}.Release|iPhoneSimulator.ActiveCfg = Release|iPhoneSimulator
		{BFB9C77C-75E0-4602-BB85-B045551A1AC5}.Release|iPhoneSimulator.Build.0 = Release|iPhoneSimulator
		{BFB9C77C-75E0-4602-BB85-B045551A1AC5}.Release|iPhoneSimulator.Deploy.0 = Release|iPhoneSimulator
		{BFB9C77C-75E0-4602-BB85-B045551A1AC5}.Release|x64.ActiveCfg = Release|iPhone
		{BFB9C77C-75E0-4602-BB85-B045551A1AC5}.Release|x64.Build.0 = Release|iPhone
		{BFB9C77C-75E0-4602-BB85-B045551A1AC5}.Release|x64.Deploy.0 = Release|iPhone
		{BFB9C77C-75E0-4602-BB85-B045551A1AC5}.Release|x86.ActiveCfg = Release|iPhone
		{BFB9C77C-75E0-4602-BB85-B045551A1AC5}.Release|x86.Build.0 = Release|iPhone
		{BFB9C77C-75E0-4602-BB85-B045551A1AC5}.Release|x86.Deploy.0 = Release|iPhone
		{1B87D15C-22A8-448B-8200-E433EB082A30}.Ad-Hoc|Any CPU.ActiveCfg = Release|x86
		{1B87D15C-22A8-448B-8200-E433EB082A30}.Ad-Hoc|Any CPU.Build.0 = Release|x86
		{1B87D15C-22A8-448B-8200-E433EB082A30}.Ad-Hoc|Any CPU.Deploy.0 = Release|x86
		{1B87D15C-22A8-448B-8200-E433EB082A30}.Ad-Hoc|ARM.ActiveCfg = Release|ARM
		{1B87D15C-22A8-448B-8200-E433EB082A30}.Ad-Hoc|ARM.Build.0 = Release|ARM
		{1B87D15C-22A8-448B-8200-E433EB082A30}.Ad-Hoc|ARM.Deploy.0 = Release|ARM
		{1B87D15C-22A8-448B-8200-E433EB082A30}.Ad-Hoc|iPhone.ActiveCfg = Release|x86
		{1B87D15C-22A8-448B-8200-E433EB082A30}.Ad-Hoc|iPhone.Build.0 = Release|x86
		{1B87D15C-22A8-448B-8200-E433EB082A30}.Ad-Hoc|iPhone.Deploy.0 = Release|x86
		{1B87D15C-22A8-448B-8200-E433EB082A30}.Ad-Hoc|iPhoneSimulator.ActiveCfg = Release|x86
		{1B87D15C-22A8-448B-8200-E433EB082A30}.Ad-Hoc|iPhoneSimulator.Build.0 = Release|x86
		{1B87D15C-22A8-448B-8200-E433EB082A30}.Ad-Hoc|iPhoneSimulator.Deploy.0 = Release|x86
		{1B87D15C-22A8-448B-8200-E433EB082A30}.Ad-Hoc|x64.ActiveCfg = Release|x64
		{1B87D15C-22A8-448B-8200-E433EB082A30}.Ad-Hoc|x64.Build.0 = Release|x64
		{1B87D15C-22A8-448B-8200-E433EB082A30}.Ad-Hoc|x64.Deploy.0 = Release|x64
		{1B87D15C-22A8-448B-8200-E433EB082A30}.Ad-Hoc|x86.ActiveCfg = Release|x86
		{1B87D15C-22A8-448B-8200-E433EB082A30}.Ad-Hoc|x86.Build.0 = Release|x86
		{1B87D15C-22A8-448B-8200-E433EB082A30}.Ad-Hoc|x86.Deploy.0 = Release|x86
		{1B87D15C-22A8-448B-8200-E433EB082A30}.AppStore|Any CPU.ActiveCfg = Release|x86
		{1B87D15C-22A8-448B-8200-E433EB082A30}.AppStore|Any CPU.Build.0 = Release|x86
		{1B87D15C-22A8-448B-8200-E433EB082A30}.AppStore|Any CPU.Deploy.0 = Release|x86
		{1B87D15C-22A8-448B-8200-E433EB082A30}.AppStore|ARM.ActiveCfg = Release|ARM
		{1B87D15C-22A8-448B-8200-E433EB082A30}.AppStore|ARM.Build.0 = Release|ARM
		{1B87D15C-22A8-448B-8200-E433EB082A30}.AppStore|ARM.Deploy.0 = Release|ARM
		{1B87D15C-22A8-448B-8200-E433EB082A30}.AppStore|iPhone.ActiveCfg = Release|x86
		{1B87D15C-22A8-448B-8200-E433EB082A30}.AppStore|iPhone.Build.0 = Release|x86
		{1B87D15C-22A8-448B-8200-E433EB082A30}.AppStore|iPhone.Deploy.0 = Release|x86
		{1B87D15C-22A8-448B-8200-E433EB082A30}.AppStore|iPhoneSimulator.ActiveCfg = Release|x86
		{1B87D15C-22A8-448B-8200-E433EB082A30}.AppStore|iPhoneSimulator.Build.0 = Release|x86
		{1B87D15C-22A8-448B-8200-E433EB082A30}.AppStore|iPhoneSimulator.Deploy.0 = Release|x86
		{1B87D15C-22A8-448B-8200-E433EB082A30}.AppStore|x64.ActiveCfg = Release|x64
		{1B87D15C-22A8-448B-8200-E433EB082A30}.AppStore|x64.Build.0 = Release|x64
		{1B87D15C-22A8-448B-8200-E433EB082A30}.AppStore|x64.Deploy.0 = Release|x64
		{1B87D15C-22A8-448B-8200-E433EB082A30}.AppStore|x86.ActiveCfg = Release|x86
		{1B87D15C-22A8-448B-8200-E433EB082A30}.AppStore|x86.Build.0 = Release|x86
		{1B87D15C-22A8-448B-8200-E433EB082A30}.AppStore|x86.Deploy.0 = Release|x86
		{1B87D15C-22A8-448B-8200-E433EB082A30}.Debug|Any CPU.ActiveCfg = Debug|x86
		{1B87D15C-22A8-448B-8200-E433EB082A30}.Debug|Any CPU.Build.0 = Debug|x86
		{1B87D15C-22A8-448B-8200-E433EB082A30}.Debug|Any CPU.Deploy.0 = Debug|x86
		{1B87D15C-22A8-448B-8200-E433EB082A30}.Debug|ARM.ActiveCfg = Debug|ARM
		{1B87D15C-22A8-448B-8200-E433EB082A30}.Debug|ARM.Build.0 = Debug|ARM
		{1B87D15C-22A8-448B-8200-E433EB082A30}.Debug|ARM.Deploy.0 = Debug|ARM
		{1B87D15C-22A8-448B-8200-E433EB082A30}.Debug|iPhone.ActiveCfg = Debug|x86
		{1B87D15C-22A8-448B-8200-E433EB082A30}.Debug|iPhone.Build.0 = Debug|x86
		{1B87D15C-22A8-448B-8200-E433EB082A30}.Debug|iPhone.Deploy.0 = Debug|x86
		{1B87D15C-22A8-448B-8200-E433EB082A30}.Debug|iPhoneSimulator.ActiveCfg = Debug|x86
		{1B87D15C-22A8-448B-8200-E433EB082A30}.Debug|iPhoneSimulator.Build.0 = Debug|x86
		{1B87D15C-22A8-448B-8200-E433EB082A30}.Debug|iPhoneSimulator.Deploy.0 = Debug|x86
		{1B87D15C-22A8-448B-8200-E433EB082A30}.Debug|x64.ActiveCfg = Debug|x64
		{1B87D15C-22A8-448B-8200-E433EB082A30}.Debug|x64.Build.0 = Debug|x64
		{1B87D15C-22A8-448B-8200-E433EB082A30}.Debug|x64.Deploy.0 = Debug|x64
		{1B87D15C-22A8-448B-8200-E433EB082A30}.Debug|x86.ActiveCfg = Debug|x86
		{1B87D15C-22A8-448B-8200-E433EB082A30}.Debug|x86.Build.0 = Debug|x86
		{1B87D15C-22A8-448B-8200-E433EB082A30}.Debug|x86.Deploy.0 = Debug|x86
		{1B87D15C-22A8-448B-8200-E433EB082A30}.Release|Any CPU.ActiveCfg = Release|x86
		{1B87D15C-22A8-448B-8200-E433EB082A30}.Release|Any CPU.Build.0 = Release|x86
		{1B87D15C-22A8-448B-8200-E433EB082A30}.Release|Any CPU.Deploy.0 = Release|x86
		{1B87D15C-22A8-448B-8200-E433EB082A30}.Release|ARM.ActiveCfg = Release|ARM
		{1B87D15C-22A8-448B-8200-E433EB082A30}.Release|ARM.Build.0 = Release|ARM
		{1B87D15C-22A8-448B-8200-E433EB082A30}.Release|ARM.Deploy.0 = Release|ARM
		{1B87D15C-22A8-448B-8200-E433EB082A30}.Release|iPhone.ActiveCfg = Release|x86
		{1B87D15C-22A8-448B-8200-E433EB082A30}.Release|iPhone.Build.0 = Release|x86
		{1B87D15C-22A8-448B-8200-E433EB082A30}.Release|iPhone.Deploy.0 = Release|x86
		{1B87D15C-22A8-448B-8200-E433EB082A30}.Release|iPhoneSimulator.ActiveCfg = Release|x86
		{1B87D15C-22A8-448B-8200-E433EB082A30}.Release|iPhoneSimulator.Build.0 = Release|x86
		{1B87D15C-22A8-448B-8200-E433EB082A30}.Release|iPhoneSimulator.Deploy.0 = Release|x86
		{1B87D15C-22A8-448B-8200-E433EB082A30}.Release|x64.ActiveCfg = Release|x64
		{1B87D15C-22A8-448B-8200-E433EB082A30}.Release|x64.Build.0 = Release|x64
		{1B87D15C-22A8-448B-8200-E433EB082A30}.Release|x64.Deploy.0 = Release|x64
		{1B87D15C-22A8-448B-8200-E433EB082A30}.Release|x86.ActiveCfg = Release|x86
		{1B87D15C-22A8-448B-8200-E433EB082A30}.Release|x86.Build.0 = Release|x86
		{1B87D15C-22A8-448B-8200-E433EB082A30}.Release|x86.Deploy.0 = Release|x86
		{103BBE2E-D676-429D-9AE0-4044C5EA238B}.Ad-Hoc|Any CPU.ActiveCfg = Debug|Any CPU
		{103BBE2E-D676-429D-9AE0-4044C5EA238B}.Ad-Hoc|Any CPU.Build.0 = Debug|Any CPU
		{103BBE2E-D676-429D-9AE0-4044C5EA238B}.Ad-Hoc|Any CPU.Deploy.0 = Debug|Any CPU
		{103BBE2E-D676-429D-9AE0-4044C5EA238B}.Ad-Hoc|ARM.ActiveCfg = Debug|Any CPU
		{103BBE2E-D676-429D-9AE0-4044C5EA238B}.Ad-Hoc|ARM.Build.0 = Debug|Any CPU
		{103BBE2E-D676-429D-9AE0-4044C5EA238B}.Ad-Hoc|ARM.Deploy.0 = Debug|Any CPU
		{103BBE2E-D676-429D-9AE0-4044C5EA238B}.Ad-Hoc|iPhone.ActiveCfg = Debug|Any CPU
		{103BBE2E-D676-429D-9AE0-4044C5EA238B}.Ad-Hoc|iPhone.Build.0 = Debug|Any CPU
		{103BBE2E-D676-429D-9AE0-4044C5EA238B}.Ad-Hoc|iPhone.Deploy.0 = Debug|Any CPU
		{103BBE2E-D676-429D-9AE0-4044C5EA238B}.Ad-Hoc|iPhoneSimulator.ActiveCfg = Debug|Any CPU
		{103BBE2E-D676-429D-9AE0-4044C5EA238B}.Ad-Hoc|iPhoneSimulator.Build.0 = Debug|Any CPU
		{103BBE2E-D676-429D-9AE0-4044C5EA238B}.Ad-Hoc|iPhoneSimulator.Deploy.0 = Debug|Any CPU
		{103BBE2E-D676-429D-9AE0-4044C5EA238B}.Ad-Hoc|x64.ActiveCfg = Debug|Any CPU
		{103BBE2E-D676-429D-9AE0-4044C5EA238B}.Ad-Hoc|x64.Build.0 = Debug|Any CPU
		{103BBE2E-D676-429D-9AE0-4044C5EA238B}.Ad-Hoc|x64.Deploy.0 = Debug|Any CPU
		{103BBE2E-D676-429D-9AE0-4044C5EA238B}.Ad-Hoc|x86.ActiveCfg = Debug|Any CPU
		{103BBE2E-D676-429D-9AE0-4044C5EA238B}.Ad-Hoc|x86.Build.0 = Debug|Any CPU
		{103BBE2E-D676-429D-9AE0-4044C5EA238B}.Ad-Hoc|x86.Deploy.0 = Debug|Any CPU
		{103BBE2E-D676-429D-9AE0-4044C5EA238B}.AppStore|Any CPU.ActiveCfg = Debug|Any CPU
		{103BBE2E-D676-429D-9AE0-4044C5EA238B}.AppStore|Any CPU.Build.0 = Debug|Any CPU
		{103BBE2E-D676-429D-9AE0-4044C5EA238B}.AppStore|Any CPU.Deploy.0 = Debug|Any CPU
		{103BBE2E-D676-429D-9AE0-4044C5EA238B}.AppStore|ARM.ActiveCfg = Debug|Any CPU
		{103BBE2E-D676-429D-9AE0-4044C5EA238B}.AppStore|ARM.Build.0 = Debug|Any CPU
		{103BBE2E-D676-429D-9AE0-4044C5EA238B}.AppStore|ARM.Deploy.0 = Debug|Any CPU
		{103BBE2E-D676-429D-9AE0-4044C5EA238B}.AppStore|iPhone.ActiveCfg = Debug|Any CPU
		{103BBE2E-D676-429D-9AE0-4044C5EA238B}.AppStore|iPhone.Build.0 = Debug|Any CPU
		{103BBE2E-D676-429D-9AE0-4044C5EA238B}.AppStore|iPhone.Deploy.0 = Debug|Any CPU
		{103BBE2E-D676-429D-9AE0-4044C5EA238B}.AppStore|iPhoneSimulator.ActiveCfg = Debug|Any CPU
		{103BBE2E-D676-429D-9AE0-4044C5EA238B}.AppStore|iPhoneSimulator.Build.0 = Debug|Any CPU
		{103BBE2E-D676-429D-9AE0-4044C5EA238B}.AppStore|iPhoneSimulator.Deploy.0 = Debug|Any CPU
		{103BBE2E-D676-429D-9AE0-4044C5EA238B}.AppStore|x64.ActiveCfg = Debug|Any CPU
		{103BBE2E-D676-429D-9AE0-4044C5EA238B}.AppStore|x64.Build.0 = Debug|Any CPU
		{103BBE2E-D676-429D-9AE0-4044C5EA238B}.AppStore|x64.Deploy.0 = Debug|Any CPU
		{103BBE2E-D676-429D-9AE0-4044C5EA238B}.AppStore|x86.ActiveCfg = Debug|Any CPU
		{103BBE2E-D676-429D-9AE0-4044C5EA238B}.AppStore|x86.Build.0 = Debug|Any CPU
		{103BBE2E-D676-429D-9AE0-4044C5EA238B}.AppStore|x86.Deploy.0 = Debug|Any CPU
		{103BBE2E-D676-429D-9AE0-4044C5EA238B}.Debug|Any CPU.ActiveCfg = Debug|Any CPU
		{103BBE2E-D676-429D-9AE0-4044C5EA238B}.Debug|Any CPU.Build.0 = Debug|Any CPU
		{103BBE2E-D676-429D-9AE0-4044C5EA238B}.Debug|Any CPU.Deploy.0 = Debug|Any CPU
		{103BBE2E-D676-429D-9AE0-4044C5EA238B}.Debug|ARM.ActiveCfg = Debug|Any CPU
		{103BBE2E-D676-429D-9AE0-4044C5EA238B}.Debug|ARM.Build.0 = Debug|Any CPU
		{103BBE2E-D676-429D-9AE0-4044C5EA238B}.Debug|ARM.Deploy.0 = Debug|Any CPU
		{103BBE2E-D676-429D-9AE0-4044C5EA238B}.Debug|iPhone.ActiveCfg = Debug|Any CPU
		{103BBE2E-D676-429D-9AE0-4044C5EA238B}.Debug|iPhone.Build.0 = Debug|Any CPU
		{103BBE2E-D676-429D-9AE0-4044C5EA238B}.Debug|iPhone.Deploy.0 = Debug|Any CPU
		{103BBE2E-D676-429D-9AE0-4044C5EA238B}.Debug|iPhoneSimulator.ActiveCfg = Debug|Any CPU
		{103BBE2E-D676-429D-9AE0-4044C5EA238B}.Debug|iPhoneSimulator.Build.0 = Debug|Any CPU
		{103BBE2E-D676-429D-9AE0-4044C5EA238B}.Debug|iPhoneSimulator.Deploy.0 = Debug|Any CPU
		{103BBE2E-D676-429D-9AE0-4044C5EA238B}.Debug|x64.ActiveCfg = Debug|Any CPU
		{103BBE2E-D676-429D-9AE0-4044C5EA238B}.Debug|x64.Build.0 = Debug|Any CPU
		{103BBE2E-D676-429D-9AE0-4044C5EA238B}.Debug|x64.Deploy.0 = Debug|Any CPU
		{103BBE2E-D676-429D-9AE0-4044C5EA238B}.Debug|x86.ActiveCfg = Debug|Any CPU
		{103BBE2E-D676-429D-9AE0-4044C5EA238B}.Debug|x86.Build.0 = Debug|Any CPU
		{103BBE2E-D676-429D-9AE0-4044C5EA238B}.Debug|x86.Deploy.0 = Debug|Any CPU
		{103BBE2E-D676-429D-9AE0-4044C5EA238B}.Release|Any CPU.ActiveCfg = Release|Any CPU
		{103BBE2E-D676-429D-9AE0-4044C5EA238B}.Release|Any CPU.Build.0 = Release|Any CPU
		{103BBE2E-D676-429D-9AE0-4044C5EA238B}.Release|Any CPU.Deploy.0 = Release|Any CPU
		{103BBE2E-D676-429D-9AE0-4044C5EA238B}.Release|ARM.ActiveCfg = Release|Any CPU
		{103BBE2E-D676-429D-9AE0-4044C5EA238B}.Release|ARM.Build.0 = Release|Any CPU
		{103BBE2E-D676-429D-9AE0-4044C5EA238B}.Release|ARM.Deploy.0 = Release|Any CPU
		{103BBE2E-D676-429D-9AE0-4044C5EA238B}.Release|iPhone.ActiveCfg = Release|Any CPU
		{103BBE2E-D676-429D-9AE0-4044C5EA238B}.Release|iPhone.Build.0 = Release|Any CPU
		{103BBE2E-D676-429D-9AE0-4044C5EA238B}.Release|iPhone.Deploy.0 = Release|Any CPU
		{103BBE2E-D676-429D-9AE0-4044C5EA238B}.Release|iPhoneSimulator.ActiveCfg = Release|Any CPU
		{103BBE2E-D676-429D-9AE0-4044C5EA238B}.Release|iPhoneSimulator.Build.0 = Release|Any CPU
		{103BBE2E-D676-429D-9AE0-4044C5EA238B}.Release|iPhoneSimulator.Deploy.0 = Release|Any CPU
		{103BBE2E-D676-429D-9AE0-4044C5EA238B}.Release|x64.ActiveCfg = Release|Any CPU
		{103BBE2E-D676-429D-9AE0-4044C5EA238B}.Release|x64.Build.0 = Release|Any CPU
		{103BBE2E-D676-429D-9AE0-4044C5EA238B}.Release|x64.Deploy.0 = Release|Any CPU
		{103BBE2E-D676-429D-9AE0-4044C5EA238B}.Release|x86.ActiveCfg = Release|Any CPU
		{103BBE2E-D676-429D-9AE0-4044C5EA238B}.Release|x86.Build.0 = Release|Any CPU
		{103BBE2E-D676-429D-9AE0-4044C5EA238B}.Release|x86.Deploy.0 = Release|Any CPU
	EndGlobalSection
	GlobalSection(SolutionProperties) = preSolution
		HideSolutionNode = FALSE
	EndGlobalSection
	GlobalSection(ExtensibilityGlobals) = postSolution
		SolutionGuid = {D1C0DA36-5C7A-48B6-90FC-5AE03CAD725C}
	EndGlobalSection
EndGlobal
