
Microsoft Visual Studio Solution File, Format Version 12.00
# Visual Studio 15
VisualStudioVersion = 15.0.28307.572
MinimumVisualStudioVersion = 10.0.40219.1
Project("{FAE04EC0-301F-11D3-BF4B-00C04F79EFBC}") = "Chapter8.Android", "Chapter8\Chapter8.Android\Chapter8.Android.csproj", "{A71F9E7B-8E51-4CD7-8989-BF74669E721B}"
EndProject
Project("{FAE04EC0-301F-11D3-BF4B-00C04F79EFBC}") = "Chapter8.iOS", "Chapter8\Chapter8.iOS\Chapter8.iOS.csproj", "{E29D27A2-CC15-4D5F-BED5-CD9740396635}"
EndProject
Project("{FAE04EC0-301F-11D3-BF4B-00C04F79EFBC}") = "Chapter8.UWP", "Chapter8\Chapter8.UWP\Chapter8.UWP.csproj", "{D299886B-B091-4E20-A3C0-269AE33FC742}"
EndProject
Project("{FAE04EC0-301F-11D3-BF4B-00C04F79EFBC}") = "Chapter8", "Chapter8\Chapter8\Chapter8.csproj", "{275674BA-A69A-4EA1-8B87-0ABD6529910F}"
EndProject
Global
	GlobalSection(SolutionConfigurationPlatforms) = preSolution
		Ad-Hoc|Any CPU = Ad-Hoc|Any CPU
		Ad-Hoc|ARM = Ad-Hoc|ARM
		Ad-Hoc|iPhone = Ad-Hoc|iPhone
		Ad-Hoc|iPhoneSimulator = Ad-Hoc|iPhoneSimulator
		Ad-Hoc|x64 = Ad-Hoc|x64
		Ad-Hoc|x86 = Ad-Hoc|x86
		AppStore|Any CPU = AppStore|Any CPU
		AppStore|ARM = AppStore|ARM
		AppStore|iPhone = AppStore|iPhone
		AppStore|iPhoneSimulator = AppStore|iPhoneSimulator
		AppStore|x64 = AppStore|x64
		AppStore|x86 = AppStore|x86
		Debug|Any CPU = Debug|Any CPU
		Debug|ARM = Debug|ARM
		Debug|iPhone = Debug|iPhone
		Debug|iPhoneSimulator = Debug|iPhoneSimulator
		Debug|x64 = Debug|x64
		Debug|x86 = Debug|x86
		Release|Any CPU = Release|Any CPU
		Release|ARM = Release|ARM
		Release|iPhone = Release|iPhone
		Release|iPhoneSimulator = Release|iPhoneSimulator
		Release|x64 = Release|x64
		Release|x86 = Release|x86
	EndGlobalSection
	GlobalSection(ProjectConfigurationPlatforms) = postSolution
		{A71F9E7B-8E51-4CD7-8989-BF74669E721B}.Ad-Hoc|Any CPU.ActiveCfg = Release|Any CPU
		{A71F9E7B-8E51-4CD7-8989-BF74669E721B}.Ad-Hoc|Any CPU.Build.0 = Release|Any CPU
		{A71F9E7B-8E51-4CD7-8989-BF74669E721B}.Ad-Hoc|Any CPU.Deploy.0 = Release|Any CPU
		{A71F9E7B-8E51-4CD7-8989-BF74669E721B}.Ad-Hoc|ARM.ActiveCfg = Release|Any CPU
		{A71F9E7B-8E51-4CD7-8989-BF74669E721B}.Ad-Hoc|ARM.Build.0 = Release|Any CPU
		{A71F9E7B-8E51-4CD7-8989-BF74669E721B}.Ad-Hoc|ARM.Deploy.0 = Release|Any CPU
		{A71F9E7B-8E51-4CD7-8989-BF74669E721B}.Ad-Hoc|iPhone.ActiveCfg = Release|Any CPU
		{A71F9E7B-8E51-4CD7-8989-BF74669E721B}.Ad-Hoc|iPhone.Build.0 = Release|Any CPU
		{A71F9E7B-8E51-4CD7-8989-BF74669E721B}.Ad-Hoc|iPhone.Deploy.0 = Release|Any CPU
		{A71F9E7B-8E51-4CD7-8989-BF74669E721B}.Ad-Hoc|iPhoneSimulator.ActiveCfg = Release|Any CPU
		{A71F9E7B-8E51-4CD7-8989-BF74669E721B}.Ad-Hoc|iPhoneSimulator.Build.0 = Release|Any CPU
		{A71F9E7B-8E51-4CD7-8989-BF74669E721B}.Ad-Hoc|iPhoneSimulator.Deploy.0 = Release|Any CPU
		{A71F9E7B-8E51-4CD7-8989-BF74669E721B}.Ad-Hoc|x64.ActiveCfg = Release|Any CPU
		{A71F9E7B-8E51-4CD7-8989-BF74669E721B}.Ad-Hoc|x64.Build.0 = Release|Any CPU
		{A71F9E7B-8E51-4CD7-8989-BF74669E721B}.Ad-Hoc|x64.Deploy.0 = Release|Any CPU
		{A71F9E7B-8E51-4CD7-8989-BF74669E721B}.Ad-Hoc|x86.ActiveCfg = Release|Any CPU
		{A71F9E7B-8E51-4CD7-8989-BF74669E721B}.Ad-Hoc|x86.Build.0 = Release|Any CPU
		{A71F9E7B-8E51-4CD7-8989-BF74669E721B}.Ad-Hoc|x86.Deploy.0 = Release|Any CPU
		{A71F9E7B-8E51-4CD7-8989-BF74669E721B}.AppStore|Any CPU.ActiveCfg = Release|Any CPU
		{A71F9E7B-8E51-4CD7-8989-BF74669E721B}.AppStore|Any CPU.Build.0 = Release|Any CPU
		{A71F9E7B-8E51-4CD7-8989-BF74669E721B}.AppStore|Any CPU.Deploy.0 = Release|Any CPU
		{A71F9E7B-8E51-4CD7-8989-BF74669E721B}.AppStore|ARM.ActiveCfg = Release|Any CPU
		{A71F9E7B-8E51-4CD7-8989-BF74669E721B}.AppStore|ARM.Build.0 = Release|Any CPU
		{A71F9E7B-8E51-4CD7-8989-BF74669E721B}.AppStore|ARM.Deploy.0 = Release|Any CPU
		{A71F9E7B-8E51-4CD7-8989-BF74669E721B}.AppStore|iPhone.ActiveCfg = Release|Any CPU
		{A71F9E7B-8E51-4CD7-8989-BF74669E721B}.AppStore|iPhone.Build.0 = Release|Any CPU
		{A71F9E7B-8E51-4CD7-8989-BF74669E721B}.AppStore|iPhone.Deploy.0 = Release|Any CPU
		{A71F9E7B-8E51-4CD7-8989-BF74669E721B}.AppStore|iPhoneSimulator.ActiveCfg = Release|Any CPU
		{A71F9E7B-8E51-4CD7-8989-BF74669E721B}.AppStore|iPhoneSimulator.Build.0 = Release|Any CPU
		{A71F9E7B-8E51-4CD7-8989-BF74669E721B}.AppStore|iPhoneSimulator.Deploy.0 = Release|Any CPU
		{A71F9E7B-8E51-4CD7-8989-BF74669E721B}.AppStore|x64.ActiveCfg = Release|Any CPU
		{A71F9E7B-8E51-4CD7-8989-BF74669E721B}.AppStore|x64.Build.0 = Release|Any CPU
		{A71F9E7B-8E51-4CD7-8989-BF74669E721B}.AppStore|x64.Deploy.0 = Release|Any CPU
		{A71F9E7B-8E51-4CD7-8989-BF74669E721B}.AppStore|x86.ActiveCfg = Release|Any CPU
		{A71F9E7B-8E51-4CD7-8989-BF74669E721B}.AppStore|x86.Build.0 = Release|Any CPU
		{A71F9E7B-8E51-4CD7-8989-BF74669E721B}.AppStore|x86.Deploy.0 = Release|Any CPU
		{A71F9E7B-8E51-4CD7-8989-BF74669E721B}.Debug|Any CPU.ActiveCfg = Debug|Any CPU
		{A71F9E7B-8E51-4CD7-8989-BF74669E721B}.Debug|Any CPU.Build.0 = Debug|Any CPU
		{A71F9E7B-8E51-4CD7-8989-BF74669E721B}.Debug|Any CPU.Deploy.0 = Debug|Any CPU
		{A71F9E7B-8E51-4CD7-8989-BF74669E721B}.Debug|ARM.ActiveCfg = Debug|Any CPU
		{A71F9E7B-8E51-4CD7-8989-BF74669E721B}.Debug|ARM.Build.0 = Debug|Any CPU
		{A71F9E7B-8E51-4CD7-8989-BF74669E721B}.Debug|ARM.Deploy.0 = Debug|Any CPU
		{A71F9E7B-8E51-4CD7-8989-BF74669E721B}.Debug|iPhone.ActiveCfg = Debug|Any CPU
		{A71F9E7B-8E51-4CD7-8989-BF74669E721B}.Debug|iPhone.Build.0 = Debug|Any CPU
		{A71F9E7B-8E51-4CD7-8989-BF74669E721B}.Debug|iPhone.Deploy.0 = Debug|Any CPU
		{A71F9E7B-8E51-4CD7-8989-BF74669E721B}.Debug|iPhoneSimulator.ActiveCfg = Debug|Any CPU
		{A71F9E7B-8E51-4CD7-8989-BF74669E721B}.Debug|iPhoneSimulator.Build.0 = Debug|Any CPU
		{A71F9E7B-8E51-4CD7-8989-BF74669E721B}.Debug|iPhoneSimulator.Deploy.0 = Debug|Any CPU
		{A71F9E7B-8E51-4CD7-8989-BF74669E721B}.Debug|x64.ActiveCfg = Debug|Any CPU
		{A71F9E7B-8E51-4CD7-8989-BF74669E721B}.Debug|x64.Build.0 = Debug|Any CPU
		{A71F9E7B-8E51-4CD7-8989-BF74669E721B}.Debug|x64.Deploy.0 = Debug|Any CPU
		{A71F9E7B-8E51-4CD7-8989-BF74669E721B}.Debug|x86.ActiveCfg = Debug|Any CPU
		{A71F9E7B-8E51-4CD7-8989-BF74669E721B}.Debug|x86.Build.0 = Debug|Any CPU
		{A71F9E7B-8E51-4CD7-8989-BF74669E721B}.Debug|x86.Deploy.0 = Debug|Any CPU
		{A71F9E7B-8E51-4CD7-8989-BF74669E721B}.Release|Any CPU.ActiveCfg = Release|Any CPU
		{A71F9E7B-8E51-4CD7-8989-BF74669E721B}.Release|Any CPU.Build.0 = Release|Any CPU
		{A71F9E7B-8E51-4CD7-8989-BF74669E721B}.Release|Any CPU.Deploy.0 = Release|Any CPU
		{A71F9E7B-8E51-4CD7-8989-BF74669E721B}.Release|ARM.ActiveCfg = Release|Any CPU
		{A71F9E7B-8E51-4CD7-8989-BF74669E721B}.Release|ARM.Build.0 = Release|Any CPU
		{A71F9E7B-8E51-4CD7-8989-BF74669E721B}.Release|ARM.Deploy.0 = Release|Any CPU
		{A71F9E7B-8E51-4CD7-8989-BF74669E721B}.Release|iPhone.ActiveCfg = Release|Any CPU
		{A71F9E7B-8E51-4CD7-8989-BF74669E721B}.Release|iPhone.Build.0 = Release|Any CPU
		{A71F9E7B-8E51-4CD7-8989-BF74669E721B}.Release|iPhone.Deploy.0 = Release|Any CPU
		{A71F9E7B-8E51-4CD7-8989-BF74669E721B}.Release|iPhoneSimulator.ActiveCfg = Release|Any CPU
		{A71F9E7B-8E51-4CD7-8989-BF74669E721B}.Release|iPhoneSimulator.Build.0 = Release|Any CPU
		{A71F9E7B-8E51-4CD7-8989-BF74669E721B}.Release|iPhoneSimulator.Deploy.0 = Release|Any CPU
		{A71F9E7B-8E51-4CD7-8989-BF74669E721B}.Release|x64.ActiveCfg = Release|Any CPU
		{A71F9E7B-8E51-4CD7-8989-BF74669E721B}.Release|x64.Build.0 = Release|Any CPU
		{A71F9E7B-8E51-4CD7-8989-BF74669E721B}.Release|x64.Deploy.0 = Release|Any CPU
		{A71F9E7B-8E51-4CD7-8989-BF74669E721B}.Release|x86.ActiveCfg = Release|Any CPU
		{A71F9E7B-8E51-4CD7-8989-BF74669E721B}.Release|x86.Build.0 = Release|Any CPU
		{A71F9E7B-8E51-4CD7-8989-BF74669E721B}.Release|x86.Deploy.0 = Release|Any CPU
		{E29D27A2-CC15-4D5F-BED5-CD9740396635}.Ad-Hoc|Any CPU.ActiveCfg = Ad-Hoc|iPhone
		{E29D27A2-CC15-4D5F-BED5-CD9740396635}.Ad-Hoc|Any CPU.Build.0 = Ad-Hoc|iPhone
		{E29D27A2-CC15-4D5F-BED5-CD9740396635}.Ad-Hoc|Any CPU.Deploy.0 = Ad-Hoc|iPhone
		{E29D27A2-CC15-4D5F-BED5-CD9740396635}.Ad-Hoc|ARM.ActiveCfg = Ad-Hoc|iPhone
		{E29D27A2-CC15-4D5F-BED5-CD9740396635}.Ad-Hoc|ARM.Build.0 = Ad-Hoc|iPhone
		{E29D27A2-CC15-4D5F-BED5-CD9740396635}.Ad-Hoc|ARM.Deploy.0 = Ad-Hoc|iPhone
		{E29D27A2-CC15-4D5F-BED5-CD9740396635}.Ad-Hoc|iPhone.ActiveCfg = Ad-Hoc|iPhone
		{E29D27A2-CC15-4D5F-BED5-CD9740396635}.Ad-Hoc|iPhone.Build.0 = Ad-Hoc|iPhone
		{E29D27A2-CC15-4D5F-BED5-CD9740396635}.Ad-Hoc|iPhone.Deploy.0 = Ad-Hoc|iPhone
		{E29D27A2-CC15-4D5F-BED5-CD9740396635}.Ad-Hoc|iPhoneSimulator.ActiveCfg = Ad-Hoc|iPhoneSimulator
		{E29D27A2-CC15-4D5F-BED5-CD9740396635}.Ad-Hoc|iPhoneSimulator.Build.0 = Ad-Hoc|iPhoneSimulator
		{E29D27A2-CC15-4D5F-BED5-CD9740396635}.Ad-Hoc|iPhoneSimulator.Deploy.0 = Ad-Hoc|iPhoneSimulator
		{E29D27A2-CC15-4D5F-BED5-CD9740396635}.Ad-Hoc|x64.ActiveCfg = Ad-Hoc|iPhone
		{E29D27A2-CC15-4D5F-BED5-CD9740396635}.Ad-Hoc|x64.Build.0 = Ad-Hoc|iPhone
		{E29D27A2-CC15-4D5F-BED5-CD9740396635}.Ad-Hoc|x64.Deploy.0 = Ad-Hoc|iPhone
		{E29D27A2-CC15-4D5F-BED5-CD9740396635}.Ad-Hoc|x86.ActiveCfg = Ad-Hoc|iPhone
		{E29D27A2-CC15-4D5F-BED5-CD9740396635}.Ad-Hoc|x86.Build.0 = Ad-Hoc|iPhone
		{E29D27A2-CC15-4D5F-BED5-CD9740396635}.Ad-Hoc|x86.Deploy.0 = Ad-Hoc|iPhone
		{E29D27A2-CC15-4D5F-BED5-CD9740396635}.AppStore|Any CPU.ActiveCfg = AppStore|iPhone
		{E29D27A2-CC15-4D5F-BED5-CD9740396635}.AppStore|Any CPU.Build.0 = AppStore|iPhone
		{E29D27A2-CC15-4D5F-BED5-CD9740396635}.AppStore|Any CPU.Deploy.0 = AppStore|iPhone
		{E29D27A2-CC15-4D5F-BED5-CD9740396635}.AppStore|ARM.ActiveCfg = AppStore|iPhone
		{E29D27A2-CC15-4D5F-BED5-CD9740396635}.AppStore|ARM.Build.0 = AppStore|iPhone
		{E29D27A2-CC15-4D5F-BED5-CD9740396635}.AppStore|ARM.Deploy.0 = AppStore|iPhone
		{E29D27A2-CC15-4D5F-BED5-CD9740396635}.AppStore|iPhone.ActiveCfg = AppStore|iPhone
		{E29D27A2-CC15-4D5F-BED5-CD9740396635}.AppStore|iPhone.Build.0 = AppStore|iPhone
		{E29D27A2-CC15-4D5F-BED5-CD9740396635}.AppStore|iPhone.Deploy.0 = AppStore|iPhone
		{E29D27A2-CC15-4D5F-BED5-CD9740396635}.AppStore|iPhoneSimulator.ActiveCfg = AppStore|iPhoneSimulator
		{E29D27A2-CC15-4D5F-BED5-CD9740396635}.AppStore|iPhoneSimulator.Build.0 = AppStore|iPhoneSimulator
		{E29D27A2-CC15-4D5F-BED5-CD9740396635}.AppStore|iPhoneSimulator.Deploy.0 = AppStore|iPhoneSimulator
		{E29D27A2-CC15-4D5F-BED5-CD9740396635}.AppStore|x64.ActiveCfg = AppStore|iPhone
		{E29D27A2-CC15-4D5F-BED5-CD9740396635}.AppStore|x64.Build.0 = AppStore|iPhone
		{E29D27A2-CC15-4D5F-BED5-CD9740396635}.AppStore|x64.Deploy.0 = AppStore|iPhone
		{E29D27A2-CC15-4D5F-BED5-CD9740396635}.AppStore|x86.ActiveCfg = AppStore|iPhone
		{E29D27A2-CC15-4D5F-BED5-CD9740396635}.AppStore|x86.Build.0 = AppStore|iPhone
		{E29D27A2-CC15-4D5F-BED5-CD9740396635}.AppStore|x86.Deploy.0 = AppStore|iPhone
		{E29D27A2-CC15-4D5F-BED5-CD9740396635}.Debug|Any CPU.ActiveCfg = Debug|iPhoneSimulator
		{E29D27A2-CC15-4D5F-BED5-CD9740396635}.Debug|Any CPU.Build.0 = Debug|iPhoneSimulator
		{E29D27A2-CC15-4D5F-BED5-CD9740396635}.Debug|Any CPU.Deploy.0 = Debug|iPhoneSimulator
		{E29D27A2-CC15-4D5F-BED5-CD9740396635}.Debug|ARM.ActiveCfg = Debug|iPhone
		{E29D27A2-CC15-4D5F-BED5-CD9740396635}.Debug|ARM.Build.0 = Debug|iPhone
		{E29D27A2-CC15-4D5F-BED5-CD9740396635}.Debug|ARM.Deploy.0 = Debug|iPhone
		{E29D27A2-CC15-4D5F-BED5-CD9740396635}.Debug|iPhone.ActiveCfg = Debug|iPhone
		{E29D27A2-CC15-4D5F-BED5-CD9740396635}.Debug|iPhone.Build.0 = Debug|iPhone
		{E29D27A2-CC15-4D5F-BED5-CD9740396635}.Debug|iPhone.Deploy.0 = Debug|iPhone
		{E29D27A2-CC15-4D5F-BED5-CD9740396635}.Debug|iPhoneSimulator.ActiveCfg = Debug|iPhoneSimulator
		{E29D27A2-CC15-4D5F-BED5-CD9740396635}.Debug|iPhoneSimulator.Build.0 = Debug|iPhoneSimulator
		{E29D27A2-CC15-4D5F-BED5-CD9740396635}.Debug|iPhoneSimulator.Deploy.0 = Debug|iPhoneSimulator
		{E29D27A2-CC15-4D5F-BED5-CD9740396635}.Debug|x64.ActiveCfg = Debug|iPhone
		{E29D27A2-CC15-4D5F-BED5-CD9740396635}.Debug|x64.Build.0 = Debug|iPhone
		{E29D27A2-CC15-4D5F-BED5-CD9740396635}.Debug|x64.Deploy.0 = Debug|iPhone
		{E29D27A2-CC15-4D5F-BED5-CD9740396635}.Debug|x86.ActiveCfg = Debug|iPhone
		{E29D27A2-CC15-4D5F-BED5-CD9740396635}.Debug|x86.Build.0 = Debug|iPhone
		{E29D27A2-CC15-4D5F-BED5-CD9740396635}.Debug|x86.Deploy.0 = Debug|iPhone
		{E29D27A2-CC15-4D5F-BED5-CD9740396635}.Release|Any CPU.ActiveCfg = Release|iPhone
		{E29D27A2-CC15-4D5F-BED5-CD9740396635}.Release|Any CPU.Build.0 = Release|iPhone
		{E29D27A2-CC15-4D5F-BED5-CD9740396635}.Release|Any CPU.Deploy.0 = Release|iPhone
		{E29D27A2-CC15-4D5F-BED5-CD9740396635}.Release|ARM.ActiveCfg = Release|iPhone
		{E29D27A2-CC15-4D5F-BED5-CD9740396635}.Release|ARM.Build.0 = Release|iPhone
		{E29D27A2-CC15-4D5F-BED5-CD9740396635}.Release|ARM.Deploy.0 = Release|iPhone
		{E29D27A2-CC15-4D5F-BED5-CD9740396635}.Release|iPhone.ActiveCfg = Release|iPhone
		{E29D27A2-CC15-4D5F-BED5-CD9740396635}.Release|iPhone.Build.0 = Release|iPhone
		{E29D27A2-CC15-4D5F-BED5-CD9740396635}.Release|iPhone.Deploy.0 = Release|iPhone
		{E29D27A2-CC15-4D5F-BED5-CD9740396635}.Release|iPhoneSimulator.ActiveCfg = Release|iPhoneSimulator
		{E29D27A2-CC15-4D5F-BED5-CD9740396635}.Release|iPhoneSimulator.Build.0 = Release|iPhoneSimulator
		{E29D27A2-CC15-4D5F-BED5-CD9740396635}.Release|iPhoneSimulator.Deploy.0 = Release|iPhoneSimulator
		{E29D27A2-CC15-4D5F-BED5-CD9740396635}.Release|x64.ActiveCfg = Release|iPhone
		{E29D27A2-CC15-4D5F-BED5-CD9740396635}.Release|x64.Build.0 = Release|iPhone
		{E29D27A2-CC15-4D5F-BED5-CD9740396635}.Release|x64.Deploy.0 = Release|iPhone
		{E29D27A2-CC15-4D5F-BED5-CD9740396635}.Release|x86.ActiveCfg = Release|iPhone
		{E29D27A2-CC15-4D5F-BED5-CD9740396635}.Release|x86.Build.0 = Release|iPhone
		{E29D27A2-CC15-4D5F-BED5-CD9740396635}.Release|x86.Deploy.0 = Release|iPhone
		{D299886B-B091-4E20-A3C0-269AE33FC742}.Ad-Hoc|Any CPU.ActiveCfg = Release|x86
		{D299886B-B091-4E20-A3C0-269AE33FC742}.Ad-Hoc|Any CPU.Build.0 = Release|x86
		{D299886B-B091-4E20-A3C0-269AE33FC742}.Ad-Hoc|Any CPU.Deploy.0 = Release|x86
		{D299886B-B091-4E20-A3C0-269AE33FC742}.Ad-Hoc|ARM.ActiveCfg = Release|ARM
		{D299886B-B091-4E20-A3C0-269AE33FC742}.Ad-Hoc|ARM.Build.0 = Release|ARM
		{D299886B-B091-4E20-A3C0-269AE33FC742}.Ad-Hoc|ARM.Deploy.0 = Release|ARM
		{D299886B-B091-4E20-A3C0-269AE33FC742}.Ad-Hoc|iPhone.ActiveCfg = Release|x86
		{D299886B-B091-4E20-A3C0-269AE33FC742}.Ad-Hoc|iPhone.Build.0 = Release|x86
		{D299886B-B091-4E20-A3C0-269AE33FC742}.Ad-Hoc|iPhone.Deploy.0 = Release|x86
		{D299886B-B091-4E20-A3C0-269AE33FC742}.Ad-Hoc|iPhoneSimulator.ActiveCfg = Release|x86
		{D299886B-B091-4E20-A3C0-269AE33FC742}.Ad-Hoc|iPhoneSimulator.Build.0 = Release|x86
		{D299886B-B091-4E20-A3C0-269AE33FC742}.Ad-Hoc|iPhoneSimulator.Deploy.0 = Release|x86
		{D299886B-B091-4E20-A3C0-269AE33FC742}.Ad-Hoc|x64.ActiveCfg = Release|x64
		{D299886B-B091-4E20-A3C0-269AE33FC742}.Ad-Hoc|x64.Build.0 = Release|x64
		{D299886B-B091-4E20-A3C0-269AE33FC742}.Ad-Hoc|x64.Deploy.0 = Release|x64
		{D299886B-B091-4E20-A3C0-269AE33FC742}.Ad-Hoc|x86.ActiveCfg = Release|x86
		{D299886B-B091-4E20-A3C0-269AE33FC742}.Ad-Hoc|x86.Build.0 = Release|x86
		{D299886B-B091-4E20-A3C0-269AE33FC742}.Ad-Hoc|x86.Deploy.0 = Release|x86
		{D299886B-B091-4E20-A3C0-269AE33FC742}.AppStore|Any CPU.ActiveCfg = Release|x86
		{D299886B-B091-4E20-A3C0-269AE33FC742}.AppStore|Any CPU.Build.0 = Release|x86
		{D299886B-B091-4E20-A3C0-269AE33FC742}.AppStore|Any CPU.Deploy.0 = Release|x86
		{D299886B-B091-4E20-A3C0-269AE33FC742}.AppStore|ARM.ActiveCfg = Release|ARM
		{D299886B-B091-4E20-A3C0-269AE33FC742}.AppStore|ARM.Build.0 = Release|ARM
		{D299886B-B091-4E20-A3C0-269AE33FC742}.AppStore|ARM.Deploy.0 = Release|ARM
		{D299886B-B091-4E20-A3C0-269AE33FC742}.AppStore|iPhone.ActiveCfg = Release|x86
		{D299886B-B091-4E20-A3C0-269AE33FC742}.AppStore|iPhone.Build.0 = Release|x86
		{D299886B-B091-4E20-A3C0-269AE33FC742}.AppStore|iPhone.Deploy.0 = Release|x86
		{D299886B-B091-4E20-A3C0-269AE33FC742}.AppStore|iPhoneSimulator.ActiveCfg = Release|x86
		{D299886B-B091-4E20-A3C0-269AE33FC742}.AppStore|iPhoneSimulator.Build.0 = Release|x86
		{D299886B-B091-4E20-A3C0-269AE33FC742}.AppStore|iPhoneSimulator.Deploy.0 = Release|x86
		{D299886B-B091-4E20-A3C0-269AE33FC742}.AppStore|x64.ActiveCfg = Release|x64
		{D299886B-B091-4E20-A3C0-269AE33FC742}.AppStore|x64.Build.0 = Release|x64
		{D299886B-B091-4E20-A3C0-269AE33FC742}.AppStore|x64.Deploy.0 = Release|x64
		{D299886B-B091-4E20-A3C0-269AE33FC742}.AppStore|x86.ActiveCfg = Release|x86
		{D299886B-B091-4E20-A3C0-269AE33FC742}.AppStore|x86.Build.0 = Release|x86
		{D299886B-B091-4E20-A3C0-269AE33FC742}.AppStore|x86.Deploy.0 = Release|x86
		{D299886B-B091-4E20-A3C0-269AE33FC742}.Debug|Any CPU.ActiveCfg = Debug|x86
		{D299886B-B091-4E20-A3C0-269AE33FC742}.Debug|Any CPU.Build.0 = Debug|x86
		{D299886B-B091-4E20-A3C0-269AE33FC742}.Debug|Any CPU.Deploy.0 = Debug|x86
		{D299886B-B091-4E20-A3C0-269AE33FC742}.Debug|ARM.ActiveCfg = Debug|ARM
		{D299886B-B091-4E20-A3C0-269AE33FC742}.Debug|ARM.Build.0 = Debug|ARM
		{D299886B-B091-4E20-A3C0-269AE33FC742}.Debug|ARM.Deploy.0 = Debug|ARM
		{D299886B-B091-4E20-A3C0-269AE33FC742}.Debug|iPhone.ActiveCfg = Debug|x86
		{D299886B-B091-4E20-A3C0-269AE33FC742}.Debug|iPhone.Build.0 = Debug|x86
		{D299886B-B091-4E20-A3C0-269AE33FC742}.Debug|iPhone.Deploy.0 = Debug|x86
		{D299886B-B091-4E20-A3C0-269AE33FC742}.Debug|iPhoneSimulator.ActiveCfg = Debug|x86
		{D299886B-B091-4E20-A3C0-269AE33FC742}.Debug|iPhoneSimulator.Build.0 = Debug|x86
		{D299886B-B091-4E20-A3C0-269AE33FC742}.Debug|iPhoneSimulator.Deploy.0 = Debug|x86
		{D299886B-B091-4E20-A3C0-269AE33FC742}.Debug|x64.ActiveCfg = Debug|x64
		{D299886B-B091-4E20-A3C0-269AE33FC742}.Debug|x64.Build.0 = Debug|x64
		{D299886B-B091-4E20-A3C0-269AE33FC742}.Debug|x64.Deploy.0 = Debug|x64
		{D299886B-B091-4E20-A3C0-269AE33FC742}.Debug|x86.ActiveCfg = Debug|x86
		{D299886B-B091-4E20-A3C0-269AE33FC742}.Debug|x86.Build.0 = Debug|x86
		{D299886B-B091-4E20-A3C0-269AE33FC742}.Debug|x86.Deploy.0 = Debug|x86
		{D299886B-B091-4E20-A3C0-269AE33FC742}.Release|Any CPU.ActiveCfg = Release|x86
		{D299886B-B091-4E20-A3C0-269AE33FC742}.Release|Any CPU.Build.0 = Release|x86
		{D299886B-B091-4E20-A3C0-269AE33FC742}.Release|Any CPU.Deploy.0 = Release|x86
		{D299886B-B091-4E20-A3C0-269AE33FC742}.Release|ARM.ActiveCfg = Release|ARM
		{D299886B-B091-4E20-A3C0-269AE33FC742}.Release|ARM.Build.0 = Release|ARM
		{D299886B-B091-4E20-A3C0-269AE33FC742}.Release|ARM.Deploy.0 = Release|ARM
		{D299886B-B091-4E20-A3C0-269AE33FC742}.Release|iPhone.ActiveCfg = Release|x86
		{D299886B-B091-4E20-A3C0-269AE33FC742}.Release|iPhone.Build.0 = Release|x86
		{D299886B-B091-4E20-A3C0-269AE33FC742}.Release|iPhone.Deploy.0 = Release|x86
		{D299886B-B091-4E20-A3C0-269AE33FC742}.Release|iPhoneSimulator.ActiveCfg = Release|x86
		{D299886B-B091-4E20-A3C0-269AE33FC742}.Release|iPhoneSimulator.Build.0 = Release|x86
		{D299886B-B091-4E20-A3C0-269AE33FC742}.Release|iPhoneSimulator.Deploy.0 = Release|x86
		{D299886B-B091-4E20-A3C0-269AE33FC742}.Release|x64.ActiveCfg = Release|x64
		{D299886B-B091-4E20-A3C0-269AE33FC742}.Release|x64.Build.0 = Release|x64
		{D299886B-B091-4E20-A3C0-269AE33FC742}.Release|x64.Deploy.0 = Release|x64
		{D299886B-B091-4E20-A3C0-269AE33FC742}.Release|x86.ActiveCfg = Release|x86
		{D299886B-B091-4E20-A3C0-269AE33FC742}.Release|x86.Build.0 = Release|x86
		{D299886B-B091-4E20-A3C0-269AE33FC742}.Release|x86.Deploy.0 = Release|x86
		{275674BA-A69A-4EA1-8B87-0ABD6529910F}.Ad-Hoc|Any CPU.ActiveCfg = Debug|Any CPU
		{275674BA-A69A-4EA1-8B87-0ABD6529910F}.Ad-Hoc|Any CPU.Build.0 = Debug|Any CPU
		{275674BA-A69A-4EA1-8B87-0ABD6529910F}.Ad-Hoc|Any CPU.Deploy.0 = Debug|Any CPU
		{275674BA-A69A-4EA1-8B87-0ABD6529910F}.Ad-Hoc|ARM.ActiveCfg = Debug|Any CPU
		{275674BA-A69A-4EA1-8B87-0ABD6529910F}.Ad-Hoc|ARM.Build.0 = Debug|Any CPU
		{275674BA-A69A-4EA1-8B87-0ABD6529910F}.Ad-Hoc|ARM.Deploy.0 = Debug|Any CPU
		{275674BA-A69A-4EA1-8B87-0ABD6529910F}.Ad-Hoc|iPhone.ActiveCfg = Debug|Any CPU
		{275674BA-A69A-4EA1-8B87-0ABD6529910F}.Ad-Hoc|iPhone.Build.0 = Debug|Any CPU
		{275674BA-A69A-4EA1-8B87-0ABD6529910F}.Ad-Hoc|iPhone.Deploy.0 = Debug|Any CPU
		{275674BA-A69A-4EA1-8B87-0ABD6529910F}.Ad-Hoc|iPhoneSimulator.ActiveCfg = Debug|Any CPU
		{275674BA-A69A-4EA1-8B87-0ABD6529910F}.Ad-Hoc|iPhoneSimulator.Build.0 = Debug|Any CPU
		{275674BA-A69A-4EA1-8B87-0ABD6529910F}.Ad-Hoc|iPhoneSimulator.Deploy.0 = Debug|Any CPU
		{275674BA-A69A-4EA1-8B87-0ABD6529910F}.Ad-Hoc|x64.ActiveCfg = Debug|Any CPU
		{275674BA-A69A-4EA1-8B87-0ABD6529910F}.Ad-Hoc|x64.Build.0 = Debug|Any CPU
		{275674BA-A69A-4EA1-8B87-0ABD6529910F}.Ad-Hoc|x64.Deploy.0 = Debug|Any CPU
		{275674BA-A69A-4EA1-8B87-0ABD6529910F}.Ad-Hoc|x86.ActiveCfg = Debug|Any CPU
		{275674BA-A69A-4EA1-8B87-0ABD6529910F}.Ad-Hoc|x86.Build.0 = Debug|Any CPU
		{275674BA-A69A-4EA1-8B87-0ABD6529910F}.Ad-Hoc|x86.Deploy.0 = Debug|Any CPU
		{275674BA-A69A-4EA1-8B87-0ABD6529910F}.AppStore|Any CPU.ActiveCfg = Debug|Any CPU
		{275674BA-A69A-4EA1-8B87-0ABD6529910F}.AppStore|Any CPU.Build.0 = Debug|Any CPU
		{275674BA-A69A-4EA1-8B87-0ABD6529910F}.AppStore|Any CPU.Deploy.0 = Debug|Any CPU
		{275674BA-A69A-4EA1-8B87-0ABD6529910F}.AppStore|ARM.ActiveCfg = Debug|Any CPU
		{275674BA-A69A-4EA1-8B87-0ABD6529910F}.AppStore|ARM.Build.0 = Debug|Any CPU
		{275674BA-A69A-4EA1-8B87-0ABD6529910F}.AppStore|ARM.Deploy.0 = Debug|Any CPU
		{275674BA-A69A-4EA1-8B87-0ABD6529910F}.AppStore|iPhone.ActiveCfg = Debug|Any CPU
		{275674BA-A69A-4EA1-8B87-0ABD6529910F}.AppStore|iPhone.Build.0 = Debug|Any CPU
		{275674BA-A69A-4EA1-8B87-0ABD6529910F}.AppStore|iPhone.Deploy.0 = Debug|Any CPU
		{275674BA-A69A-4EA1-8B87-0ABD6529910F}.AppStore|iPhoneSimulator.ActiveCfg = Debug|Any CPU
		{275674BA-A69A-4EA1-8B87-0ABD6529910F}.AppStore|iPhoneSimulator.Build.0 = Debug|Any CPU
		{275674BA-A69A-4EA1-8B87-0ABD6529910F}.AppStore|iPhoneSimulator.Deploy.0 = Debug|Any CPU
		{275674BA-A69A-4EA1-8B87-0ABD6529910F}.AppStore|x64.ActiveCfg = Debug|Any CPU
		{275674BA-A69A-4EA1-8B87-0ABD6529910F}.AppStore|x64.Build.0 = Debug|Any CPU
		{275674BA-A69A-4EA1-8B87-0ABD6529910F}.AppStore|x64.Deploy.0 = Debug|Any CPU
		{275674BA-A69A-4EA1-8B87-0ABD6529910F}.AppStore|x86.ActiveCfg = Debug|Any CPU
		{275674BA-A69A-4EA1-8B87-0ABD6529910F}.AppStore|x86.Build.0 = Debug|Any CPU
		{275674BA-A69A-4EA1-8B87-0ABD6529910F}.AppStore|x86.Deploy.0 = Debug|Any CPU
		{275674BA-A69A-4EA1-8B87-0ABD6529910F}.Debug|Any CPU.ActiveCfg = Debug|Any CPU
		{275674BA-A69A-4EA1-8B87-0ABD6529910F}.Debug|Any CPU.Build.0 = Debug|Any CPU
		{275674BA-A69A-4EA1-8B87-0ABD6529910F}.Debug|Any CPU.Deploy.0 = Debug|Any CPU
		{275674BA-A69A-4EA1-8B87-0ABD6529910F}.Debug|ARM.ActiveCfg = Debug|Any CPU
		{275674BA-A69A-4EA1-8B87-0ABD6529910F}.Debug|ARM.Build.0 = Debug|Any CPU
		{275674BA-A69A-4EA1-8B87-0ABD6529910F}.Debug|ARM.Deploy.0 = Debug|Any CPU
		{275674BA-A69A-4EA1-8B87-0ABD6529910F}.Debug|iPhone.ActiveCfg = Debug|Any CPU
		{275674BA-A69A-4EA1-8B87-0ABD6529910F}.Debug|iPhone.Build.0 = Debug|Any CPU
		{275674BA-A69A-4EA1-8B87-0ABD6529910F}.Debug|iPhone.Deploy.0 = Debug|Any CPU
		{275674BA-A69A-4EA1-8B87-0ABD6529910F}.Debug|iPhoneSimulator.ActiveCfg = Debug|Any CPU
		{275674BA-A69A-4EA1-8B87-0ABD6529910F}.Debug|iPhoneSimulator.Build.0 = Debug|Any CPU
		{275674BA-A69A-4EA1-8B87-0ABD6529910F}.Debug|iPhoneSimulator.Deploy.0 = Debug|Any CPU
		{275674BA-A69A-4EA1-8B87-0ABD6529910F}.Debug|x64.ActiveCfg = Debug|Any CPU
		{275674BA-A69A-4EA1-8B87-0ABD6529910F}.Debug|x64.Build.0 = Debug|Any CPU
		{275674BA-A69A-4EA1-8B87-0ABD6529910F}.Debug|x64.Deploy.0 = Debug|Any CPU
		{275674BA-A69A-4EA1-8B87-0ABD6529910F}.Debug|x86.ActiveCfg = Debug|Any CPU
		{275674BA-A69A-4EA1-8B87-0ABD6529910F}.Debug|x86.Build.0 = Debug|Any CPU
		{275674BA-A69A-4EA1-8B87-0ABD6529910F}.Debug|x86.Deploy.0 = Debug|Any CPU
		{275674BA-A69A-4EA1-8B87-0ABD6529910F}.Release|Any CPU.ActiveCfg = Release|Any CPU
		{275674BA-A69A-4EA1-8B87-0ABD6529910F}.Release|Any CPU.Build.0 = Release|Any CPU
		{275674BA-A69A-4EA1-8B87-0ABD6529910F}.Release|Any CPU.Deploy.0 = Release|Any CPU
		{275674BA-A69A-4EA1-8B87-0ABD6529910F}.Release|ARM.ActiveCfg = Release|Any CPU
		{275674BA-A69A-4EA1-8B87-0ABD6529910F}.Release|ARM.Build.0 = Release|Any CPU
		{275674BA-A69A-4EA1-8B87-0ABD6529910F}.Release|ARM.Deploy.0 = Release|Any CPU
		{275674BA-A69A-4EA1-8B87-0ABD6529910F}.Release|iPhone.ActiveCfg = Release|Any CPU
		{275674BA-A69A-4EA1-8B87-0ABD6529910F}.Release|iPhone.Build.0 = Release|Any CPU
		{275674BA-A69A-4EA1-8B87-0ABD6529910F}.Release|iPhone.Deploy.0 = Release|Any CPU
		{275674BA-A69A-4EA1-8B87-0ABD6529910F}.Release|iPhoneSimulator.ActiveCfg = Release|Any CPU
		{275674BA-A69A-4EA1-8B87-0ABD6529910F}.Release|iPhoneSimulator.Build.0 = Release|Any CPU
		{275674BA-A69A-4EA1-8B87-0ABD6529910F}.Release|iPhoneSimulator.Deploy.0 = Release|Any CPU
		{275674BA-A69A-4EA1-8B87-0ABD6529910F}.Release|x64.ActiveCfg = Release|Any CPU
		{275674BA-A69A-4EA1-8B87-0ABD6529910F}.Release|x64.Build.0 = Release|Any CPU
		{275674BA-A69A-4EA1-8B87-0ABD6529910F}.Release|x64.Deploy.0 = Release|Any CPU
		{275674BA-A69A-4EA1-8B87-0ABD6529910F}.Release|x86.ActiveCfg = Release|Any CPU
		{275674BA-A69A-4EA1-8B87-0ABD6529910F}.Release|x86.Build.0 = Release|Any CPU
		{275674BA-A69A-4EA1-8B87-0ABD6529910F}.Release|x86.Deploy.0 = Release|Any CPU
	EndGlobalSection
	GlobalSection(SolutionProperties) = preSolution
		HideSolutionNode = FALSE
	EndGlobalSection
	GlobalSection(ExtensibilityGlobals) = postSolution
		SolutionGuid = {4530CBCB-9B3A-48F9-8015-7212A72FF6B8}
	EndGlobalSection
EndGlobal
