
Microsoft Visual Studio Solution File, Format Version 12.00
# Visual Studio 15
VisualStudioVersion = 15.0.28307.329
MinimumVisualStudioVersion = 10.0.40219.1
Project("{FAE04EC0-301F-11D3-BF4B-00C04F79EFBC}") = "Chapter5.Android", "Chapter5\Chapter5.Android\Chapter5.Android.csproj", "{4A90EFFD-797B-4847-A5A3-27E4598C896E}"
EndProject
Project("{FAE04EC0-301F-11D3-BF4B-00C04F79EFBC}") = "Chapter5.iOS", "Chapter5\Chapter5.iOS\Chapter5.iOS.csproj", "{E04467CE-B9B3-478E-BF8E-08168F9511B8}"
EndProject
Project("{FAE04EC0-301F-11D3-BF4B-00C04F79EFBC}") = "Chapter5.UWP", "Chapter5\Chapter5.UWP\Chapter5.UWP.csproj", "{59FCF8E8-A354-429D-9701-7922CE796049}"
EndProject
Project("{FAE04EC0-301F-11D3-BF4B-00C04F79EFBC}") = "Chapter5", "Chapter5\Chapter5\Chapter5.csproj", "{E9F4D4B8-1BC0-425D-BC1B-83B25C04D23D}"
EndProject
Global
	GlobalSection(SolutionConfigurationPlatforms) = preSolution
		Ad-Hoc|Any CPU = Ad-Hoc|Any CPU
		Ad-Hoc|ARM = Ad-Hoc|ARM
		Ad-Hoc|iPhone = Ad-Hoc|iPhone
		Ad-Hoc|iPhoneSimulator = Ad-Hoc|iPhoneSimulator
		Ad-Hoc|x64 = Ad-Hoc|x64
		Ad-Hoc|x86 = Ad-Hoc|x86
		AppStore|Any CPU = AppStore|Any CPU
		AppStore|ARM = AppStore|ARM
		AppStore|iPhone = AppStore|iPhone
		AppStore|iPhoneSimulator = AppStore|iPhoneSimulator
		AppStore|x64 = AppStore|x64
		AppStore|x86 = AppStore|x86
		Debug|Any CPU = Debug|Any CPU
		Debug|ARM = Debug|ARM
		Debug|iPhone = Debug|iPhone
		Debug|iPhoneSimulator = Debug|iPhoneSimulator
		Debug|x64 = Debug|x64
		Debug|x86 = Debug|x86
		Release|Any CPU = Release|Any CPU
		Release|ARM = Release|ARM
		Release|iPhone = Release|iPhone
		Release|iPhoneSimulator = Release|iPhoneSimulator
		Release|x64 = Release|x64
		Release|x86 = Release|x86
	EndGlobalSection
	GlobalSection(ProjectConfigurationPlatforms) = postSolution
		{4A90EFFD-797B-4847-A5A3-27E4598C896E}.Ad-Hoc|Any CPU.ActiveCfg = Release|Any CPU
		{4A90EFFD-797B-4847-A5A3-27E4598C896E}.Ad-Hoc|Any CPU.Build.0 = Release|Any CPU
		{4A90EFFD-797B-4847-A5A3-27E4598C896E}.Ad-Hoc|Any CPU.Deploy.0 = Release|Any CPU
		{4A90EFFD-797B-4847-A5A3-27E4598C896E}.Ad-Hoc|ARM.ActiveCfg = Release|Any CPU
		{4A90EFFD-797B-4847-A5A3-27E4598C896E}.Ad-Hoc|ARM.Build.0 = Release|Any CPU
		{4A90EFFD-797B-4847-A5A3-27E4598C896E}.Ad-Hoc|ARM.Deploy.0 = Release|Any CPU
		{4A90EFFD-797B-4847-A5A3-27E4598C896E}.Ad-Hoc|iPhone.ActiveCfg = Release|Any CPU
		{4A90EFFD-797B-4847-A5A3-27E4598C896E}.Ad-Hoc|iPhone.Build.0 = Release|Any CPU
		{4A90EFFD-797B-4847-A5A3-27E4598C896E}.Ad-Hoc|iPhone.Deploy.0 = Release|Any CPU
		{4A90EFFD-797B-4847-A5A3-27E4598C896E}.Ad-Hoc|iPhoneSimulator.ActiveCfg = Release|Any CPU
		{4A90EFFD-797B-4847-A5A3-27E4598C896E}.Ad-Hoc|iPhoneSimulator.Build.0 = Release|Any CPU
		{4A90EFFD-797B-4847-A5A3-27E4598C896E}.Ad-Hoc|iPhoneSimulator.Deploy.0 = Release|Any CPU
		{4A90EFFD-797B-4847-A5A3-27E4598C896E}.Ad-Hoc|x64.ActiveCfg = Release|Any CPU
		{4A90EFFD-797B-4847-A5A3-27E4598C896E}.Ad-Hoc|x64.Build.0 = Release|Any CPU
		{4A90EFFD-797B-4847-A5A3-27E4598C896E}.Ad-Hoc|x64.Deploy.0 = Release|Any CPU
		{4A90EFFD-797B-4847-A5A3-27E4598C896E}.Ad-Hoc|x86.ActiveCfg = Release|Any CPU
		{4A90EFFD-797B-4847-A5A3-27E4598C896E}.Ad-Hoc|x86.Build.0 = Release|Any CPU
		{4A90EFFD-797B-4847-A5A3-27E4598C896E}.Ad-Hoc|x86.Deploy.0 = Release|Any CPU
		{4A90EFFD-797B-4847-A5A3-27E4598C896E}.AppStore|Any CPU.ActiveCfg = Release|Any CPU
		{4A90EFFD-797B-4847-A5A3-27E4598C896E}.AppStore|Any CPU.Build.0 = Release|Any CPU
		{4A90EFFD-797B-4847-A5A3-27E4598C896E}.AppStore|Any CPU.Deploy.0 = Release|Any CPU
		{4A90EFFD-797B-4847-A5A3-27E4598C896E}.AppStore|ARM.ActiveCfg = Release|Any CPU
		{4A90EFFD-797B-4847-A5A3-27E4598C896E}.AppStore|ARM.Build.0 = Release|Any CPU
		{4A90EFFD-797B-4847-A5A3-27E4598C896E}.AppStore|ARM.Deploy.0 = Release|Any CPU
		{4A90EFFD-797B-4847-A5A3-27E4598C896E}.AppStore|iPhone.ActiveCfg = Release|Any CPU
		{4A90EFFD-797B-4847-A5A3-27E4598C896E}.AppStore|iPhone.Build.0 = Release|Any CPU
		{4A90EFFD-797B-4847-A5A3-27E4598C896E}.AppStore|iPhone.Deploy.0 = Release|Any CPU
		{4A90EFFD-797B-4847-A5A3-27E4598C896E}.AppStore|iPhoneSimulator.ActiveCfg = Release|Any CPU
		{4A90EFFD-797B-4847-A5A3-27E4598C896E}.AppStore|iPhoneSimulator.Build.0 = Release|Any CPU
		{4A90EFFD-797B-4847-A5A3-27E4598C896E}.AppStore|iPhoneSimulator.Deploy.0 = Release|Any CPU
		{4A90EFFD-797B-4847-A5A3-27E4598C896E}.AppStore|x64.ActiveCfg = Release|Any CPU
		{4A90EFFD-797B-4847-A5A3-27E4598C896E}.AppStore|x64.Build.0 = Release|Any CPU
		{4A90EFFD-797B-4847-A5A3-27E4598C896E}.AppStore|x64.Deploy.0 = Release|Any CPU
		{4A90EFFD-797B-4847-A5A3-27E4598C896E}.AppStore|x86.ActiveCfg = Release|Any CPU
		{4A90EFFD-797B-4847-A5A3-27E4598C896E}.AppStore|x86.Build.0 = Release|Any CPU
		{4A90EFFD-797B-4847-A5A3-27E4598C896E}.AppStore|x86.Deploy.0 = Release|Any CPU
		{4A90EFFD-797B-4847-A5A3-27E4598C896E}.Debug|Any CPU.ActiveCfg = Debug|Any CPU
		{4A90EFFD-797B-4847-A5A3-27E4598C896E}.Debug|Any CPU.Build.0 = Debug|Any CPU
		{4A90EFFD-797B-4847-A5A3-27E4598C896E}.Debug|Any CPU.Deploy.0 = Debug|Any CPU
		{4A90EFFD-797B-4847-A5A3-27E4598C896E}.Debug|ARM.ActiveCfg = Debug|Any CPU
		{4A90EFFD-797B-4847-A5A3-27E4598C896E}.Debug|ARM.Build.0 = Debug|Any CPU
		{4A90EFFD-797B-4847-A5A3-27E4598C896E}.Debug|ARM.Deploy.0 = Debug|Any CPU
		{4A90EFFD-797B-4847-A5A3-27E4598C896E}.Debug|iPhone.ActiveCfg = Debug|Any CPU
		{4A90EFFD-797B-4847-A5A3-27E4598C896E}.Debug|iPhone.Build.0 = Debug|Any CPU
		{4A90EFFD-797B-4847-A5A3-27E4598C896E}.Debug|iPhone.Deploy.0 = Debug|Any CPU
		{4A90EFFD-797B-4847-A5A3-27E4598C896E}.Debug|iPhoneSimulator.ActiveCfg = Debug|Any CPU
		{4A90EFFD-797B-4847-A5A3-27E4598C896E}.Debug|iPhoneSimulator.Build.0 = Debug|Any CPU
		{4A90EFFD-797B-4847-A5A3-27E4598C896E}.Debug|iPhoneSimulator.Deploy.0 = Debug|Any CPU
		{4A90EFFD-797B-4847-A5A3-27E4598C896E}.Debug|x64.ActiveCfg = Debug|Any CPU
		{4A90EFFD-797B-4847-A5A3-27E4598C896E}.Debug|x64.Build.0 = Debug|Any CPU
		{4A90EFFD-797B-4847-A5A3-27E4598C896E}.Debug|x64.Deploy.0 = Debug|Any CPU
		{4A90EFFD-797B-4847-A5A3-27E4598C896E}.Debug|x86.ActiveCfg = Debug|Any CPU
		{4A90EFFD-797B-4847-A5A3-27E4598C896E}.Debug|x86.Build.0 = Debug|Any CPU
		{4A90EFFD-797B-4847-A5A3-27E4598C896E}.Debug|x86.Deploy.0 = Debug|Any CPU
		{4A90EFFD-797B-4847-A5A3-27E4598C896E}.Release|Any CPU.ActiveCfg = Release|Any CPU
		{4A90EFFD-797B-4847-A5A3-27E4598C896E}.Release|Any CPU.Build.0 = Release|Any CPU
		{4A90EFFD-797B-4847-A5A3-27E4598C896E}.Release|Any CPU.Deploy.0 = Release|Any CPU
		{4A90EFFD-797B-4847-A5A3-27E4598C896E}.Release|ARM.ActiveCfg = Release|Any CPU
		{4A90EFFD-797B-4847-A5A3-27E4598C896E}.Release|ARM.Build.0 = Release|Any CPU
		{4A90EFFD-797B-4847-A5A3-27E4598C896E}.Release|ARM.Deploy.0 = Release|Any CPU
		{4A90EFFD-797B-4847-A5A3-27E4598C896E}.Release|iPhone.ActiveCfg = Release|Any CPU
		{4A90EFFD-797B-4847-A5A3-27E4598C896E}.Release|iPhone.Build.0 = Release|Any CPU
		{4A90EFFD-797B-4847-A5A3-27E4598C896E}.Release|iPhone.Deploy.0 = Release|Any CPU
		{4A90EFFD-797B-4847-A5A3-27E4598C896E}.Release|iPhoneSimulator.ActiveCfg = Release|Any CPU
		{4A90EFFD-797B-4847-A5A3-27E4598C896E}.Release|iPhoneSimulator.Build.0 = Release|Any CPU
		{4A90EFFD-797B-4847-A5A3-27E4598C896E}.Release|iPhoneSimulator.Deploy.0 = Release|Any CPU
		{4A90EFFD-797B-4847-A5A3-27E4598C896E}.Release|x64.ActiveCfg = Release|Any CPU
		{4A90EFFD-797B-4847-A5A3-27E4598C896E}.Release|x64.Build.0 = Release|Any CPU
		{4A90EFFD-797B-4847-A5A3-27E4598C896E}.Release|x64.Deploy.0 = Release|Any CPU
		{4A90EFFD-797B-4847-A5A3-27E4598C896E}.Release|x86.ActiveCfg = Release|Any CPU
		{4A90EFFD-797B-4847-A5A3-27E4598C896E}.Release|x86.Build.0 = Release|Any CPU
		{4A90EFFD-797B-4847-A5A3-27E4598C896E}.Release|x86.Deploy.0 = Release|Any CPU
		{E04467CE-B9B3-478E-BF8E-08168F9511B8}.Ad-Hoc|Any CPU.ActiveCfg = Ad-Hoc|iPhone
		{E04467CE-B9B3-478E-BF8E-08168F9511B8}.Ad-Hoc|Any CPU.Build.0 = Ad-Hoc|iPhone
		{E04467CE-B9B3-478E-BF8E-08168F9511B8}.Ad-Hoc|Any CPU.Deploy.0 = Ad-Hoc|iPhone
		{E04467CE-B9B3-478E-BF8E-08168F9511B8}.Ad-Hoc|ARM.ActiveCfg = Ad-Hoc|iPhone
		{E04467CE-B9B3-478E-BF8E-08168F9511B8}.Ad-Hoc|ARM.Build.0 = Ad-Hoc|iPhone
		{E04467CE-B9B3-478E-BF8E-08168F9511B8}.Ad-Hoc|ARM.Deploy.0 = Ad-Hoc|iPhone
		{E04467CE-B9B3-478E-BF8E-08168F9511B8}.Ad-Hoc|iPhone.ActiveCfg = Ad-Hoc|iPhone
		{E04467CE-B9B3-478E-BF8E-08168F9511B8}.Ad-Hoc|iPhone.Build.0 = Ad-Hoc|iPhone
		{E04467CE-B9B3-478E-BF8E-08168F9511B8}.Ad-Hoc|iPhone.Deploy.0 = Ad-Hoc|iPhone
		{E04467CE-B9B3-478E-BF8E-08168F9511B8}.Ad-Hoc|iPhoneSimulator.ActiveCfg = Ad-Hoc|iPhoneSimulator
		{E04467CE-B9B3-478E-BF8E-08168F9511B8}.Ad-Hoc|iPhoneSimulator.Build.0 = Ad-Hoc|iPhoneSimulator
		{E04467CE-B9B3-478E-BF8E-08168F9511B8}.Ad-Hoc|iPhoneSimulator.Deploy.0 = Ad-Hoc|iPhoneSimulator
		{E04467CE-B9B3-478E-BF8E-08168F9511B8}.Ad-Hoc|x64.ActiveCfg = Ad-Hoc|iPhone
		{E04467CE-B9B3-478E-BF8E-08168F9511B8}.Ad-Hoc|x64.Build.0 = Ad-Hoc|iPhone
		{E04467CE-B9B3-478E-BF8E-08168F9511B8}.Ad-Hoc|x64.Deploy.0 = Ad-Hoc|iPhone
		{E04467CE-B9B3-478E-BF8E-08168F9511B8}.Ad-Hoc|x86.ActiveCfg = Ad-Hoc|iPhone
		{E04467CE-B9B3-478E-BF8E-08168F9511B8}.Ad-Hoc|x86.Build.0 = Ad-Hoc|iPhone
		{E04467CE-B9B3-478E-BF8E-08168F9511B8}.Ad-Hoc|x86.Deploy.0 = Ad-Hoc|iPhone
		{E04467CE-B9B3-478E-BF8E-08168F9511B8}.AppStore|Any CPU.ActiveCfg = AppStore|iPhone
		{E04467CE-B9B3-478E-BF8E-08168F9511B8}.AppStore|Any CPU.Build.0 = AppStore|iPhone
		{E04467CE-B9B3-478E-BF8E-08168F9511B8}.AppStore|Any CPU.Deploy.0 = AppStore|iPhone
		{E04467CE-B9B3-478E-BF8E-08168F9511B8}.AppStore|ARM.ActiveCfg = AppStore|iPhone
		{E04467CE-B9B3-478E-BF8E-08168F9511B8}.AppStore|ARM.Build.0 = AppStore|iPhone
		{E04467CE-B9B3-478E-BF8E-08168F9511B8}.AppStore|ARM.Deploy.0 = AppStore|iPhone
		{E04467CE-B9B3-478E-BF8E-08168F9511B8}.AppStore|iPhone.ActiveCfg = AppStore|iPhone
		{E04467CE-B9B3-478E-BF8E-08168F9511B8}.AppStore|iPhone.Build.0 = AppStore|iPhone
		{E04467CE-B9B3-478E-BF8E-08168F9511B8}.AppStore|iPhone.Deploy.0 = AppStore|iPhone
		{E04467CE-B9B3-478E-BF8E-08168F9511B8}.AppStore|iPhoneSimulator.ActiveCfg = AppStore|iPhoneSimulator
		{E04467CE-B9B3-478E-BF8E-08168F9511B8}.AppStore|iPhoneSimulator.Build.0 = AppStore|iPhoneSimulator
		{E04467CE-B9B3-478E-BF8E-08168F9511B8}.AppStore|iPhoneSimulator.Deploy.0 = AppStore|iPhoneSimulator
		{E04467CE-B9B3-478E-BF8E-08168F9511B8}.AppStore|x64.ActiveCfg = AppStore|iPhone
		{E04467CE-B9B3-478E-BF8E-08168F9511B8}.AppStore|x64.Build.0 = AppStore|iPhone
		{E04467CE-B9B3-478E-BF8E-08168F9511B8}.AppStore|x64.Deploy.0 = AppStore|iPhone
		{E04467CE-B9B3-478E-BF8E-08168F9511B8}.AppStore|x86.ActiveCfg = AppStore|iPhone
		{E04467CE-B9B3-478E-BF8E-08168F9511B8}.AppStore|x86.Build.0 = AppStore|iPhone
		{E04467CE-B9B3-478E-BF8E-08168F9511B8}.AppStore|x86.Deploy.0 = AppStore|iPhone
		{E04467CE-B9B3-478E-BF8E-08168F9511B8}.Debug|Any CPU.ActiveCfg = Debug|iPhoneSimulator
		{E04467CE-B9B3-478E-BF8E-08168F9511B8}.Debug|Any CPU.Build.0 = Debug|iPhoneSimulator
		{E04467CE-B9B3-478E-BF8E-08168F9511B8}.Debug|Any CPU.Deploy.0 = Debug|iPhoneSimulator
		{E04467CE-B9B3-478E-BF8E-08168F9511B8}.Debug|ARM.ActiveCfg = Debug|iPhone
		{E04467CE-B9B3-478E-BF8E-08168F9511B8}.Debug|ARM.Build.0 = Debug|iPhone
		{E04467CE-B9B3-478E-BF8E-08168F9511B8}.Debug|ARM.Deploy.0 = Debug|iPhone
		{E04467CE-B9B3-478E-BF8E-08168F9511B8}.Debug|iPhone.ActiveCfg = Debug|iPhone
		{E04467CE-B9B3-478E-BF8E-08168F9511B8}.Debug|iPhone.Build.0 = Debug|iPhone
		{E04467CE-B9B3-478E-BF8E-08168F9511B8}.Debug|iPhone.Deploy.0 = Debug|iPhone
		{E04467CE-B9B3-478E-BF8E-08168F9511B8}.Debug|iPhoneSimulator.ActiveCfg = Debug|iPhoneSimulator
		{E04467CE-B9B3-478E-BF8E-08168F9511B8}.Debug|iPhoneSimulator.Build.0 = Debug|iPhoneSimulator
		{E04467CE-B9B3-478E-BF8E-08168F9511B8}.Debug|iPhoneSimulator.Deploy.0 = Debug|iPhoneSimulator
		{E04467CE-B9B3-478E-BF8E-08168F9511B8}.Debug|x64.ActiveCfg = Debug|iPhone
		{E04467CE-B9B3-478E-BF8E-08168F9511B8}.Debug|x64.Build.0 = Debug|iPhone
		{E04467CE-B9B3-478E-BF8E-08168F9511B8}.Debug|x64.Deploy.0 = Debug|iPhone
		{E04467CE-B9B3-478E-BF8E-08168F9511B8}.Debug|x86.ActiveCfg = Debug|iPhone
		{E04467CE-B9B3-478E-BF8E-08168F9511B8}.Debug|x86.Build.0 = Debug|iPhone
		{E04467CE-B9B3-478E-BF8E-08168F9511B8}.Debug|x86.Deploy.0 = Debug|iPhone
		{E04467CE-B9B3-478E-BF8E-08168F9511B8}.Release|Any CPU.ActiveCfg = Release|iPhone
		{E04467CE-B9B3-478E-BF8E-08168F9511B8}.Release|Any CPU.Build.0 = Release|iPhone
		{E04467CE-B9B3-478E-BF8E-08168F9511B8}.Release|Any CPU.Deploy.0 = Release|iPhone
		{E04467CE-B9B3-478E-BF8E-08168F9511B8}.Release|ARM.ActiveCfg = Release|iPhone
		{E04467CE-B9B3-478E-BF8E-08168F9511B8}.Release|ARM.Build.0 = Release|iPhone
		{E04467CE-B9B3-478E-BF8E-08168F9511B8}.Release|ARM.Deploy.0 = Release|iPhone
		{E04467CE-B9B3-478E-BF8E-08168F9511B8}.Release|iPhone.ActiveCfg = Release|iPhone
		{E04467CE-B9B3-478E-BF8E-08168F9511B8}.Release|iPhone.Build.0 = Release|iPhone
		{E04467CE-B9B3-478E-BF8E-08168F9511B8}.Release|iPhone.Deploy.0 = Release|iPhone
		{E04467CE-B9B3-478E-BF8E-08168F9511B8}.Release|iPhoneSimulator.ActiveCfg = Release|iPhoneSimulator
		{E04467CE-B9B3-478E-BF8E-08168F9511B8}.Release|iPhoneSimulator.Build.0 = Release|iPhoneSimulator
		{E04467CE-B9B3-478E-BF8E-08168F9511B8}.Release|iPhoneSimulator.Deploy.0 = Release|iPhoneSimulator
		{E04467CE-B9B3-478E-BF8E-08168F9511B8}.Release|x64.ActiveCfg = Release|iPhone
		{E04467CE-B9B3-478E-BF8E-08168F9511B8}.Release|x64.Build.0 = Release|iPhone
		{E04467CE-B9B3-478E-BF8E-08168F9511B8}.Release|x64.Deploy.0 = Release|iPhone
		{E04467CE-B9B3-478E-BF8E-08168F9511B8}.Release|x86.ActiveCfg = Release|iPhone
		{E04467CE-B9B3-478E-BF8E-08168F9511B8}.Release|x86.Build.0 = Release|iPhone
		{E04467CE-B9B3-478E-BF8E-08168F9511B8}.Release|x86.Deploy.0 = Release|iPhone
		{59FCF8E8-A354-429D-9701-7922CE796049}.Ad-Hoc|Any CPU.ActiveCfg = Release|x86
		{59FCF8E8-A354-429D-9701-7922CE796049}.Ad-Hoc|Any CPU.Build.0 = Release|x86
		{59FCF8E8-A354-429D-9701-7922CE796049}.Ad-Hoc|Any CPU.Deploy.0 = Release|x86
		{59FCF8E8-A354-429D-9701-7922CE796049}.Ad-Hoc|ARM.ActiveCfg = Release|ARM
		{59FCF8E8-A354-429D-9701-7922CE796049}.Ad-Hoc|ARM.Build.0 = Release|ARM
		{59FCF8E8-A354-429D-9701-7922CE796049}.Ad-Hoc|ARM.Deploy.0 = Release|ARM
		{59FCF8E8-A354-429D-9701-7922CE796049}.Ad-Hoc|iPhone.ActiveCfg = Release|x86
		{59FCF8E8-A354-429D-9701-7922CE796049}.Ad-Hoc|iPhone.Build.0 = Release|x86
		{59FCF8E8-A354-429D-9701-7922CE796049}.Ad-Hoc|iPhone.Deploy.0 = Release|x86
		{59FCF8E8-A354-429D-9701-7922CE796049}.Ad-Hoc|iPhoneSimulator.ActiveCfg = Release|x86
		{59FCF8E8-A354-429D-9701-7922CE796049}.Ad-Hoc|iPhoneSimulator.Build.0 = Release|x86
		{59FCF8E8-A354-429D-9701-7922CE796049}.Ad-Hoc|iPhoneSimulator.Deploy.0 = Release|x86
		{59FCF8E8-A354-429D-9701-7922CE796049}.Ad-Hoc|x64.ActiveCfg = Release|x64
		{59FCF8E8-A354-429D-9701-7922CE796049}.Ad-Hoc|x64.Build.0 = Release|x64
		{59FCF8E8-A354-429D-9701-7922CE796049}.Ad-Hoc|x64.Deploy.0 = Release|x64
		{59FCF8E8-A354-429D-9701-7922CE796049}.Ad-Hoc|x86.ActiveCfg = Release|x86
		{59FCF8E8-A354-429D-9701-7922CE796049}.Ad-Hoc|x86.Build.0 = Release|x86
		{59FCF8E8-A354-429D-9701-7922CE796049}.Ad-Hoc|x86.Deploy.0 = Release|x86
		{59FCF8E8-A354-429D-9701-7922CE796049}.AppStore|Any CPU.ActiveCfg = Release|x86
		{59FCF8E8-A354-429D-9701-7922CE796049}.AppStore|Any CPU.Build.0 = Release|x86
		{59FCF8E8-A354-429D-9701-7922CE796049}.AppStore|Any CPU.Deploy.0 = Release|x86
		{59FCF8E8-A354-429D-9701-7922CE796049}.AppStore|ARM.ActiveCfg = Release|ARM
		{59FCF8E8-A354-429D-9701-7922CE796049}.AppStore|ARM.Build.0 = Release|ARM
		{59FCF8E8-A354-429D-9701-7922CE796049}.AppStore|ARM.Deploy.0 = Release|ARM
		{59FCF8E8-A354-429D-9701-7922CE796049}.AppStore|iPhone.ActiveCfg = Release|x86
		{59FCF8E8-A354-429D-9701-7922CE796049}.AppStore|iPhone.Build.0 = Release|x86
		{59FCF8E8-A354-429D-9701-7922CE796049}.AppStore|iPhone.Deploy.0 = Release|x86
		{59FCF8E8-A354-429D-9701-7922CE796049}.AppStore|iPhoneSimulator.ActiveCfg = Release|x86
		{59FCF8E8-A354-429D-9701-7922CE796049}.AppStore|iPhoneSimulator.Build.0 = Release|x86
		{59FCF8E8-A354-429D-9701-7922CE796049}.AppStore|iPhoneSimulator.Deploy.0 = Release|x86
		{59FCF8E8-A354-429D-9701-7922CE796049}.AppStore|x64.ActiveCfg = Release|x64
		{59FCF8E8-A354-429D-9701-7922CE796049}.AppStore|x64.Build.0 = Release|x64
		{59FCF8E8-A354-429D-9701-7922CE796049}.AppStore|x64.Deploy.0 = Release|x64
		{59FCF8E8-A354-429D-9701-7922CE796049}.AppStore|x86.ActiveCfg = Release|x86
		{59FCF8E8-A354-429D-9701-7922CE796049}.AppStore|x86.Build.0 = Release|x86
		{59FCF8E8-A354-429D-9701-7922CE796049}.AppStore|x86.Deploy.0 = Release|x86
		{59FCF8E8-A354-429D-9701-7922CE796049}.Debug|Any CPU.ActiveCfg = Debug|x86
		{59FCF8E8-A354-429D-9701-7922CE796049}.Debug|Any CPU.Build.0 = Debug|x86
		{59FCF8E8-A354-429D-9701-7922CE796049}.Debug|Any CPU.Deploy.0 = Debug|x86
		{59FCF8E8-A354-429D-9701-7922CE796049}.Debug|ARM.ActiveCfg = Debug|ARM
		{59FCF8E8-A354-429D-9701-7922CE796049}.Debug|ARM.Build.0 = Debug|ARM
		{59FCF8E8-A354-429D-9701-7922CE796049}.Debug|ARM.Deploy.0 = Debug|ARM
		{59FCF8E8-A354-429D-9701-7922CE796049}.Debug|iPhone.ActiveCfg = Debug|x86
		{59FCF8E8-A354-429D-9701-7922CE796049}.Debug|iPhone.Build.0 = Debug|x86
		{59FCF8E8-A354-429D-9701-7922CE796049}.Debug|iPhone.Deploy.0 = Debug|x86
		{59FCF8E8-A354-429D-9701-7922CE796049}.Debug|iPhoneSimulator.ActiveCfg = Debug|x86
		{59FCF8E8-A354-429D-9701-7922CE796049}.Debug|iPhoneSimulator.Build.0 = Debug|x86
		{59FCF8E8-A354-429D-9701-7922CE796049}.Debug|iPhoneSimulator.Deploy.0 = Debug|x86
		{59FCF8E8-A354-429D-9701-7922CE796049}.Debug|x64.ActiveCfg = Debug|x64
		{59FCF8E8-A354-429D-9701-7922CE796049}.Debug|x64.Build.0 = Debug|x64
		{59FCF8E8-A354-429D-9701-7922CE796049}.Debug|x64.Deploy.0 = Debug|x64
		{59FCF8E8-A354-429D-9701-7922CE796049}.Debug|x86.ActiveCfg = Debug|x86
		{59FCF8E8-A354-429D-9701-7922CE796049}.Debug|x86.Build.0 = Debug|x86
		{59FCF8E8-A354-429D-9701-7922CE796049}.Debug|x86.Deploy.0 = Debug|x86
		{59FCF8E8-A354-429D-9701-7922CE796049}.Release|Any CPU.ActiveCfg = Release|x86
		{59FCF8E8-A354-429D-9701-7922CE796049}.Release|Any CPU.Build.0 = Release|x86
		{59FCF8E8-A354-429D-9701-7922CE796049}.Release|Any CPU.Deploy.0 = Release|x86
		{59FCF8E8-A354-429D-9701-7922CE796049}.Release|ARM.ActiveCfg = Release|ARM
		{59FCF8E8-A354-429D-9701-7922CE796049}.Release|ARM.Build.0 = Release|ARM
		{59FCF8E8-A354-429D-9701-7922CE796049}.Release|ARM.Deploy.0 = Release|ARM
		{59FCF8E8-A354-429D-9701-7922CE796049}.Release|iPhone.ActiveCfg = Release|x86
		{59FCF8E8-A354-429D-9701-7922CE796049}.Release|iPhone.Build.0 = Release|x86
		{59FCF8E8-A354-429D-9701-7922CE796049}.Release|iPhone.Deploy.0 = Release|x86
		{59FCF8E8-A354-429D-9701-7922CE796049}.Release|iPhoneSimulator.ActiveCfg = Release|x86
		{59FCF8E8-A354-429D-9701-7922CE796049}.Release|iPhoneSimulator.Build.0 = Release|x86
		{59FCF8E8-A354-429D-9701-7922CE796049}.Release|iPhoneSimulator.Deploy.0 = Release|x86
		{59FCF8E8-A354-429D-9701-7922CE796049}.Release|x64.ActiveCfg = Release|x64
		{59FCF8E8-A354-429D-9701-7922CE796049}.Release|x64.Build.0 = Release|x64
		{59FCF8E8-A354-429D-9701-7922CE796049}.Release|x64.Deploy.0 = Release|x64
		{59FCF8E8-A354-429D-9701-7922CE796049}.Release|x86.ActiveCfg = Release|x86
		{59FCF8E8-A354-429D-9701-7922CE796049}.Release|x86.Build.0 = Release|x86
		{59FCF8E8-A354-429D-9701-7922CE796049}.Release|x86.Deploy.0 = Release|x86
		{E9F4D4B8-1BC0-425D-BC1B-83B25C04D23D}.Ad-Hoc|Any CPU.ActiveCfg = Debug|Any CPU
		{E9F4D4B8-1BC0-425D-BC1B-83B25C04D23D}.Ad-Hoc|Any CPU.Build.0 = Debug|Any CPU
		{E9F4D4B8-1BC0-425D-BC1B-83B25C04D23D}.Ad-Hoc|Any CPU.Deploy.0 = Debug|Any CPU
		{E9F4D4B8-1BC0-425D-BC1B-83B25C04D23D}.Ad-Hoc|ARM.ActiveCfg = Debug|Any CPU
		{E9F4D4B8-1BC0-425D-BC1B-83B25C04D23D}.Ad-Hoc|ARM.Build.0 = Debug|Any CPU
		{E9F4D4B8-1BC0-425D-BC1B-83B25C04D23D}.Ad-Hoc|ARM.Deploy.0 = Debug|Any CPU
		{E9F4D4B8-1BC0-425D-BC1B-83B25C04D23D}.Ad-Hoc|iPhone.ActiveCfg = Debug|Any CPU
		{E9F4D4B8-1BC0-425D-BC1B-83B25C04D23D}.Ad-Hoc|iPhone.Build.0 = Debug|Any CPU
		{E9F4D4B8-1BC0-425D-BC1B-83B25C04D23D}.Ad-Hoc|iPhone.Deploy.0 = Debug|Any CPU
		{E9F4D4B8-1BC0-425D-BC1B-83B25C04D23D}.Ad-Hoc|iPhoneSimulator.ActiveCfg = Debug|Any CPU
		{E9F4D4B8-1BC0-425D-BC1B-83B25C04D23D}.Ad-Hoc|iPhoneSimulator.Build.0 = Debug|Any CPU
		{E9F4D4B8-1BC0-425D-BC1B-83B25C04D23D}.Ad-Hoc|iPhoneSimulator.Deploy.0 = Debug|Any CPU
		{E9F4D4B8-1BC0-425D-BC1B-83B25C04D23D}.Ad-Hoc|x64.ActiveCfg = Debug|Any CPU
		{E9F4D4B8-1BC0-425D-BC1B-83B25C04D23D}.Ad-Hoc|x64.Build.0 = Debug|Any CPU
		{E9F4D4B8-1BC0-425D-BC1B-83B25C04D23D}.Ad-Hoc|x64.Deploy.0 = Debug|Any CPU
		{E9F4D4B8-1BC0-425D-BC1B-83B25C04D23D}.Ad-Hoc|x86.ActiveCfg = Debug|Any CPU
		{E9F4D4B8-1BC0-425D-BC1B-83B25C04D23D}.Ad-Hoc|x86.Build.0 = Debug|Any CPU
		{E9F4D4B8-1BC0-425D-BC1B-83B25C04D23D}.Ad-Hoc|x86.Deploy.0 = Debug|Any CPU
		{E9F4D4B8-1BC0-425D-BC1B-83B25C04D23D}.AppStore|Any CPU.ActiveCfg = Debug|Any CPU
		{E9F4D4B8-1BC0-425D-BC1B-83B25C04D23D}.AppStore|Any CPU.Build.0 = Debug|Any CPU
		{E9F4D4B8-1BC0-425D-BC1B-83B25C04D23D}.AppStore|Any CPU.Deploy.0 = Debug|Any CPU
		{E9F4D4B8-1BC0-425D-BC1B-83B25C04D23D}.AppStore|ARM.ActiveCfg = Debug|Any CPU
		{E9F4D4B8-1BC0-425D-BC1B-83B25C04D23D}.AppStore|ARM.Build.0 = Debug|Any CPU
		{E9F4D4B8-1BC0-425D-BC1B-83B25C04D23D}.AppStore|ARM.Deploy.0 = Debug|Any CPU
		{E9F4D4B8-1BC0-425D-BC1B-83B25C04D23D}.AppStore|iPhone.ActiveCfg = Debug|Any CPU
		{E9F4D4B8-1BC0-425D-BC1B-83B25C04D23D}.AppStore|iPhone.Build.0 = Debug|Any CPU
		{E9F4D4B8-1BC0-425D-BC1B-83B25C04D23D}.AppStore|iPhone.Deploy.0 = Debug|Any CPU
		{E9F4D4B8-1BC0-425D-BC1B-83B25C04D23D}.AppStore|iPhoneSimulator.ActiveCfg = Debug|Any CPU
		{E9F4D4B8-1BC0-425D-BC1B-83B25C04D23D}.AppStore|iPhoneSimulator.Build.0 = Debug|Any CPU
		{E9F4D4B8-1BC0-425D-BC1B-83B25C04D23D}.AppStore|iPhoneSimulator.Deploy.0 = Debug|Any CPU
		{E9F4D4B8-1BC0-425D-BC1B-83B25C04D23D}.AppStore|x64.ActiveCfg = Debug|Any CPU
		{E9F4D4B8-1BC0-425D-BC1B-83B25C04D23D}.AppStore|x64.Build.0 = Debug|Any CPU
		{E9F4D4B8-1BC0-425D-BC1B-83B25C04D23D}.AppStore|x64.Deploy.0 = Debug|Any CPU
		{E9F4D4B8-1BC0-425D-BC1B-83B25C04D23D}.AppStore|x86.ActiveCfg = Debug|Any CPU
		{E9F4D4B8-1BC0-425D-BC1B-83B25C04D23D}.AppStore|x86.Build.0 = Debug|Any CPU
		{E9F4D4B8-1BC0-425D-BC1B-83B25C04D23D}.AppStore|x86.Deploy.0 = Debug|Any CPU
		{E9F4D4B8-1BC0-425D-BC1B-83B25C04D23D}.Debug|Any CPU.ActiveCfg = Debug|Any CPU
		{E9F4D4B8-1BC0-425D-BC1B-83B25C04D23D}.Debug|Any CPU.Build.0 = Debug|Any CPU
		{E9F4D4B8-1BC0-425D-BC1B-83B25C04D23D}.Debug|Any CPU.Deploy.0 = Debug|Any CPU
		{E9F4D4B8-1BC0-425D-BC1B-83B25C04D23D}.Debug|ARM.ActiveCfg = Debug|Any CPU
		{E9F4D4B8-1BC0-425D-BC1B-83B25C04D23D}.Debug|ARM.Build.0 = Debug|Any CPU
		{E9F4D4B8-1BC0-425D-BC1B-83B25C04D23D}.Debug|ARM.Deploy.0 = Debug|Any CPU
		{E9F4D4B8-1BC0-425D-BC1B-83B25C04D23D}.Debug|iPhone.ActiveCfg = Debug|Any CPU
		{E9F4D4B8-1BC0-425D-BC1B-83B25C04D23D}.Debug|iPhone.Build.0 = Debug|Any CPU
		{E9F4D4B8-1BC0-425D-BC1B-83B25C04D23D}.Debug|iPhone.Deploy.0 = Debug|Any CPU
		{E9F4D4B8-1BC0-425D-BC1B-83B25C04D23D}.Debug|iPhoneSimulator.ActiveCfg = Debug|Any CPU
		{E9F4D4B8-1BC0-425D-BC1B-83B25C04D23D}.Debug|iPhoneSimulator.Build.0 = Debug|Any CPU
		{E9F4D4B8-1BC0-425D-BC1B-83B25C04D23D}.Debug|iPhoneSimulator.Deploy.0 = Debug|Any CPU
		{E9F4D4B8-1BC0-425D-BC1B-83B25C04D23D}.Debug|x64.ActiveCfg = Debug|Any CPU
		{E9F4D4B8-1BC0-425D-BC1B-83B25C04D23D}.Debug|x64.Build.0 = Debug|Any CPU
		{E9F4D4B8-1BC0-425D-BC1B-83B25C04D23D}.Debug|x64.Deploy.0 = Debug|Any CPU
		{E9F4D4B8-1BC0-425D-BC1B-83B25C04D23D}.Debug|x86.ActiveCfg = Debug|Any CPU
		{E9F4D4B8-1BC0-425D-BC1B-83B25C04D23D}.Debug|x86.Build.0 = Debug|Any CPU
		{E9F4D4B8-1BC0-425D-BC1B-83B25C04D23D}.Debug|x86.Deploy.0 = Debug|Any CPU
		{E9F4D4B8-1BC0-425D-BC1B-83B25C04D23D}.Release|Any CPU.ActiveCfg = Release|Any CPU
		{E9F4D4B8-1BC0-425D-BC1B-83B25C04D23D}.Release|Any CPU.Build.0 = Release|Any CPU
		{E9F4D4B8-1BC0-425D-BC1B-83B25C04D23D}.Release|Any CPU.Deploy.0 = Release|Any CPU
		{E9F4D4B8-1BC0-425D-BC1B-83B25C04D23D}.Release|ARM.ActiveCfg = Release|Any CPU
		{E9F4D4B8-1BC0-425D-BC1B-83B25C04D23D}.Release|ARM.Build.0 = Release|Any CPU
		{E9F4D4B8-1BC0-425D-BC1B-83B25C04D23D}.Release|ARM.Deploy.0 = Release|Any CPU
		{E9F4D4B8-1BC0-425D-BC1B-83B25C04D23D}.Release|iPhone.ActiveCfg = Release|Any CPU
		{E9F4D4B8-1BC0-425D-BC1B-83B25C04D23D}.Release|iPhone.Build.0 = Release|Any CPU
		{E9F4D4B8-1BC0-425D-BC1B-83B25C04D23D}.Release|iPhone.Deploy.0 = Release|Any CPU
		{E9F4D4B8-1BC0-425D-BC1B-83B25C04D23D}.Release|iPhoneSimulator.ActiveCfg = Release|Any CPU
		{E9F4D4B8-1BC0-425D-BC1B-83B25C04D23D}.Release|iPhoneSimulator.Build.0 = Release|Any CPU
		{E9F4D4B8-1BC0-425D-BC1B-83B25C04D23D}.Release|iPhoneSimulator.Deploy.0 = Release|Any CPU
		{E9F4D4B8-1BC0-425D-BC1B-83B25C04D23D}.Release|x64.ActiveCfg = Release|Any CPU
		{E9F4D4B8-1BC0-425D-BC1B-83B25C04D23D}.Release|x64.Build.0 = Release|Any CPU
		{E9F4D4B8-1BC0-425D-BC1B-83B25C04D23D}.Release|x64.Deploy.0 = Release|Any CPU
		{E9F4D4B8-1BC0-425D-BC1B-83B25C04D23D}.Release|x86.ActiveCfg = Release|Any CPU
		{E9F4D4B8-1BC0-425D-BC1B-83B25C04D23D}.Release|x86.Build.0 = Release|Any CPU
		{E9F4D4B8-1BC0-425D-BC1B-83B25C04D23D}.Release|x86.Deploy.0 = Release|Any CPU
	EndGlobalSection
	GlobalSection(SolutionProperties) = preSolution
		HideSolutionNode = FALSE
	EndGlobalSection
	GlobalSection(ExtensibilityGlobals) = postSolution
		SolutionGuid = {E4AF18BB-DFFD-438E-ADA4-C6073CC9B744}
	EndGlobalSection
EndGlobal
