
Microsoft Visual Studio Solution File, Format Version 12.00
# Visual Studio 15
VisualStudioVersion = 15.0.28307.572
MinimumVisualStudioVersion = 10.0.40219.1
Project("{FAE04EC0-301F-11D3-BF4B-00C04F79EFBC}") = "Styles.Android", "Styles\Styles.Android\Styles.Android.csproj", "{982319D1-0D77-4F92-9E1F-AF90E970D372}"
EndProject
Project("{FAE04EC0-301F-11D3-BF4B-00C04F79EFBC}") = "Styles.iOS", "Styles\Styles.iOS\Styles.iOS.csproj", "{2EB24297-6032-44F2-8CD1-DA7766D49792}"
EndProject
Project("{FAE04EC0-301F-11D3-BF4B-00C04F79EFBC}") = "Styles.UWP", "Styles\Styles.UWP\Styles.UWP.csproj", "{0E131212-752F-4715-A089-EBD5C4FABD59}"
EndProject
Project("{FAE04EC0-301F-11D3-BF4B-00C04F79EFBC}") = "Styles", "Styles\Styles\Styles.csproj", "{85A9C777-0ABD-4F5C-9FE3-5E0B98E00D86}"
EndProject
Global
	GlobalSection(SolutionConfigurationPlatforms) = preSolution
		Ad-Hoc|Any CPU = Ad-Hoc|Any CPU
		Ad-Hoc|ARM = Ad-Hoc|ARM
		Ad-Hoc|iPhone = Ad-Hoc|iPhone
		Ad-Hoc|iPhoneSimulator = Ad-Hoc|iPhoneSimulator
		Ad-Hoc|x64 = Ad-Hoc|x64
		Ad-Hoc|x86 = Ad-Hoc|x86
		AppStore|Any CPU = AppStore|Any CPU
		AppStore|ARM = AppStore|ARM
		AppStore|iPhone = AppStore|iPhone
		AppStore|iPhoneSimulator = AppStore|iPhoneSimulator
		AppStore|x64 = AppStore|x64
		AppStore|x86 = AppStore|x86
		Debug|Any CPU = Debug|Any CPU
		Debug|ARM = Debug|ARM
		Debug|iPhone = Debug|iPhone
		Debug|iPhoneSimulator = Debug|iPhoneSimulator
		Debug|x64 = Debug|x64
		Debug|x86 = Debug|x86
		Release|Any CPU = Release|Any CPU
		Release|ARM = Release|ARM
		Release|iPhone = Release|iPhone
		Release|iPhoneSimulator = Release|iPhoneSimulator
		Release|x64 = Release|x64
		Release|x86 = Release|x86
	EndGlobalSection
	GlobalSection(ProjectConfigurationPlatforms) = postSolution
		{982319D1-0D77-4F92-9E1F-AF90E970D372}.Ad-Hoc|Any CPU.ActiveCfg = Release|Any CPU
		{982319D1-0D77-4F92-9E1F-AF90E970D372}.Ad-Hoc|Any CPU.Build.0 = Release|Any CPU
		{982319D1-0D77-4F92-9E1F-AF90E970D372}.Ad-Hoc|Any CPU.Deploy.0 = Release|Any CPU
		{982319D1-0D77-4F92-9E1F-AF90E970D372}.Ad-Hoc|ARM.ActiveCfg = Release|Any CPU
		{982319D1-0D77-4F92-9E1F-AF90E970D372}.Ad-Hoc|ARM.Build.0 = Release|Any CPU
		{982319D1-0D77-4F92-9E1F-AF90E970D372}.Ad-Hoc|ARM.Deploy.0 = Release|Any CPU
		{982319D1-0D77-4F92-9E1F-AF90E970D372}.Ad-Hoc|iPhone.ActiveCfg = Release|Any CPU
		{982319D1-0D77-4F92-9E1F-AF90E970D372}.Ad-Hoc|iPhone.Build.0 = Release|Any CPU
		{982319D1-0D77-4F92-9E1F-AF90E970D372}.Ad-Hoc|iPhone.Deploy.0 = Release|Any CPU
		{982319D1-0D77-4F92-9E1F-AF90E970D372}.Ad-Hoc|iPhoneSimulator.ActiveCfg = Release|Any CPU
		{982319D1-0D77-4F92-9E1F-AF90E970D372}.Ad-Hoc|iPhoneSimulator.Build.0 = Release|Any CPU
		{982319D1-0D77-4F92-9E1F-AF90E970D372}.Ad-Hoc|iPhoneSimulator.Deploy.0 = Release|Any CPU
		{982319D1-0D77-4F92-9E1F-AF90E970D372}.Ad-Hoc|x64.ActiveCfg = Release|Any CPU
		{982319D1-0D77-4F92-9E1F-AF90E970D372}.Ad-Hoc|x64.Build.0 = Release|Any CPU
		{982319D1-0D77-4F92-9E1F-AF90E970D372}.Ad-Hoc|x64.Deploy.0 = Release|Any CPU
		{982319D1-0D77-4F92-9E1F-AF90E970D372}.Ad-Hoc|x86.ActiveCfg = Release|Any CPU
		{982319D1-0D77-4F92-9E1F-AF90E970D372}.Ad-Hoc|x86.Build.0 = Release|Any CPU
		{982319D1-0D77-4F92-9E1F-AF90E970D372}.Ad-Hoc|x86.Deploy.0 = Release|Any CPU
		{982319D1-0D77-4F92-9E1F-AF90E970D372}.AppStore|Any CPU.ActiveCfg = Release|Any CPU
		{982319D1-0D77-4F92-9E1F-AF90E970D372}.AppStore|Any CPU.Build.0 = Release|Any CPU
		{982319D1-0D77-4F92-9E1F-AF90E970D372}.AppStore|Any CPU.Deploy.0 = Release|Any CPU
		{982319D1-0D77-4F92-9E1F-AF90E970D372}.AppStore|ARM.ActiveCfg = Release|Any CPU
		{982319D1-0D77-4F92-9E1F-AF90E970D372}.AppStore|ARM.Build.0 = Release|Any CPU
		{982319D1-0D77-4F92-9E1F-AF90E970D372}.AppStore|ARM.Deploy.0 = Release|Any CPU
		{982319D1-0D77-4F92-9E1F-AF90E970D372}.AppStore|iPhone.ActiveCfg = Release|Any CPU
		{982319D1-0D77-4F92-9E1F-AF90E970D372}.AppStore|iPhone.Build.0 = Release|Any CPU
		{982319D1-0D77-4F92-9E1F-AF90E970D372}.AppStore|iPhone.Deploy.0 = Release|Any CPU
		{982319D1-0D77-4F92-9E1F-AF90E970D372}.AppStore|iPhoneSimulator.ActiveCfg = Release|Any CPU
		{982319D1-0D77-4F92-9E1F-AF90E970D372}.AppStore|iPhoneSimulator.Build.0 = Release|Any CPU
		{982319D1-0D77-4F92-9E1F-AF90E970D372}.AppStore|iPhoneSimulator.Deploy.0 = Release|Any CPU
		{982319D1-0D77-4F92-9E1F-AF90E970D372}.AppStore|x64.ActiveCfg = Release|Any CPU
		{982319D1-0D77-4F92-9E1F-AF90E970D372}.AppStore|x64.Build.0 = Release|Any CPU
		{982319D1-0D77-4F92-9E1F-AF90E970D372}.AppStore|x64.Deploy.0 = Release|Any CPU
		{982319D1-0D77-4F92-9E1F-AF90E970D372}.AppStore|x86.ActiveCfg = Release|Any CPU
		{982319D1-0D77-4F92-9E1F-AF90E970D372}.AppStore|x86.Build.0 = Release|Any CPU
		{982319D1-0D77-4F92-9E1F-AF90E970D372}.AppStore|x86.Deploy.0 = Release|Any CPU
		{982319D1-0D77-4F92-9E1F-AF90E970D372}.Debug|Any CPU.ActiveCfg = Debug|Any CPU
		{982319D1-0D77-4F92-9E1F-AF90E970D372}.Debug|Any CPU.Build.0 = Debug|Any CPU
		{982319D1-0D77-4F92-9E1F-AF90E970D372}.Debug|Any CPU.Deploy.0 = Debug|Any CPU
		{982319D1-0D77-4F92-9E1F-AF90E970D372}.Debug|ARM.ActiveCfg = Debug|Any CPU
		{982319D1-0D77-4F92-9E1F-AF90E970D372}.Debug|ARM.Build.0 = Debug|Any CPU
		{982319D1-0D77-4F92-9E1F-AF90E970D372}.Debug|ARM.Deploy.0 = Debug|Any CPU
		{982319D1-0D77-4F92-9E1F-AF90E970D372}.Debug|iPhone.ActiveCfg = Debug|Any CPU
		{982319D1-0D77-4F92-9E1F-AF90E970D372}.Debug|iPhone.Build.0 = Debug|Any CPU
		{982319D1-0D77-4F92-9E1F-AF90E970D372}.Debug|iPhone.Deploy.0 = Debug|Any CPU
		{982319D1-0D77-4F92-9E1F-AF90E970D372}.Debug|iPhoneSimulator.ActiveCfg = Debug|Any CPU
		{982319D1-0D77-4F92-9E1F-AF90E970D372}.Debug|iPhoneSimulator.Build.0 = Debug|Any CPU
		{982319D1-0D77-4F92-9E1F-AF90E970D372}.Debug|iPhoneSimulator.Deploy.0 = Debug|Any CPU
		{982319D1-0D77-4F92-9E1F-AF90E970D372}.Debug|x64.ActiveCfg = Debug|Any CPU
		{982319D1-0D77-4F92-9E1F-AF90E970D372}.Debug|x64.Build.0 = Debug|Any CPU
		{982319D1-0D77-4F92-9E1F-AF90E970D372}.Debug|x64.Deploy.0 = Debug|Any CPU
		{982319D1-0D77-4F92-9E1F-AF90E970D372}.Debug|x86.ActiveCfg = Debug|Any CPU
		{982319D1-0D77-4F92-9E1F-AF90E970D372}.Debug|x86.Build.0 = Debug|Any CPU
		{982319D1-0D77-4F92-9E1F-AF90E970D372}.Debug|x86.Deploy.0 = Debug|Any CPU
		{982319D1-0D77-4F92-9E1F-AF90E970D372}.Release|Any CPU.ActiveCfg = Release|Any CPU
		{982319D1-0D77-4F92-9E1F-AF90E970D372}.Release|Any CPU.Build.0 = Release|Any CPU
		{982319D1-0D77-4F92-9E1F-AF90E970D372}.Release|Any CPU.Deploy.0 = Release|Any CPU
		{982319D1-0D77-4F92-9E1F-AF90E970D372}.Release|ARM.ActiveCfg = Release|Any CPU
		{982319D1-0D77-4F92-9E1F-AF90E970D372}.Release|ARM.Build.0 = Release|Any CPU
		{982319D1-0D77-4F92-9E1F-AF90E970D372}.Release|ARM.Deploy.0 = Release|Any CPU
		{982319D1-0D77-4F92-9E1F-AF90E970D372}.Release|iPhone.ActiveCfg = Release|Any CPU
		{982319D1-0D77-4F92-9E1F-AF90E970D372}.Release|iPhone.Build.0 = Release|Any CPU
		{982319D1-0D77-4F92-9E1F-AF90E970D372}.Release|iPhone.Deploy.0 = Release|Any CPU
		{982319D1-0D77-4F92-9E1F-AF90E970D372}.Release|iPhoneSimulator.ActiveCfg = Release|Any CPU
		{982319D1-0D77-4F92-9E1F-AF90E970D372}.Release|iPhoneSimulator.Build.0 = Release|Any CPU
		{982319D1-0D77-4F92-9E1F-AF90E970D372}.Release|iPhoneSimulator.Deploy.0 = Release|Any CPU
		{982319D1-0D77-4F92-9E1F-AF90E970D372}.Release|x64.ActiveCfg = Release|Any CPU
		{982319D1-0D77-4F92-9E1F-AF90E970D372}.Release|x64.Build.0 = Release|Any CPU
		{982319D1-0D77-4F92-9E1F-AF90E970D372}.Release|x64.Deploy.0 = Release|Any CPU
		{982319D1-0D77-4F92-9E1F-AF90E970D372}.Release|x86.ActiveCfg = Release|Any CPU
		{982319D1-0D77-4F92-9E1F-AF90E970D372}.Release|x86.Build.0 = Release|Any CPU
		{982319D1-0D77-4F92-9E1F-AF90E970D372}.Release|x86.Deploy.0 = Release|Any CPU
		{2EB24297-6032-44F2-8CD1-DA7766D49792}.Ad-Hoc|Any CPU.ActiveCfg = Ad-Hoc|iPhone
		{2EB24297-6032-44F2-8CD1-DA7766D49792}.Ad-Hoc|Any CPU.Build.0 = Ad-Hoc|iPhone
		{2EB24297-6032-44F2-8CD1-DA7766D49792}.Ad-Hoc|Any CPU.Deploy.0 = Ad-Hoc|iPhone
		{2EB24297-6032-44F2-8CD1-DA7766D49792}.Ad-Hoc|ARM.ActiveCfg = Ad-Hoc|iPhone
		{2EB24297-6032-44F2-8CD1-DA7766D49792}.Ad-Hoc|ARM.Build.0 = Ad-Hoc|iPhone
		{2EB24297-6032-44F2-8CD1-DA7766D49792}.Ad-Hoc|ARM.Deploy.0 = Ad-Hoc|iPhone
		{2EB24297-6032-44F2-8CD1-DA7766D49792}.Ad-Hoc|iPhone.ActiveCfg = Ad-Hoc|iPhone
		{2EB24297-6032-44F2-8CD1-DA7766D49792}.Ad-Hoc|iPhone.Build.0 = Ad-Hoc|iPhone
		{2EB24297-6032-44F2-8CD1-DA7766D49792}.Ad-Hoc|iPhone.Deploy.0 = Ad-Hoc|iPhone
		{2EB24297-6032-44F2-8CD1-DA7766D49792}.Ad-Hoc|iPhoneSimulator.ActiveCfg = Ad-Hoc|iPhoneSimulator
		{2EB24297-6032-44F2-8CD1-DA7766D49792}.Ad-Hoc|iPhoneSimulator.Build.0 = Ad-Hoc|iPhoneSimulator
		{2EB24297-6032-44F2-8CD1-DA7766D49792}.Ad-Hoc|iPhoneSimulator.Deploy.0 = Ad-Hoc|iPhoneSimulator
		{2EB24297-6032-44F2-8CD1-DA7766D49792}.Ad-Hoc|x64.ActiveCfg = Ad-Hoc|iPhone
		{2EB24297-6032-44F2-8CD1-DA7766D49792}.Ad-Hoc|x64.Build.0 = Ad-Hoc|iPhone
		{2EB24297-6032-44F2-8CD1-DA7766D49792}.Ad-Hoc|x64.Deploy.0 = Ad-Hoc|iPhone
		{2EB24297-6032-44F2-8CD1-DA7766D49792}.Ad-Hoc|x86.ActiveCfg = Ad-Hoc|iPhone
		{2EB24297-6032-44F2-8CD1-DA7766D49792}.Ad-Hoc|x86.Build.0 = Ad-Hoc|iPhone
		{2EB24297-6032-44F2-8CD1-DA7766D49792}.Ad-Hoc|x86.Deploy.0 = Ad-Hoc|iPhone
		{2EB24297-6032-44F2-8CD1-DA7766D49792}.AppStore|Any CPU.ActiveCfg = AppStore|iPhone
		{2EB24297-6032-44F2-8CD1-DA7766D49792}.AppStore|Any CPU.Build.0 = AppStore|iPhone
		{2EB24297-6032-44F2-8CD1-DA7766D49792}.AppStore|Any CPU.Deploy.0 = AppStore|iPhone
		{2EB24297-6032-44F2-8CD1-DA7766D49792}.AppStore|ARM.ActiveCfg = AppStore|iPhone
		{2EB24297-6032-44F2-8CD1-DA7766D49792}.AppStore|ARM.Build.0 = AppStore|iPhone
		{2EB24297-6032-44F2-8CD1-DA7766D49792}.AppStore|ARM.Deploy.0 = AppStore|iPhone
		{2EB24297-6032-44F2-8CD1-DA7766D49792}.AppStore|iPhone.ActiveCfg = AppStore|iPhone
		{2EB24297-6032-44F2-8CD1-DA7766D49792}.AppStore|iPhone.Build.0 = AppStore|iPhone
		{2EB24297-6032-44F2-8CD1-DA7766D49792}.AppStore|iPhone.Deploy.0 = AppStore|iPhone
		{2EB24297-6032-44F2-8CD1-DA7766D49792}.AppStore|iPhoneSimulator.ActiveCfg = AppStore|iPhoneSimulator
		{2EB24297-6032-44F2-8CD1-DA7766D49792}.AppStore|iPhoneSimulator.Build.0 = AppStore|iPhoneSimulator
		{2EB24297-6032-44F2-8CD1-DA7766D49792}.AppStore|iPhoneSimulator.Deploy.0 = AppStore|iPhoneSimulator
		{2EB24297-6032-44F2-8CD1-DA7766D49792}.AppStore|x64.ActiveCfg = AppStore|iPhone
		{2EB24297-6032-44F2-8CD1-DA7766D49792}.AppStore|x64.Build.0 = AppStore|iPhone
		{2EB24297-6032-44F2-8CD1-DA7766D49792}.AppStore|x64.Deploy.0 = AppStore|iPhone
		{2EB24297-6032-44F2-8CD1-DA7766D49792}.AppStore|x86.ActiveCfg = AppStore|iPhone
		{2EB24297-6032-44F2-8CD1-DA7766D49792}.AppStore|x86.Build.0 = AppStore|iPhone
		{2EB24297-6032-44F2-8CD1-DA7766D49792}.AppStore|x86.Deploy.0 = AppStore|iPhone
		{2EB24297-6032-44F2-8CD1-DA7766D49792}.Debug|Any CPU.ActiveCfg = Debug|iPhoneSimulator
		{2EB24297-6032-44F2-8CD1-DA7766D49792}.Debug|Any CPU.Build.0 = Debug|iPhoneSimulator
		{2EB24297-6032-44F2-8CD1-DA7766D49792}.Debug|Any CPU.Deploy.0 = Debug|iPhoneSimulator
		{2EB24297-6032-44F2-8CD1-DA7766D49792}.Debug|ARM.ActiveCfg = Debug|iPhone
		{2EB24297-6032-44F2-8CD1-DA7766D49792}.Debug|ARM.Build.0 = Debug|iPhone
		{2EB24297-6032-44F2-8CD1-DA7766D49792}.Debug|ARM.Deploy.0 = Debug|iPhone
		{2EB24297-6032-44F2-8CD1-DA7766D49792}.Debug|iPhone.ActiveCfg = Debug|iPhone
		{2EB24297-6032-44F2-8CD1-DA7766D49792}.Debug|iPhone.Build.0 = Debug|iPhone
		{2EB24297-6032-44F2-8CD1-DA7766D49792}.Debug|iPhone.Deploy.0 = Debug|iPhone
		{2EB24297-6032-44F2-8CD1-DA7766D49792}.Debug|iPhoneSimulator.ActiveCfg = Debug|iPhoneSimulator
		{2EB24297-6032-44F2-8CD1-DA7766D49792}.Debug|iPhoneSimulator.Build.0 = Debug|iPhoneSimulator
		{2EB24297-6032-44F2-8CD1-DA7766D49792}.Debug|iPhoneSimulator.Deploy.0 = Debug|iPhoneSimulator
		{2EB24297-6032-44F2-8CD1-DA7766D49792}.Debug|x64.ActiveCfg = Debug|iPhone
		{2EB24297-6032-44F2-8CD1-DA7766D49792}.Debug|x64.Build.0 = Debug|iPhone
		{2EB24297-6032-44F2-8CD1-DA7766D49792}.Debug|x64.Deploy.0 = Debug|iPhone
		{2EB24297-6032-44F2-8CD1-DA7766D49792}.Debug|x86.ActiveCfg = Debug|iPhone
		{2EB24297-6032-44F2-8CD1-DA7766D49792}.Debug|x86.Build.0 = Debug|iPhone
		{2EB24297-6032-44F2-8CD1-DA7766D49792}.Debug|x86.Deploy.0 = Debug|iPhone
		{2EB24297-6032-44F2-8CD1-DA7766D49792}.Release|Any CPU.ActiveCfg = Release|iPhone
		{2EB24297-6032-44F2-8CD1-DA7766D49792}.Release|Any CPU.Build.0 = Release|iPhone
		{2EB24297-6032-44F2-8CD1-DA7766D49792}.Release|Any CPU.Deploy.0 = Release|iPhone
		{2EB24297-6032-44F2-8CD1-DA7766D49792}.Release|ARM.ActiveCfg = Release|iPhone
		{2EB24297-6032-44F2-8CD1-DA7766D49792}.Release|ARM.Build.0 = Release|iPhone
		{2EB24297-6032-44F2-8CD1-DA7766D49792}.Release|ARM.Deploy.0 = Release|iPhone
		{2EB24297-6032-44F2-8CD1-DA7766D49792}.Release|iPhone.ActiveCfg = Release|iPhone
		{2EB24297-6032-44F2-8CD1-DA7766D49792}.Release|iPhone.Build.0 = Release|iPhone
		{2EB24297-6032-44F2-8CD1-DA7766D49792}.Release|iPhone.Deploy.0 = Release|iPhone
		{2EB24297-6032-44F2-8CD1-DA7766D49792}.Release|iPhoneSimulator.ActiveCfg = Release|iPhoneSimulator
		{2EB24297-6032-44F2-8CD1-DA7766D49792}.Release|iPhoneSimulator.Build.0 = Release|iPhoneSimulator
		{2EB24297-6032-44F2-8CD1-DA7766D49792}.Release|iPhoneSimulator.Deploy.0 = Release|iPhoneSimulator
		{2EB24297-6032-44F2-8CD1-DA7766D49792}.Release|x64.ActiveCfg = Release|iPhone
		{2EB24297-6032-44F2-8CD1-DA7766D49792}.Release|x64.Build.0 = Release|iPhone
		{2EB24297-6032-44F2-8CD1-DA7766D49792}.Release|x64.Deploy.0 = Release|iPhone
		{2EB24297-6032-44F2-8CD1-DA7766D49792}.Release|x86.ActiveCfg = Release|iPhone
		{2EB24297-6032-44F2-8CD1-DA7766D49792}.Release|x86.Build.0 = Release|iPhone
		{2EB24297-6032-44F2-8CD1-DA7766D49792}.Release|x86.Deploy.0 = Release|iPhone
		{0E131212-752F-4715-A089-EBD5C4FABD59}.Ad-Hoc|Any CPU.ActiveCfg = Release|x86
		{0E131212-752F-4715-A089-EBD5C4FABD59}.Ad-Hoc|Any CPU.Build.0 = Release|x86
		{0E131212-752F-4715-A089-EBD5C4FABD59}.Ad-Hoc|Any CPU.Deploy.0 = Release|x86
		{0E131212-752F-4715-A089-EBD5C4FABD59}.Ad-Hoc|ARM.ActiveCfg = Release|ARM
		{0E131212-752F-4715-A089-EBD5C4FABD59}.Ad-Hoc|ARM.Build.0 = Release|ARM
		{0E131212-752F-4715-A089-EBD5C4FABD59}.Ad-Hoc|ARM.Deploy.0 = Release|ARM
		{0E131212-752F-4715-A089-EBD5C4FABD59}.Ad-Hoc|iPhone.ActiveCfg = Release|x86
		{0E131212-752F-4715-A089-EBD5C4FABD59}.Ad-Hoc|iPhone.Build.0 = Release|x86
		{0E131212-752F-4715-A089-EBD5C4FABD59}.Ad-Hoc|iPhone.Deploy.0 = Release|x86
		{0E131212-752F-4715-A089-EBD5C4FABD59}.Ad-Hoc|iPhoneSimulator.ActiveCfg = Release|x86
		{0E131212-752F-4715-A089-EBD5C4FABD59}.Ad-Hoc|iPhoneSimulator.Build.0 = Release|x86
		{0E131212-752F-4715-A089-EBD5C4FABD59}.Ad-Hoc|iPhoneSimulator.Deploy.0 = Release|x86
		{0E131212-752F-4715-A089-EBD5C4FABD59}.Ad-Hoc|x64.ActiveCfg = Release|x64
		{0E131212-752F-4715-A089-EBD5C4FABD59}.Ad-Hoc|x64.Build.0 = Release|x64
		{0E131212-752F-4715-A089-EBD5C4FABD59}.Ad-Hoc|x64.Deploy.0 = Release|x64
		{0E131212-752F-4715-A089-EBD5C4FABD59}.Ad-Hoc|x86.ActiveCfg = Release|x86
		{0E131212-752F-4715-A089-EBD5C4FABD59}.Ad-Hoc|x86.Build.0 = Release|x86
		{0E131212-752F-4715-A089-EBD5C4FABD59}.Ad-Hoc|x86.Deploy.0 = Release|x86
		{0E131212-752F-4715-A089-EBD5C4FABD59}.AppStore|Any CPU.ActiveCfg = Release|x86
		{0E131212-752F-4715-A089-EBD5C4FABD59}.AppStore|Any CPU.Build.0 = Release|x86
		{0E131212-752F-4715-A089-EBD5C4FABD59}.AppStore|Any CPU.Deploy.0 = Release|x86
		{0E131212-752F-4715-A089-EBD5C4FABD59}.AppStore|ARM.ActiveCfg = Release|ARM
		{0E131212-752F-4715-A089-EBD5C4FABD59}.AppStore|ARM.Build.0 = Release|ARM
		{0E131212-752F-4715-A089-EBD5C4FABD59}.AppStore|ARM.Deploy.0 = Release|ARM
		{0E131212-752F-4715-A089-EBD5C4FABD59}.AppStore|iPhone.ActiveCfg = Release|x86
		{0E131212-752F-4715-A089-EBD5C4FABD59}.AppStore|iPhone.Build.0 = Release|x86
		{0E131212-752F-4715-A089-EBD5C4FABD59}.AppStore|iPhone.Deploy.0 = Release|x86
		{0E131212-752F-4715-A089-EBD5C4FABD59}.AppStore|iPhoneSimulator.ActiveCfg = Release|x86
		{0E131212-752F-4715-A089-EBD5C4FABD59}.AppStore|iPhoneSimulator.Build.0 = Release|x86
		{0E131212-752F-4715-A089-EBD5C4FABD59}.AppStore|iPhoneSimulator.Deploy.0 = Release|x86
		{0E131212-752F-4715-A089-EBD5C4FABD59}.AppStore|x64.ActiveCfg = Release|x64
		{0E131212-752F-4715-A089-EBD5C4FABD59}.AppStore|x64.Build.0 = Release|x64
		{0E131212-752F-4715-A089-EBD5C4FABD59}.AppStore|x64.Deploy.0 = Release|x64
		{0E131212-752F-4715-A089-EBD5C4FABD59}.AppStore|x86.ActiveCfg = Release|x86
		{0E131212-752F-4715-A089-EBD5C4FABD59}.AppStore|x86.Build.0 = Release|x86
		{0E131212-752F-4715-A089-EBD5C4FABD59}.AppStore|x86.Deploy.0 = Release|x86
		{0E131212-752F-4715-A089-EBD5C4FABD59}.Debug|Any CPU.ActiveCfg = Debug|x86
		{0E131212-752F-4715-A089-EBD5C4FABD59}.Debug|Any CPU.Build.0 = Debug|x86
		{0E131212-752F-4715-A089-EBD5C4FABD59}.Debug|Any CPU.Deploy.0 = Debug|x86
		{0E131212-752F-4715-A089-EBD5C4FABD59}.Debug|ARM.ActiveCfg = Debug|ARM
		{0E131212-752F-4715-A089-EBD5C4FABD59}.Debug|ARM.Build.0 = Debug|ARM
		{0E131212-752F-4715-A089-EBD5C4FABD59}.Debug|ARM.Deploy.0 = Debug|ARM
		{0E131212-752F-4715-A089-EBD5C4FABD59}.Debug|iPhone.ActiveCfg = Debug|x86
		{0E131212-752F-4715-A089-EBD5C4FABD59}.Debug|iPhone.Build.0 = Debug|x86
		{0E131212-752F-4715-A089-EBD5C4FABD59}.Debug|iPhone.Deploy.0 = Debug|x86
		{0E131212-752F-4715-A089-EBD5C4FABD59}.Debug|iPhoneSimulator.ActiveCfg = Debug|x86
		{0E131212-752F-4715-A089-EBD5C4FABD59}.Debug|iPhoneSimulator.Build.0 = Debug|x86
		{0E131212-752F-4715-A089-EBD5C4FABD59}.Debug|iPhoneSimulator.Deploy.0 = Debug|x86
		{0E131212-752F-4715-A089-EBD5C4FABD59}.Debug|x64.ActiveCfg = Debug|x64
		{0E131212-752F-4715-A089-EBD5C4FABD59}.Debug|x64.Build.0 = Debug|x64
		{0E131212-752F-4715-A089-EBD5C4FABD59}.Debug|x64.Deploy.0 = Debug|x64
		{0E131212-752F-4715-A089-EBD5C4FABD59}.Debug|x86.ActiveCfg = Debug|x86
		{0E131212-752F-4715-A089-EBD5C4FABD59}.Debug|x86.Build.0 = Debug|x86
		{0E131212-752F-4715-A089-EBD5C4FABD59}.Debug|x86.Deploy.0 = Debug|x86
		{0E131212-752F-4715-A089-EBD5C4FABD59}.Release|Any CPU.ActiveCfg = Release|x86
		{0E131212-752F-4715-A089-EBD5C4FABD59}.Release|Any CPU.Build.0 = Release|x86
		{0E131212-752F-4715-A089-EBD5C4FABD59}.Release|Any CPU.Deploy.0 = Release|x86
		{0E131212-752F-4715-A089-EBD5C4FABD59}.Release|ARM.ActiveCfg = Release|ARM
		{0E131212-752F-4715-A089-EBD5C4FABD59}.Release|ARM.Build.0 = Release|ARM
		{0E131212-752F-4715-A089-EBD5C4FABD59}.Release|ARM.Deploy.0 = Release|ARM
		{0E131212-752F-4715-A089-EBD5C4FABD59}.Release|iPhone.ActiveCfg = Release|x86
		{0E131212-752F-4715-A089-EBD5C4FABD59}.Release|iPhone.Build.0 = Release|x86
		{0E131212-752F-4715-A089-EBD5C4FABD59}.Release|iPhone.Deploy.0 = Release|x86
		{0E131212-752F-4715-A089-EBD5C4FABD59}.Release|iPhoneSimulator.ActiveCfg = Release|x86
		{0E131212-752F-4715-A089-EBD5C4FABD59}.Release|iPhoneSimulator.Build.0 = Release|x86
		{0E131212-752F-4715-A089-EBD5C4FABD59}.Release|iPhoneSimulator.Deploy.0 = Release|x86
		{0E131212-752F-4715-A089-EBD5C4FABD59}.Release|x64.ActiveCfg = Release|x64
		{0E131212-752F-4715-A089-EBD5C4FABD59}.Release|x64.Build.0 = Release|x64
		{0E131212-752F-4715-A089-EBD5C4FABD59}.Release|x64.Deploy.0 = Release|x64
		{0E131212-752F-4715-A089-EBD5C4FABD59}.Release|x86.ActiveCfg = Release|x86
		{0E131212-752F-4715-A089-EBD5C4FABD59}.Release|x86.Build.0 = Release|x86
		{0E131212-752F-4715-A089-EBD5C4FABD59}.Release|x86.Deploy.0 = Release|x86
		{85A9C777-0ABD-4F5C-9FE3-5E0B98E00D86}.Ad-Hoc|Any CPU.ActiveCfg = Debug|Any CPU
		{85A9C777-0ABD-4F5C-9FE3-5E0B98E00D86}.Ad-Hoc|Any CPU.Build.0 = Debug|Any CPU
		{85A9C777-0ABD-4F5C-9FE3-5E0B98E00D86}.Ad-Hoc|Any CPU.Deploy.0 = Debug|Any CPU
		{85A9C777-0ABD-4F5C-9FE3-5E0B98E00D86}.Ad-Hoc|ARM.ActiveCfg = Debug|Any CPU
		{85A9C777-0ABD-4F5C-9FE3-5E0B98E00D86}.Ad-Hoc|ARM.Build.0 = Debug|Any CPU
		{85A9C777-0ABD-4F5C-9FE3-5E0B98E00D86}.Ad-Hoc|ARM.Deploy.0 = Debug|Any CPU
		{85A9C777-0ABD-4F5C-9FE3-5E0B98E00D86}.Ad-Hoc|iPhone.ActiveCfg = Debug|Any CPU
		{85A9C777-0ABD-4F5C-9FE3-5E0B98E00D86}.Ad-Hoc|iPhone.Build.0 = Debug|Any CPU
		{85A9C777-0ABD-4F5C-9FE3-5E0B98E00D86}.Ad-Hoc|iPhone.Deploy.0 = Debug|Any CPU
		{85A9C777-0ABD-4F5C-9FE3-5E0B98E00D86}.Ad-Hoc|iPhoneSimulator.ActiveCfg = Debug|Any CPU
		{85A9C777-0ABD-4F5C-9FE3-5E0B98E00D86}.Ad-Hoc|iPhoneSimulator.Build.0 = Debug|Any CPU
		{85A9C777-0ABD-4F5C-9FE3-5E0B98E00D86}.Ad-Hoc|iPhoneSimulator.Deploy.0 = Debug|Any CPU
		{85A9C777-0ABD-4F5C-9FE3-5E0B98E00D86}.Ad-Hoc|x64.ActiveCfg = Debug|Any CPU
		{85A9C777-0ABD-4F5C-9FE3-5E0B98E00D86}.Ad-Hoc|x64.Build.0 = Debug|Any CPU
		{85A9C777-0ABD-4F5C-9FE3-5E0B98E00D86}.Ad-Hoc|x64.Deploy.0 = Debug|Any CPU
		{85A9C777-0ABD-4F5C-9FE3-5E0B98E00D86}.Ad-Hoc|x86.ActiveCfg = Debug|Any CPU
		{85A9C777-0ABD-4F5C-9FE3-5E0B98E00D86}.Ad-Hoc|x86.Build.0 = Debug|Any CPU
		{85A9C777-0ABD-4F5C-9FE3-5E0B98E00D86}.Ad-Hoc|x86.Deploy.0 = Debug|Any CPU
		{85A9C777-0ABD-4F5C-9FE3-5E0B98E00D86}.AppStore|Any CPU.ActiveCfg = Debug|Any CPU
		{85A9C777-0ABD-4F5C-9FE3-5E0B98E00D86}.AppStore|Any CPU.Build.0 = Debug|Any CPU
		{85A9C777-0ABD-4F5C-9FE3-5E0B98E00D86}.AppStore|Any CPU.Deploy.0 = Debug|Any CPU
		{85A9C777-0ABD-4F5C-9FE3-5E0B98E00D86}.AppStore|ARM.ActiveCfg = Debug|Any CPU
		{85A9C777-0ABD-4F5C-9FE3-5E0B98E00D86}.AppStore|ARM.Build.0 = Debug|Any CPU
		{85A9C777-0ABD-4F5C-9FE3-5E0B98E00D86}.AppStore|ARM.Deploy.0 = Debug|Any CPU
		{85A9C777-0ABD-4F5C-9FE3-5E0B98E00D86}.AppStore|iPhone.ActiveCfg = Debug|Any CPU
		{85A9C777-0ABD-4F5C-9FE3-5E0B98E00D86}.AppStore|iPhone.Build.0 = Debug|Any CPU
		{85A9C777-0ABD-4F5C-9FE3-5E0B98E00D86}.AppStore|iPhone.Deploy.0 = Debug|Any CPU
		{85A9C777-0ABD-4F5C-9FE3-5E0B98E00D86}.AppStore|iPhoneSimulator.ActiveCfg = Debug|Any CPU
		{85A9C777-0ABD-4F5C-9FE3-5E0B98E00D86}.AppStore|iPhoneSimulator.Build.0 = Debug|Any CPU
		{85A9C777-0ABD-4F5C-9FE3-5E0B98E00D86}.AppStore|iPhoneSimulator.Deploy.0 = Debug|Any CPU
		{85A9C777-0ABD-4F5C-9FE3-5E0B98E00D86}.AppStore|x64.ActiveCfg = Debug|Any CPU
		{85A9C777-0ABD-4F5C-9FE3-5E0B98E00D86}.AppStore|x64.Build.0 = Debug|Any CPU
		{85A9C777-0ABD-4F5C-9FE3-5E0B98E00D86}.AppStore|x64.Deploy.0 = Debug|Any CPU
		{85A9C777-0ABD-4F5C-9FE3-5E0B98E00D86}.AppStore|x86.ActiveCfg = Debug|Any CPU
		{85A9C777-0ABD-4F5C-9FE3-5E0B98E00D86}.AppStore|x86.Build.0 = Debug|Any CPU
		{85A9C777-0ABD-4F5C-9FE3-5E0B98E00D86}.AppStore|x86.Deploy.0 = Debug|Any CPU
		{85A9C777-0ABD-4F5C-9FE3-5E0B98E00D86}.Debug|Any CPU.ActiveCfg = Debug|Any CPU
		{85A9C777-0ABD-4F5C-9FE3-5E0B98E00D86}.Debug|Any CPU.Build.0 = Debug|Any CPU
		{85A9C777-0ABD-4F5C-9FE3-5E0B98E00D86}.Debug|Any CPU.Deploy.0 = Debug|Any CPU
		{85A9C777-0ABD-4F5C-9FE3-5E0B98E00D86}.Debug|ARM.ActiveCfg = Debug|Any CPU
		{85A9C777-0ABD-4F5C-9FE3-5E0B98E00D86}.Debug|ARM.Build.0 = Debug|Any CPU
		{85A9C777-0ABD-4F5C-9FE3-5E0B98E00D86}.Debug|ARM.Deploy.0 = Debug|Any CPU
		{85A9C777-0ABD-4F5C-9FE3-5E0B98E00D86}.Debug|iPhone.ActiveCfg = Debug|Any CPU
		{85A9C777-0ABD-4F5C-9FE3-5E0B98E00D86}.Debug|iPhone.Build.0 = Debug|Any CPU
		{85A9C777-0ABD-4F5C-9FE3-5E0B98E00D86}.Debug|iPhone.Deploy.0 = Debug|Any CPU
		{85A9C777-0ABD-4F5C-9FE3-5E0B98E00D86}.Debug|iPhoneSimulator.ActiveCfg = Debug|Any CPU
		{85A9C777-0ABD-4F5C-9FE3-5E0B98E00D86}.Debug|iPhoneSimulator.Build.0 = Debug|Any CPU
		{85A9C777-0ABD-4F5C-9FE3-5E0B98E00D86}.Debug|iPhoneSimulator.Deploy.0 = Debug|Any CPU
		{85A9C777-0ABD-4F5C-9FE3-5E0B98E00D86}.Debug|x64.ActiveCfg = Debug|Any CPU
		{85A9C777-0ABD-4F5C-9FE3-5E0B98E00D86}.Debug|x64.Build.0 = Debug|Any CPU
		{85A9C777-0ABD-4F5C-9FE3-5E0B98E00D86}.Debug|x64.Deploy.0 = Debug|Any CPU
		{85A9C777-0ABD-4F5C-9FE3-5E0B98E00D86}.Debug|x86.ActiveCfg = Debug|Any CPU
		{85A9C777-0ABD-4F5C-9FE3-5E0B98E00D86}.Debug|x86.Build.0 = Debug|Any CPU
		{85A9C777-0ABD-4F5C-9FE3-5E0B98E00D86}.Debug|x86.Deploy.0 = Debug|Any CPU
		{85A9C777-0ABD-4F5C-9FE3-5E0B98E00D86}.Release|Any CPU.ActiveCfg = Release|Any CPU
		{85A9C777-0ABD-4F5C-9FE3-5E0B98E00D86}.Release|Any CPU.Build.0 = Release|Any CPU
		{85A9C777-0ABD-4F5C-9FE3-5E0B98E00D86}.Release|Any CPU.Deploy.0 = Release|Any CPU
		{85A9C777-0ABD-4F5C-9FE3-5E0B98E00D86}.Release|ARM.ActiveCfg = Release|Any CPU
		{85A9C777-0ABD-4F5C-9FE3-5E0B98E00D86}.Release|ARM.Build.0 = Release|Any CPU
		{85A9C777-0ABD-4F5C-9FE3-5E0B98E00D86}.Release|ARM.Deploy.0 = Release|Any CPU
		{85A9C777-0ABD-4F5C-9FE3-5E0B98E00D86}.Release|iPhone.ActiveCfg = Release|Any CPU
		{85A9C777-0ABD-4F5C-9FE3-5E0B98E00D86}.Release|iPhone.Build.0 = Release|Any CPU
		{85A9C777-0ABD-4F5C-9FE3-5E0B98E00D86}.Release|iPhone.Deploy.0 = Release|Any CPU
		{85A9C777-0ABD-4F5C-9FE3-5E0B98E00D86}.Release|iPhoneSimulator.ActiveCfg = Release|Any CPU
		{85A9C777-0ABD-4F5C-9FE3-5E0B98E00D86}.Release|iPhoneSimulator.Build.0 = Release|Any CPU
		{85A9C777-0ABD-4F5C-9FE3-5E0B98E00D86}.Release|iPhoneSimulator.Deploy.0 = Release|Any CPU
		{85A9C777-0ABD-4F5C-9FE3-5E0B98E00D86}.Release|x64.ActiveCfg = Release|Any CPU
		{85A9C777-0ABD-4F5C-9FE3-5E0B98E00D86}.Release|x64.Build.0 = Release|Any CPU
		{85A9C777-0ABD-4F5C-9FE3-5E0B98E00D86}.Release|x64.Deploy.0 = Release|Any CPU
		{85A9C777-0ABD-4F5C-9FE3-5E0B98E00D86}.Release|x86.ActiveCfg = Release|Any CPU
		{85A9C777-0ABD-4F5C-9FE3-5E0B98E00D86}.Release|x86.Build.0 = Release|Any CPU
		{85A9C777-0ABD-4F5C-9FE3-5E0B98E00D86}.Release|x86.Deploy.0 = Release|Any CPU
	EndGlobalSection
	GlobalSection(SolutionProperties) = preSolution
		HideSolutionNode = FALSE
	EndGlobalSection
	GlobalSection(ExtensibilityGlobals) = postSolution
		SolutionGuid = {57CC3607-27AF-46D1-8707-ED73691CD94A}
	EndGlobalSection
EndGlobal
